// !$*UTF8*$!
{
	archiveVersion = 1;
	classes = {
	};
	objectVersion = 46;
	objects = {

/* Begin PBXBuildFile section */
		3674879715E0EF3D004EA119 /* QuartzCore.framework in Frameworks */ = {isa = PBXBuildFile; fileRef = 3674879615E0EF3D004EA119 /* QuartzCore.framework */; };
		3674879915E0EF3D004EA119 /* OpenGLES.framework in Frameworks */ = {isa = PBXBuildFile; fileRef = 3674879815E0EF3D004EA119 /* OpenGLES.framework */; };
		3674879B15E0EF3D004EA119 /* OpenAL.framework in Frameworks */ = {isa = PBXBuildFile; fileRef = 3674879A15E0EF3D004EA119 /* OpenAL.framework */; };
		3674879D15E0EF3D004EA119 /* AudioToolbox.framework in Frameworks */ = {isa = PBXBuildFile; fileRef = 3674879C15E0EF3D004EA119 /* AudioToolbox.framework */; };
		3674879F15E0EF3D004EA119 /* AVFoundation.framework in Frameworks */ = {isa = PBXBuildFile; fileRef = 3674879E15E0EF3D004EA119 /* AVFoundation.framework */; };
		367487A115E0EF3D004EA119 /* UIKit.framework in Frameworks */ = {isa = PBXBuildFile; fileRef = 367487A015E0EF3D004EA119 /* UIKit.framework */; };
		367487A315E0EF3D004EA119 /* Foundation.framework in Frameworks */ = {isa = PBXBuildFile; fileRef = 367487A215E0EF3D004EA119 /* Foundation.framework */; };
		367487A515E0EF3D004EA119 /* CoreGraphics.framework in Frameworks */ = {isa = PBXBuildFile; fileRef = 367487A415E0EF3D004EA119 /* CoreGraphics.framework */; };
		367487A915E0EF3D004EA119 /* Default.png in Resources */ = {isa = PBXBuildFile; fileRef = 367487A815E0EF3D004EA119 /* Default.png */; };
		367487AB15E0EF3D004EA119 /* fps_images.png in Resources */ = {isa = PBXBuildFile; fileRef = 367487AA15E0EF3D004EA119 /* fps_images.png */; };
		367487AD15E0EF3D004EA119 /* Icon-72.png in Resources */ = {isa = PBXBuildFile; fileRef = 367487AC15E0EF3D004EA119 /* Icon-72.png */; };
		367487AF15E0EF3D004EA119 /* Icon-Small-50.png in Resources */ = {isa = PBXBuildFile; fileRef = 367487AE15E0EF3D004EA119 /* Icon-Small-50.png */; };
		367487B115E0EF3D004EA119 /* Icon-Small.png in Resources */ = {isa = PBXBuildFile; fileRef = 367487B015E0EF3D004EA119 /* Icon-Small.png */; };
		367487B315E0EF3D004EA119 /* Icon-Small@2x.png in Resources */ = {isa = PBXBuildFile; fileRef = 367487B215E0EF3D004EA119 /* Icon-Small@2x.png */; };
		367487B515E0EF3D004EA119 /* Icon.png in Resources */ = {isa = PBXBuildFile; fileRef = 367487B415E0EF3D004EA119 /* Icon.png */; };
		367487B715E0EF3D004EA119 /* Icon@2x.png in Resources */ = {isa = PBXBuildFile; fileRef = 367487B615E0EF3D004EA119 /* Icon@2x.png */; };
		367487BA15E0EF3D004EA119 /* iTunesArtwork in Resources */ = {isa = PBXBuildFile; fileRef = 367487B915E0EF3D004EA119 /* iTunesArtwork */; };
		367487BF15E0EF3D004EA119 /* CCAction.m in Sources */ = {isa = PBXBuildFile; fileRef = 367487BE15E0EF3D004EA119 /* CCAction.m */; settings = {COMPILER_FLAGS = "-fno-objc-arc"; }; };
		367487C215E0EF3D004EA119 /* CCActionCamera.m in Sources */ = {isa = PBXBuildFile; fileRef = 367487C115E0EF3D004EA119 /* CCActionCamera.m */; settings = {COMPILER_FLAGS = "-fno-objc-arc"; }; };
		367487C515E0EF3D004EA119 /* CCActionEase.m in Sources */ = {isa = PBXBuildFile; fileRef = 367487C415E0EF3D004EA119 /* CCActionEase.m */; settings = {COMPILER_FLAGS = "-fno-objc-arc"; }; };
		367487C815E0EF3D004EA119 /* CCActionGrid.m in Sources */ = {isa = PBXBuildFile; fileRef = 367487C715E0EF3D004EA119 /* CCActionGrid.m */; settings = {COMPILER_FLAGS = "-fno-objc-arc"; }; };
		367487CB15E0EF3D004EA119 /* CCActionGrid3D.m in Sources */ = {isa = PBXBuildFile; fileRef = 367487CA15E0EF3D004EA119 /* CCActionGrid3D.m */; settings = {COMPILER_FLAGS = "-fno-objc-arc"; }; };
		367487CE15E0EF3D004EA119 /* CCActionInstant.m in Sources */ = {isa = PBXBuildFile; fileRef = 367487CD15E0EF3D004EA119 /* CCActionInstant.m */; settings = {COMPILER_FLAGS = "-fno-objc-arc"; }; };
		367487D115E0EF3D004EA119 /* CCActionInterval.m in Sources */ = {isa = PBXBuildFile; fileRef = 367487D015E0EF3D004EA119 /* CCActionInterval.m */; settings = {COMPILER_FLAGS = "-fno-objc-arc"; }; };
		367487D415E0EF3D004EA119 /* CCActionManager.m in Sources */ = {isa = PBXBuildFile; fileRef = 367487D315E0EF3D004EA119 /* CCActionManager.m */; settings = {COMPILER_FLAGS = "-fno-objc-arc"; }; };
		367487D715E0EF3D004EA119 /* CCActionPageTurn3D.m in Sources */ = {isa = PBXBuildFile; fileRef = 367487D615E0EF3D004EA119 /* CCActionPageTurn3D.m */; settings = {COMPILER_FLAGS = "-fno-objc-arc"; }; };
		367487DA15E0EF3D004EA119 /* CCActionProgressTimer.m in Sources */ = {isa = PBXBuildFile; fileRef = 367487D915E0EF3D004EA119 /* CCActionProgressTimer.m */; settings = {COMPILER_FLAGS = "-fno-objc-arc"; }; };
		367487DD15E0EF3D004EA119 /* CCActionTiledGrid.m in Sources */ = {isa = PBXBuildFile; fileRef = 367487DC15E0EF3D004EA119 /* CCActionTiledGrid.m */; settings = {COMPILER_FLAGS = "-fno-objc-arc"; }; };
		367487E015E0EF3D004EA119 /* CCActionTween.m in Sources */ = {isa = PBXBuildFile; fileRef = 367487DF15E0EF3D004EA119 /* CCActionTween.m */; settings = {COMPILER_FLAGS = "-fno-objc-arc"; }; };
		367487E315E0EF3D004EA119 /* CCAnimation.m in Sources */ = {isa = PBXBuildFile; fileRef = 367487E215E0EF3D004EA119 /* CCAnimation.m */; settings = {COMPILER_FLAGS = "-fno-objc-arc"; }; };
		367487E615E0EF3D004EA119 /* CCAnimationCache.m in Sources */ = {isa = PBXBuildFile; fileRef = 367487E515E0EF3D004EA119 /* CCAnimationCache.m */; settings = {COMPILER_FLAGS = "-fno-objc-arc"; }; };
		367487E915E0EF3D004EA119 /* CCAtlasNode.m in Sources */ = {isa = PBXBuildFile; fileRef = 367487E815E0EF3D004EA119 /* CCAtlasNode.m */; settings = {COMPILER_FLAGS = "-fno-objc-arc"; }; };
		367487EC15E0EF3D004EA119 /* CCBlockSupport.m in Sources */ = {isa = PBXBuildFile; fileRef = 367487EB15E0EF3D004EA119 /* CCBlockSupport.m */; settings = {COMPILER_FLAGS = "-fno-objc-arc"; }; };
		367487EF15E0EF3D004EA119 /* CCCamera.m in Sources */ = {isa = PBXBuildFile; fileRef = 367487EE15E0EF3D004EA119 /* CCCamera.m */; settings = {COMPILER_FLAGS = "-fno-objc-arc"; }; };
		367487F315E0EF3D004EA119 /* CCConfiguration.m in Sources */ = {isa = PBXBuildFile; fileRef = 367487F215E0EF3D004EA119 /* CCConfiguration.m */; settings = {COMPILER_FLAGS = "-fno-objc-arc"; }; };
		367487F615E0EF3D004EA119 /* CCDirector.m in Sources */ = {isa = PBXBuildFile; fileRef = 367487F515E0EF3D004EA119 /* CCDirector.m */; settings = {COMPILER_FLAGS = "-fno-objc-arc"; }; };
		367487F915E0EF3D004EA119 /* CCDrawingPrimitives.m in Sources */ = {isa = PBXBuildFile; fileRef = 367487F815E0EF3D004EA119 /* CCDrawingPrimitives.m */; settings = {COMPILER_FLAGS = "-fno-objc-arc"; }; };
		367487FC15E0EF3D004EA119 /* CCGrabber.m in Sources */ = {isa = PBXBuildFile; fileRef = 367487FB15E0EF3D004EA119 /* CCGrabber.m */; settings = {COMPILER_FLAGS = "-fno-objc-arc"; }; };
		367487FF15E0EF3D004EA119 /* CCGrid.m in Sources */ = {isa = PBXBuildFile; fileRef = 367487FE15E0EF3D004EA119 /* CCGrid.m */; settings = {COMPILER_FLAGS = "-fno-objc-arc"; }; };
		3674880215E0EF3D004EA119 /* CCLabelAtlas.m in Sources */ = {isa = PBXBuildFile; fileRef = 3674880115E0EF3D004EA119 /* CCLabelAtlas.m */; settings = {COMPILER_FLAGS = "-fno-objc-arc"; }; };
		3674880515E0EF3D004EA119 /* CCLabelBMFont.m in Sources */ = {isa = PBXBuildFile; fileRef = 3674880415E0EF3D004EA119 /* CCLabelBMFont.m */; settings = {COMPILER_FLAGS = "-fno-objc-arc"; }; };
		3674880815E0EF3E004EA119 /* CCLabelTTF.m in Sources */ = {isa = PBXBuildFile; fileRef = 3674880715E0EF3E004EA119 /* CCLabelTTF.m */; settings = {COMPILER_FLAGS = "-fno-objc-arc"; }; };
		3674880B15E0EF3E004EA119 /* CCLayer.m in Sources */ = {isa = PBXBuildFile; fileRef = 3674880A15E0EF3E004EA119 /* CCLayer.m */; settings = {COMPILER_FLAGS = "-fno-objc-arc"; }; };
		3674880F15E0EF3E004EA119 /* CCMenu.m in Sources */ = {isa = PBXBuildFile; fileRef = 3674880E15E0EF3E004EA119 /* CCMenu.m */; settings = {COMPILER_FLAGS = "-fno-objc-arc"; }; };
		3674881215E0EF3E004EA119 /* CCMenuItem.m in Sources */ = {isa = PBXBuildFile; fileRef = 3674881115E0EF3E004EA119 /* CCMenuItem.m */; settings = {COMPILER_FLAGS = "-fno-objc-arc"; }; };
		3674881515E0EF3E004EA119 /* CCMotionStreak.m in Sources */ = {isa = PBXBuildFile; fileRef = 3674881415E0EF3E004EA119 /* CCMotionStreak.m */; settings = {COMPILER_FLAGS = "-fno-objc-arc"; }; };
		3674881815E0EF3E004EA119 /* CCNode.m in Sources */ = {isa = PBXBuildFile; fileRef = 3674881715E0EF3E004EA119 /* CCNode.m */; settings = {COMPILER_FLAGS = "-fno-objc-arc"; }; };
		3674881B15E0EF3E004EA119 /* CCParallaxNode.m in Sources */ = {isa = PBXBuildFile; fileRef = 3674881A15E0EF3E004EA119 /* CCParallaxNode.m */; settings = {COMPILER_FLAGS = "-fno-objc-arc"; }; };
		3674881E15E0EF3E004EA119 /* CCParticleBatchNode.m in Sources */ = {isa = PBXBuildFile; fileRef = 3674881D15E0EF3E004EA119 /* CCParticleBatchNode.m */; settings = {COMPILER_FLAGS = "-fno-objc-arc"; }; };
		3674882115E0EF3E004EA119 /* CCParticleExamples.m in Sources */ = {isa = PBXBuildFile; fileRef = 3674882015E0EF3E004EA119 /* CCParticleExamples.m */; settings = {COMPILER_FLAGS = "-fno-objc-arc"; }; };
		3674882415E0EF3E004EA119 /* CCParticleSystem.m in Sources */ = {isa = PBXBuildFile; fileRef = 3674882315E0EF3E004EA119 /* CCParticleSystem.m */; settings = {COMPILER_FLAGS = "-fno-objc-arc"; }; };
		3674882715E0EF3E004EA119 /* CCParticleSystemPoint.m in Sources */ = {isa = PBXBuildFile; fileRef = 3674882615E0EF3E004EA119 /* CCParticleSystemPoint.m */; settings = {COMPILER_FLAGS = "-fno-objc-arc"; }; };
		3674882A15E0EF3E004EA119 /* CCParticleSystemQuad.m in Sources */ = {isa = PBXBuildFile; fileRef = 3674882915E0EF3E004EA119 /* CCParticleSystemQuad.m */; settings = {COMPILER_FLAGS = "-fno-objc-arc"; }; };
		3674882D15E0EF3E004EA119 /* CCProgressTimer.m in Sources */ = {isa = PBXBuildFile; fileRef = 3674882C15E0EF3E004EA119 /* CCProgressTimer.m */; settings = {COMPILER_FLAGS = "-fno-objc-arc"; }; };
		3674883115E0EF3E004EA119 /* CCRenderTexture.m in Sources */ = {isa = PBXBuildFile; fileRef = 3674883015E0EF3E004EA119 /* CCRenderTexture.m */; settings = {COMPILER_FLAGS = "-fno-objc-arc"; }; };
		3674883415E0EF3E004EA119 /* CCRibbon.m in Sources */ = {isa = PBXBuildFile; fileRef = 3674883315E0EF3E004EA119 /* CCRibbon.m */; settings = {COMPILER_FLAGS = "-fno-objc-arc"; }; };
		3674883715E0EF3E004EA119 /* CCScene.m in Sources */ = {isa = PBXBuildFile; fileRef = 3674883615E0EF3E004EA119 /* CCScene.m */; settings = {COMPILER_FLAGS = "-fno-objc-arc"; }; };
		3674883A15E0EF3E004EA119 /* CCScheduler.m in Sources */ = {isa = PBXBuildFile; fileRef = 3674883915E0EF3E004EA119 /* CCScheduler.m */; settings = {COMPILER_FLAGS = "-fno-objc-arc"; }; };
		3674883D15E0EF3E004EA119 /* CCSprite.m in Sources */ = {isa = PBXBuildFile; fileRef = 3674883C15E0EF3E004EA119 /* CCSprite.m */; settings = {COMPILER_FLAGS = "-fno-objc-arc"; }; };
		3674884015E0EF3E004EA119 /* CCSpriteBatchNode.m in Sources */ = {isa = PBXBuildFile; fileRef = 3674883F15E0EF3E004EA119 /* CCSpriteBatchNode.m */; settings = {COMPILER_FLAGS = "-fno-objc-arc"; }; };
		3674884315E0EF3E004EA119 /* CCSpriteFrame.m in Sources */ = {isa = PBXBuildFile; fileRef = 3674884215E0EF3E004EA119 /* CCSpriteFrame.m */; settings = {COMPILER_FLAGS = "-fno-objc-arc"; }; };
		3674884615E0EF3E004EA119 /* CCSpriteFrameCache.m in Sources */ = {isa = PBXBuildFile; fileRef = 3674884515E0EF3E004EA119 /* CCSpriteFrameCache.m */; settings = {COMPILER_FLAGS = "-fno-objc-arc"; }; };
		3674884915E0EF3E004EA119 /* CCTexture2D.m in Sources */ = {isa = PBXBuildFile; fileRef = 3674884815E0EF3E004EA119 /* CCTexture2D.m */; settings = {COMPILER_FLAGS = "-fno-objc-arc"; }; };
		3674884C15E0EF3E004EA119 /* CCTextureAtlas.m in Sources */ = {isa = PBXBuildFile; fileRef = 3674884B15E0EF3E004EA119 /* CCTextureAtlas.m */; settings = {COMPILER_FLAGS = "-fno-objc-arc"; }; };
		3674884F15E0EF3E004EA119 /* CCTextureCache.m in Sources */ = {isa = PBXBuildFile; fileRef = 3674884E15E0EF3E004EA119 /* CCTextureCache.m */; settings = {COMPILER_FLAGS = "-fno-objc-arc"; }; };
		3674885215E0EF3E004EA119 /* CCTexturePVR.m in Sources */ = {isa = PBXBuildFile; fileRef = 3674885115E0EF3E004EA119 /* CCTexturePVR.m */; settings = {COMPILER_FLAGS = "-fno-objc-arc"; }; };
		3674885515E0EF3E004EA119 /* CCTileMapAtlas.m in Sources */ = {isa = PBXBuildFile; fileRef = 3674885415E0EF3E004EA119 /* CCTileMapAtlas.m */; settings = {COMPILER_FLAGS = "-fno-objc-arc"; }; };
		3674885815E0EF3E004EA119 /* CCTMXLayer.m in Sources */ = {isa = PBXBuildFile; fileRef = 3674885715E0EF3E004EA119 /* CCTMXLayer.m */; settings = {COMPILER_FLAGS = "-fno-objc-arc"; }; };
		3674885B15E0EF3E004EA119 /* CCTMXObjectGroup.m in Sources */ = {isa = PBXBuildFile; fileRef = 3674885A15E0EF3E004EA119 /* CCTMXObjectGroup.m */; settings = {COMPILER_FLAGS = "-fno-objc-arc"; }; };
		3674885E15E0EF3E004EA119 /* CCTMXTiledMap.m in Sources */ = {isa = PBXBuildFile; fileRef = 3674885D15E0EF3E004EA119 /* CCTMXTiledMap.m */; settings = {COMPILER_FLAGS = "-fno-objc-arc"; }; };
		3674886115E0EF3E004EA119 /* CCTMXXMLParser.m in Sources */ = {isa = PBXBuildFile; fileRef = 3674886015E0EF3E004EA119 /* CCTMXXMLParser.m */; settings = {COMPILER_FLAGS = "-fno-objc-arc"; }; };
		3674886415E0EF3E004EA119 /* CCTransition.m in Sources */ = {isa = PBXBuildFile; fileRef = 3674886315E0EF3E004EA119 /* CCTransition.m */; settings = {COMPILER_FLAGS = "-fno-objc-arc"; }; };
		3674886715E0EF3E004EA119 /* CCTransitionPageTurn.m in Sources */ = {isa = PBXBuildFile; fileRef = 3674886615E0EF3E004EA119 /* CCTransitionPageTurn.m */; settings = {COMPILER_FLAGS = "-fno-objc-arc"; }; };
		3674886A15E0EF3E004EA119 /* CCTransitionRadial.m in Sources */ = {isa = PBXBuildFile; fileRef = 3674886915E0EF3E004EA119 /* CCTransitionRadial.m */; settings = {COMPILER_FLAGS = "-fno-objc-arc"; }; };
		3674886E15E0EF3E004EA119 /* cocos2d.m in Sources */ = {isa = PBXBuildFile; fileRef = 3674886D15E0EF3E004EA119 /* cocos2d.m */; settings = {COMPILER_FLAGS = "-fno-objc-arc"; }; };
		3674887515E0EF3E004EA119 /* CCDirectorIOS.m in Sources */ = {isa = PBXBuildFile; fileRef = 3674887415E0EF3E004EA119 /* CCDirectorIOS.m */; settings = {COMPILER_FLAGS = "-fno-objc-arc"; }; };
		3674887915E0EF3E004EA119 /* CCTouchDispatcher.m in Sources */ = {isa = PBXBuildFile; fileRef = 3674887815E0EF3E004EA119 /* CCTouchDispatcher.m */; settings = {COMPILER_FLAGS = "-fno-objc-arc"; }; };
		3674887C15E0EF3E004EA119 /* CCTouchHandler.m in Sources */ = {isa = PBXBuildFile; fileRef = 3674887B15E0EF3E004EA119 /* CCTouchHandler.m */; settings = {COMPILER_FLAGS = "-fno-objc-arc"; }; };
		3674887F15E0EF3E004EA119 /* EAGLView.m in Sources */ = {isa = PBXBuildFile; fileRef = 3674887E15E0EF3E004EA119 /* EAGLView.m */; settings = {COMPILER_FLAGS = "-fno-objc-arc"; }; };
		3674888215E0EF3E004EA119 /* ES1Renderer.m in Sources */ = {isa = PBXBuildFile; fileRef = 3674888115E0EF3E004EA119 /* ES1Renderer.m */; settings = {COMPILER_FLAGS = "-fno-objc-arc"; }; };
		3674888515E0EF3E004EA119 /* glu.c in Sources */ = {isa = PBXBuildFile; fileRef = 3674888415E0EF3E004EA119 /* glu.c */; settings = {COMPILER_FLAGS = "-fno-objc-arc"; }; };
		3674888A15E0EF3E004EA119 /* CCDirectorMac.m in Sources */ = {isa = PBXBuildFile; fileRef = 3674888915E0EF3E004EA119 /* CCDirectorMac.m */; settings = {COMPILER_FLAGS = "-fno-objc-arc"; }; };
		3674888D15E0EF3E004EA119 /* CCEventDispatcher.m in Sources */ = {isa = PBXBuildFile; fileRef = 3674888C15E0EF3E004EA119 /* CCEventDispatcher.m */; settings = {COMPILER_FLAGS = "-fno-objc-arc"; }; };
		3674889015E0EF3E004EA119 /* MacGLView.m in Sources */ = {isa = PBXBuildFile; fileRef = 3674888F15E0EF3E004EA119 /* MacGLView.m */; settings = {COMPILER_FLAGS = "-fno-objc-arc"; }; };
		3674889315E0EF3E004EA119 /* MacWindow.m in Sources */ = {isa = PBXBuildFile; fileRef = 3674889215E0EF3E004EA119 /* MacWindow.m */; settings = {COMPILER_FLAGS = "-fno-objc-arc"; }; };
		3674889615E0EF3E004EA119 /* base64.c in Sources */ = {isa = PBXBuildFile; fileRef = 3674889515E0EF3E004EA119 /* base64.c */; settings = {COMPILER_FLAGS = "-fno-objc-arc"; }; };
		3674889A15E0EF3E004EA119 /* CCArray.m in Sources */ = {isa = PBXBuildFile; fileRef = 3674889915E0EF3E004EA119 /* CCArray.m */; settings = {COMPILER_FLAGS = "-fno-objc-arc"; }; };
		3674889E15E0EF3E004EA119 /* CCFileUtils.m in Sources */ = {isa = PBXBuildFile; fileRef = 3674889D15E0EF3E004EA119 /* CCFileUtils.m */; settings = {COMPILER_FLAGS = "-fno-objc-arc"; }; };
		367488A115E0EF3F004EA119 /* CCProfiling.m in Sources */ = {isa = PBXBuildFile; fileRef = 367488A015E0EF3F004EA119 /* CCProfiling.m */; settings = {COMPILER_FLAGS = "-fno-objc-arc"; }; };
		367488A315E0EF3F004EA119 /* ccUtils.c in Sources */ = {isa = PBXBuildFile; fileRef = 367488A215E0EF3F004EA119 /* ccUtils.c */; settings = {COMPILER_FLAGS = "-fno-objc-arc"; }; };
		367488A715E0EF3F004EA119 /* CGPointExtension.m in Sources */ = {isa = PBXBuildFile; fileRef = 367488A615E0EF3F004EA119 /* CGPointExtension.m */; settings = {COMPILER_FLAGS = "-fno-objc-arc"; }; };
		367488AB15E0EF3F004EA119 /* TGAlib.m in Sources */ = {isa = PBXBuildFile; fileRef = 367488AA15E0EF3F004EA119 /* TGAlib.m */; settings = {COMPILER_FLAGS = "-fno-objc-arc"; }; };
		367488AE15E0EF3F004EA119 /* TransformUtils.m in Sources */ = {isa = PBXBuildFile; fileRef = 367488AD15E0EF3F004EA119 /* TransformUtils.m */; settings = {COMPILER_FLAGS = "-fno-objc-arc"; }; };
		367488B315E0EF3F004EA119 /* ZipUtils.m in Sources */ = {isa = PBXBuildFile; fileRef = 367488B215E0EF3F004EA119 /* ZipUtils.m */; settings = {COMPILER_FLAGS = "-fno-objc-arc"; }; };
		367488B815E0EF3F004EA119 /* CDAudioManager.m in Sources */ = {isa = PBXBuildFile; fileRef = 367488B715E0EF3F004EA119 /* CDAudioManager.m */; settings = {COMPILER_FLAGS = "-fno-objc-arc"; }; };
		367488BC15E0EF3F004EA119 /* CDOpenALSupport.m in Sources */ = {isa = PBXBuildFile; fileRef = 367488BB15E0EF3F004EA119 /* CDOpenALSupport.m */; settings = {COMPILER_FLAGS = "-fno-objc-arc"; }; };
		367488BF15E0EF3F004EA119 /* CocosDenshion.m in Sources */ = {isa = PBXBuildFile; fileRef = 367488BE15E0EF3F004EA119 /* CocosDenshion.m */; settings = {COMPILER_FLAGS = "-fno-objc-arc"; }; };
		367488C215E0EF3F004EA119 /* SimpleAudioEngine.m in Sources */ = {isa = PBXBuildFile; fileRef = 367488C115E0EF3F004EA119 /* SimpleAudioEngine.m */; settings = {COMPILER_FLAGS = "-fno-objc-arc"; }; };
		367488C715E0EF3F004EA119 /* CLScoreServerPost.m in Sources */ = {isa = PBXBuildFile; fileRef = 367488C615E0EF3F004EA119 /* CLScoreServerPost.m */; settings = {COMPILER_FLAGS = "-fno-objc-arc"; }; };
		367488CA15E0EF3F004EA119 /* CLScoreServerRequest.m in Sources */ = {isa = PBXBuildFile; fileRef = 367488C915E0EF3F004EA119 /* CLScoreServerRequest.m */; settings = {COMPILER_FLAGS = "-fno-objc-arc"; }; };
		367488CD15E0EF3F004EA119 /* cocoslive.m in Sources */ = {isa = PBXBuildFile; fileRef = 367488CC15E0EF3F004EA119 /* cocoslive.m */; settings = {COMPILER_FLAGS = "-fno-objc-arc"; }; };
		367488D215E0EF3F004EA119 /* CDataScanner.m in Sources */ = {isa = PBXBuildFile; fileRef = 367488D115E0EF3F004EA119 /* CDataScanner.m */; settings = {COMPILER_FLAGS = "-fno-objc-arc"; }; };
		367488D615E0EF3F004EA119 /* CDataScanner_Extensions.m in Sources */ = {isa = PBXBuildFile; fileRef = 367488D515E0EF3F004EA119 /* CDataScanner_Extensions.m */; settings = {COMPILER_FLAGS = "-fno-objc-arc"; }; };
		367488D915E0EF3F004EA119 /* NSDictionary_JSONExtensions.m in Sources */ = {isa = PBXBuildFile; fileRef = 367488D815E0EF3F004EA119 /* NSDictionary_JSONExtensions.m */; settings = {COMPILER_FLAGS = "-fno-objc-arc"; }; };
		367488DD15E0EF3F004EA119 /* CJSONDeserializer.m in Sources */ = {isa = PBXBuildFile; fileRef = 367488DC15E0EF3F004EA119 /* CJSONDeserializer.m */; settings = {COMPILER_FLAGS = "-fno-objc-arc"; }; };
		367488E015E0EF3F004EA119 /* CJSONScanner.m in Sources */ = {isa = PBXBuildFile; fileRef = 367488DF15E0EF3F004EA119 /* CJSONScanner.m */; settings = {COMPILER_FLAGS = "-fno-objc-arc"; }; };
		367488E315E0EF3F004EA119 /* CJSONSerializer.m in Sources */ = {isa = PBXBuildFile; fileRef = 367488E215E0EF3F004EA119 /* CJSONSerializer.m */; settings = {COMPILER_FLAGS = "-fno-objc-arc"; }; };
		367488E815E0EF3F004EA119 /* FontLabel.m in Sources */ = {isa = PBXBuildFile; fileRef = 367488E715E0EF3F004EA119 /* FontLabel.m */; settings = {COMPILER_FLAGS = "-fno-objc-arc"; }; };
		367488EB15E0EF3F004EA119 /* FontLabelStringDrawing.m in Sources */ = {isa = PBXBuildFile; fileRef = 367488EA15E0EF3F004EA119 /* FontLabelStringDrawing.m */; settings = {COMPILER_FLAGS = "-fno-objc-arc"; }; };
		367488EE15E0EF3F004EA119 /* FontManager.m in Sources */ = {isa = PBXBuildFile; fileRef = 367488ED15E0EF3F004EA119 /* FontManager.m */; settings = {COMPILER_FLAGS = "-fno-objc-arc"; }; };
		367488F115E0EF3F004EA119 /* ZAttributedString.m in Sources */ = {isa = PBXBuildFile; fileRef = 367488F015E0EF3F004EA119 /* ZAttributedString.m */; settings = {COMPILER_FLAGS = "-fno-objc-arc"; }; };
		367488F515E0EF3F004EA119 /* ZFont.m in Sources */ = {isa = PBXBuildFile; fileRef = 367488F415E0EF3F004EA119 /* ZFont.m */; settings = {COMPILER_FLAGS = "-fno-objc-arc"; }; };
		367488FA15E0EF3F004EA119 /* main.m in Sources */ = {isa = PBXBuildFile; fileRef = 367488F915E0EF3F004EA119 /* main.m */; };
		367488FD15E0EF3F004EA119 /* AppDelegate.m in Sources */ = {isa = PBXBuildFile; fileRef = 367488FC15E0EF3F004EA119 /* AppDelegate.m */; };
		3674890015E0EF3F004EA119 /* RootViewController.m in Sources */ = {isa = PBXBuildFile; fileRef = 367488FF15E0EF3F004EA119 /* RootViewController.m */; };
		3674890315E0EF3F004EA119 /* HelloWorldLayer.m in Sources */ = {isa = PBXBuildFile; fileRef = 3674890215E0EF3F004EA119 /* HelloWorldLayer.m */; };
/* End PBXBuildFile section */

/* Begin PBXFileReference section */
		3674879215E0EF3D004EA119 /* ColorRush.app */ = {isa = PBXFileReference; explicitFileType = wrapper.application; includeInIndex = 0; path = ColorRush.app; sourceTree = BUILT_PRODUCTS_DIR; };
		3674879615E0EF3D004EA119 /* QuartzCore.framework */ = {isa = PBXFileReference; lastKnownFileType = wrapper.framework; name = QuartzCore.framework; path = System/Library/Frameworks/QuartzCore.framework; sourceTree = SDKROOT; };
		3674879815E0EF3D004EA119 /* OpenGLES.framework */ = {isa = PBXFileReference; lastKnownFileType = wrapper.framework; name = OpenGLES.framework; path = System/Library/Frameworks/OpenGLES.framework; sourceTree = SDKROOT; };
		3674879A15E0EF3D004EA119 /* OpenAL.framework */ = {isa = PBXFileReference; lastKnownFileType = wrapper.framework; name = OpenAL.framework; path = System/Library/Frameworks/OpenAL.framework; sourceTree = SDKROOT; };
		3674879C15E0EF3D004EA119 /* AudioToolbox.framework */ = {isa = PBXFileReference; lastKnownFileType = wrapper.framework; name = AudioToolbox.framework; path = System/Library/Frameworks/AudioToolbox.framework; sourceTree = SDKROOT; };
		3674879E15E0EF3D004EA119 /* AVFoundation.framework */ = {isa = PBXFileReference; lastKnownFileType = wrapper.framework; name = AVFoundation.framework; path = System/Library/Frameworks/AVFoundation.framework; sourceTree = SDKROOT; };
		367487A015E0EF3D004EA119 /* UIKit.framework */ = {isa = PBXFileReference; lastKnownFileType = wrapper.framework; name = UIKit.framework; path = System/Library/Frameworks/UIKit.framework; sourceTree = SDKROOT; };
		367487A215E0EF3D004EA119 /* Foundation.framework */ = {isa = PBXFileReference; lastKnownFileType = wrapper.framework; name = Foundation.framework; path = System/Library/Frameworks/Foundation.framework; sourceTree = SDKROOT; };
		367487A415E0EF3D004EA119 /* CoreGraphics.framework */ = {isa = PBXFileReference; lastKnownFileType = wrapper.framework; name = CoreGraphics.framework; path = System/Library/Frameworks/CoreGraphics.framework; sourceTree = SDKROOT; };
		367487A815E0EF3D004EA119 /* Default.png */ = {isa = PBXFileReference; lastKnownFileType = image.png; name = Default.png; path = Resources/Default.png; sourceTree = "<group>"; };
		367487AA15E0EF3D004EA119 /* fps_images.png */ = {isa = PBXFileReference; lastKnownFileType = image.png; name = fps_images.png; path = Resources/fps_images.png; sourceTree = "<group>"; };
		367487AC15E0EF3D004EA119 /* Icon-72.png */ = {isa = PBXFileReference; lastKnownFileType = image.png; name = "Icon-72.png"; path = "Resources/Icon-72.png"; sourceTree = "<group>"; };
		367487AE15E0EF3D004EA119 /* Icon-Small-50.png */ = {isa = PBXFileReference; lastKnownFileType = image.png; name = "Icon-Small-50.png"; path = "Resources/Icon-Small-50.png"; sourceTree = "<group>"; };
		367487B015E0EF3D004EA119 /* Icon-Small.png */ = {isa = PBXFileReference; lastKnownFileType = image.png; name = "Icon-Small.png"; path = "Resources/Icon-Small.png"; sourceTree = "<group>"; };
		367487B215E0EF3D004EA119 /* Icon-Small@2x.png */ = {isa = PBXFileReference; lastKnownFileType = image.png; name = "Icon-Small@2x.png"; path = "Resources/Icon-Small@2x.png"; sourceTree = "<group>"; };
		367487B415E0EF3D004EA119 /* Icon.png */ = {isa = PBXFileReference; lastKnownFileType = image.png; name = Icon.png; path = Resources/Icon.png; sourceTree = "<group>"; };
		367487B615E0EF3D004EA119 /* Icon@2x.png */ = {isa = PBXFileReference; lastKnownFileType = image.png; name = "Icon@2x.png"; path = "Resources/Icon@2x.png"; sourceTree = "<group>"; };
		367487B815E0EF3D004EA119 /* Info.plist */ = {isa = PBXFileReference; lastKnownFileType = text.plist.xml; name = Info.plist; path = Resources/Info.plist; sourceTree = "<group>"; };
		367487B915E0EF3D004EA119 /* iTunesArtwork */ = {isa = PBXFileReference; lastKnownFileType = file; name = iTunesArtwork; path = Resources/iTunesArtwork; sourceTree = "<group>"; };
		367487BD15E0EF3D004EA119 /* CCAction.h */ = {isa = PBXFileReference; lastKnownFileType = sourcecode.c.h; name = CCAction.h; path = libs/cocos2d/CCAction.h; sourceTree = "<group>"; };
		367487BE15E0EF3D004EA119 /* CCAction.m */ = {isa = PBXFileReference; lastKnownFileType = sourcecode.c.objc; name = CCAction.m; path = libs/cocos2d/CCAction.m; sourceTree = "<group>"; };
		367487C015E0EF3D004EA119 /* CCActionCamera.h */ = {isa = PBXFileReference; lastKnownFileType = sourcecode.c.h; name = CCActionCamera.h; path = libs/cocos2d/CCActionCamera.h; sourceTree = "<group>"; };
		367487C115E0EF3D004EA119 /* CCActionCamera.m */ = {isa = PBXFileReference; lastKnownFileType = sourcecode.c.objc; name = CCActionCamera.m; path = libs/cocos2d/CCActionCamera.m; sourceTree = "<group>"; };
		367487C315E0EF3D004EA119 /* CCActionEase.h */ = {isa = PBXFileReference; lastKnownFileType = sourcecode.c.h; name = CCActionEase.h; path = libs/cocos2d/CCActionEase.h; sourceTree = "<group>"; };
		367487C415E0EF3D004EA119 /* CCActionEase.m */ = {isa = PBXFileReference; lastKnownFileType = sourcecode.c.objc; name = CCActionEase.m; path = libs/cocos2d/CCActionEase.m; sourceTree = "<group>"; };
		367487C615E0EF3D004EA119 /* CCActionGrid.h */ = {isa = PBXFileReference; lastKnownFileType = sourcecode.c.h; name = CCActionGrid.h; path = libs/cocos2d/CCActionGrid.h; sourceTree = "<group>"; };
		367487C715E0EF3D004EA119 /* CCActionGrid.m */ = {isa = PBXFileReference; lastKnownFileType = sourcecode.c.objc; name = CCActionGrid.m; path = libs/cocos2d/CCActionGrid.m; sourceTree = "<group>"; };
		367487C915E0EF3D004EA119 /* CCActionGrid3D.h */ = {isa = PBXFileReference; lastKnownFileType = sourcecode.c.h; name = CCActionGrid3D.h; path = libs/cocos2d/CCActionGrid3D.h; sourceTree = "<group>"; };
		367487CA15E0EF3D004EA119 /* CCActionGrid3D.m */ = {isa = PBXFileReference; lastKnownFileType = sourcecode.c.objc; name = CCActionGrid3D.m; path = libs/cocos2d/CCActionGrid3D.m; sourceTree = "<group>"; };
		367487CC15E0EF3D004EA119 /* CCActionInstant.h */ = {isa = PBXFileReference; lastKnownFileType = sourcecode.c.h; name = CCActionInstant.h; path = libs/cocos2d/CCActionInstant.h; sourceTree = "<group>"; };
		367487CD15E0EF3D004EA119 /* CCActionInstant.m */ = {isa = PBXFileReference; lastKnownFileType = sourcecode.c.objc; name = CCActionInstant.m; path = libs/cocos2d/CCActionInstant.m; sourceTree = "<group>"; };
		367487CF15E0EF3D004EA119 /* CCActionInterval.h */ = {isa = PBXFileReference; lastKnownFileType = sourcecode.c.h; name = CCActionInterval.h; path = libs/cocos2d/CCActionInterval.h; sourceTree = "<group>"; };
		367487D015E0EF3D004EA119 /* CCActionInterval.m */ = {isa = PBXFileReference; lastKnownFileType = sourcecode.c.objc; name = CCActionInterval.m; path = libs/cocos2d/CCActionInterval.m; sourceTree = "<group>"; };
		367487D215E0EF3D004EA119 /* CCActionManager.h */ = {isa = PBXFileReference; lastKnownFileType = sourcecode.c.h; name = CCActionManager.h; path = libs/cocos2d/CCActionManager.h; sourceTree = "<group>"; };
		367487D315E0EF3D004EA119 /* CCActionManager.m */ = {isa = PBXFileReference; lastKnownFileType = sourcecode.c.objc; name = CCActionManager.m; path = libs/cocos2d/CCActionManager.m; sourceTree = "<group>"; };
		367487D515E0EF3D004EA119 /* CCActionPageTurn3D.h */ = {isa = PBXFileReference; lastKnownFileType = sourcecode.c.h; name = CCActionPageTurn3D.h; path = libs/cocos2d/CCActionPageTurn3D.h; sourceTree = "<group>"; };
		367487D615E0EF3D004EA119 /* CCActionPageTurn3D.m */ = {isa = PBXFileReference; lastKnownFileType = sourcecode.c.objc; name = CCActionPageTurn3D.m; path = libs/cocos2d/CCActionPageTurn3D.m; sourceTree = "<group>"; };
		367487D815E0EF3D004EA119 /* CCActionProgressTimer.h */ = {isa = PBXFileReference; lastKnownFileType = sourcecode.c.h; name = CCActionProgressTimer.h; path = libs/cocos2d/CCActionProgressTimer.h; sourceTree = "<group>"; };
		367487D915E0EF3D004EA119 /* CCActionProgressTimer.m */ = {isa = PBXFileReference; lastKnownFileType = sourcecode.c.objc; name = CCActionProgressTimer.m; path = libs/cocos2d/CCActionProgressTimer.m; sourceTree = "<group>"; };
		367487DB15E0EF3D004EA119 /* CCActionTiledGrid.h */ = {isa = PBXFileReference; lastKnownFileType = sourcecode.c.h; name = CCActionTiledGrid.h; path = libs/cocos2d/CCActionTiledGrid.h; sourceTree = "<group>"; };
		367487DC15E0EF3D004EA119 /* CCActionTiledGrid.m */ = {isa = PBXFileReference; lastKnownFileType = sourcecode.c.objc; name = CCActionTiledGrid.m; path = libs/cocos2d/CCActionTiledGrid.m; sourceTree = "<group>"; };
		367487DE15E0EF3D004EA119 /* CCActionTween.h */ = {isa = PBXFileReference; lastKnownFileType = sourcecode.c.h; name = CCActionTween.h; path = libs/cocos2d/CCActionTween.h; sourceTree = "<group>"; };
		367487DF15E0EF3D004EA119 /* CCActionTween.m */ = {isa = PBXFileReference; lastKnownFileType = sourcecode.c.objc; name = CCActionTween.m; path = libs/cocos2d/CCActionTween.m; sourceTree = "<group>"; };
		367487E115E0EF3D004EA119 /* CCAnimation.h */ = {isa = PBXFileReference; lastKnownFileType = sourcecode.c.h; name = CCAnimation.h; path = libs/cocos2d/CCAnimation.h; sourceTree = "<group>"; };
		367487E215E0EF3D004EA119 /* CCAnimation.m */ = {isa = PBXFileReference; lastKnownFileType = sourcecode.c.objc; name = CCAnimation.m; path = libs/cocos2d/CCAnimation.m; sourceTree = "<group>"; };
		367487E415E0EF3D004EA119 /* CCAnimationCache.h */ = {isa = PBXFileReference; lastKnownFileType = sourcecode.c.h; name = CCAnimationCache.h; path = libs/cocos2d/CCAnimationCache.h; sourceTree = "<group>"; };
		367487E515E0EF3D004EA119 /* CCAnimationCache.m */ = {isa = PBXFileReference; lastKnownFileType = sourcecode.c.objc; name = CCAnimationCache.m; path = libs/cocos2d/CCAnimationCache.m; sourceTree = "<group>"; };
		367487E715E0EF3D004EA119 /* CCAtlasNode.h */ = {isa = PBXFileReference; lastKnownFileType = sourcecode.c.h; name = CCAtlasNode.h; path = libs/cocos2d/CCAtlasNode.h; sourceTree = "<group>"; };
		367487E815E0EF3D004EA119 /* CCAtlasNode.m */ = {isa = PBXFileReference; lastKnownFileType = sourcecode.c.objc; name = CCAtlasNode.m; path = libs/cocos2d/CCAtlasNode.m; sourceTree = "<group>"; };
		367487EA15E0EF3D004EA119 /* CCBlockSupport.h */ = {isa = PBXFileReference; lastKnownFileType = sourcecode.c.h; name = CCBlockSupport.h; path = libs/cocos2d/CCBlockSupport.h; sourceTree = "<group>"; };
		367487EB15E0EF3D004EA119 /* CCBlockSupport.m */ = {isa = PBXFileReference; lastKnownFileType = sourcecode.c.objc; name = CCBlockSupport.m; path = libs/cocos2d/CCBlockSupport.m; sourceTree = "<group>"; };
		367487ED15E0EF3D004EA119 /* CCCamera.h */ = {isa = PBXFileReference; lastKnownFileType = sourcecode.c.h; name = CCCamera.h; path = libs/cocos2d/CCCamera.h; sourceTree = "<group>"; };
		367487EE15E0EF3D004EA119 /* CCCamera.m */ = {isa = PBXFileReference; lastKnownFileType = sourcecode.c.objc; name = CCCamera.m; path = libs/cocos2d/CCCamera.m; sourceTree = "<group>"; };
		367487F015E0EF3D004EA119 /* ccConfig.h */ = {isa = PBXFileReference; lastKnownFileType = sourcecode.c.h; name = ccConfig.h; path = libs/cocos2d/ccConfig.h; sourceTree = "<group>"; };
		367487F115E0EF3D004EA119 /* CCConfiguration.h */ = {isa = PBXFileReference; lastKnownFileType = sourcecode.c.h; name = CCConfiguration.h; path = libs/cocos2d/CCConfiguration.h; sourceTree = "<group>"; };
		367487F215E0EF3D004EA119 /* CCConfiguration.m */ = {isa = PBXFileReference; lastKnownFileType = sourcecode.c.objc; name = CCConfiguration.m; path = libs/cocos2d/CCConfiguration.m; sourceTree = "<group>"; };
		367487F415E0EF3D004EA119 /* CCDirector.h */ = {isa = PBXFileReference; lastKnownFileType = sourcecode.c.h; name = CCDirector.h; path = libs/cocos2d/CCDirector.h; sourceTree = "<group>"; };
		367487F515E0EF3D004EA119 /* CCDirector.m */ = {isa = PBXFileReference; lastKnownFileType = sourcecode.c.objc; name = CCDirector.m; path = libs/cocos2d/CCDirector.m; sourceTree = "<group>"; };
		367487F715E0EF3D004EA119 /* CCDrawingPrimitives.h */ = {isa = PBXFileReference; lastKnownFileType = sourcecode.c.h; name = CCDrawingPrimitives.h; path = libs/cocos2d/CCDrawingPrimitives.h; sourceTree = "<group>"; };
		367487F815E0EF3D004EA119 /* CCDrawingPrimitives.m */ = {isa = PBXFileReference; lastKnownFileType = sourcecode.c.objc; name = CCDrawingPrimitives.m; path = libs/cocos2d/CCDrawingPrimitives.m; sourceTree = "<group>"; };
		367487FA15E0EF3D004EA119 /* CCGrabber.h */ = {isa = PBXFileReference; lastKnownFileType = sourcecode.c.h; name = CCGrabber.h; path = libs/cocos2d/CCGrabber.h; sourceTree = "<group>"; };
		367487FB15E0EF3D004EA119 /* CCGrabber.m */ = {isa = PBXFileReference; lastKnownFileType = sourcecode.c.objc; name = CCGrabber.m; path = libs/cocos2d/CCGrabber.m; sourceTree = "<group>"; };
		367487FD15E0EF3D004EA119 /* CCGrid.h */ = {isa = PBXFileReference; lastKnownFileType = sourcecode.c.h; name = CCGrid.h; path = libs/cocos2d/CCGrid.h; sourceTree = "<group>"; };
		367487FE15E0EF3D004EA119 /* CCGrid.m */ = {isa = PBXFileReference; lastKnownFileType = sourcecode.c.objc; name = CCGrid.m; path = libs/cocos2d/CCGrid.m; sourceTree = "<group>"; };
		3674880015E0EF3D004EA119 /* CCLabelAtlas.h */ = {isa = PBXFileReference; lastKnownFileType = sourcecode.c.h; name = CCLabelAtlas.h; path = libs/cocos2d/CCLabelAtlas.h; sourceTree = "<group>"; };
		3674880115E0EF3D004EA119 /* CCLabelAtlas.m */ = {isa = PBXFileReference; lastKnownFileType = sourcecode.c.objc; name = CCLabelAtlas.m; path = libs/cocos2d/CCLabelAtlas.m; sourceTree = "<group>"; };
		3674880315E0EF3D004EA119 /* CCLabelBMFont.h */ = {isa = PBXFileReference; lastKnownFileType = sourcecode.c.h; name = CCLabelBMFont.h; path = libs/cocos2d/CCLabelBMFont.h; sourceTree = "<group>"; };
		3674880415E0EF3D004EA119 /* CCLabelBMFont.m */ = {isa = PBXFileReference; lastKnownFileType = sourcecode.c.objc; name = CCLabelBMFont.m; path = libs/cocos2d/CCLabelBMFont.m; sourceTree = "<group>"; };
		3674880615E0EF3D004EA119 /* CCLabelTTF.h */ = {isa = PBXFileReference; lastKnownFileType = sourcecode.c.h; name = CCLabelTTF.h; path = libs/cocos2d/CCLabelTTF.h; sourceTree = "<group>"; };
		3674880715E0EF3E004EA119 /* CCLabelTTF.m */ = {isa = PBXFileReference; lastKnownFileType = sourcecode.c.objc; name = CCLabelTTF.m; path = libs/cocos2d/CCLabelTTF.m; sourceTree = "<group>"; };
		3674880915E0EF3E004EA119 /* CCLayer.h */ = {isa = PBXFileReference; lastKnownFileType = sourcecode.c.h; name = CCLayer.h; path = libs/cocos2d/CCLayer.h; sourceTree = "<group>"; };
		3674880A15E0EF3E004EA119 /* CCLayer.m */ = {isa = PBXFileReference; lastKnownFileType = sourcecode.c.objc; name = CCLayer.m; path = libs/cocos2d/CCLayer.m; sourceTree = "<group>"; };
		3674880C15E0EF3E004EA119 /* ccMacros.h */ = {isa = PBXFileReference; lastKnownFileType = sourcecode.c.h; name = ccMacros.h; path = libs/cocos2d/ccMacros.h; sourceTree = "<group>"; };
		3674880D15E0EF3E004EA119 /* CCMenu.h */ = {isa = PBXFileReference; lastKnownFileType = sourcecode.c.h; name = CCMenu.h; path = libs/cocos2d/CCMenu.h; sourceTree = "<group>"; };
		3674880E15E0EF3E004EA119 /* CCMenu.m */ = {isa = PBXFileReference; lastKnownFileType = sourcecode.c.objc; name = CCMenu.m; path = libs/cocos2d/CCMenu.m; sourceTree = "<group>"; };
		3674881015E0EF3E004EA119 /* CCMenuItem.h */ = {isa = PBXFileReference; lastKnownFileType = sourcecode.c.h; name = CCMenuItem.h; path = libs/cocos2d/CCMenuItem.h; sourceTree = "<group>"; };
		3674881115E0EF3E004EA119 /* CCMenuItem.m */ = {isa = PBXFileReference; lastKnownFileType = sourcecode.c.objc; name = CCMenuItem.m; path = libs/cocos2d/CCMenuItem.m; sourceTree = "<group>"; };
		3674881315E0EF3E004EA119 /* CCMotionStreak.h */ = {isa = PBXFileReference; lastKnownFileType = sourcecode.c.h; name = CCMotionStreak.h; path = libs/cocos2d/CCMotionStreak.h; sourceTree = "<group>"; };
		3674881415E0EF3E004EA119 /* CCMotionStreak.m */ = {isa = PBXFileReference; lastKnownFileType = sourcecode.c.objc; name = CCMotionStreak.m; path = libs/cocos2d/CCMotionStreak.m; sourceTree = "<group>"; };
		3674881615E0EF3E004EA119 /* CCNode.h */ = {isa = PBXFileReference; lastKnownFileType = sourcecode.c.h; name = CCNode.h; path = libs/cocos2d/CCNode.h; sourceTree = "<group>"; };
		3674881715E0EF3E004EA119 /* CCNode.m */ = {isa = PBXFileReference; lastKnownFileType = sourcecode.c.objc; name = CCNode.m; path = libs/cocos2d/CCNode.m; sourceTree = "<group>"; };
		3674881915E0EF3E004EA119 /* CCParallaxNode.h */ = {isa = PBXFileReference; lastKnownFileType = sourcecode.c.h; name = CCParallaxNode.h; path = libs/cocos2d/CCParallaxNode.h; sourceTree = "<group>"; };
		3674881A15E0EF3E004EA119 /* CCParallaxNode.m */ = {isa = PBXFileReference; lastKnownFileType = sourcecode.c.objc; name = CCParallaxNode.m; path = libs/cocos2d/CCParallaxNode.m; sourceTree = "<group>"; };
		3674881C15E0EF3E004EA119 /* CCParticleBatchNode.h */ = {isa = PBXFileReference; lastKnownFileType = sourcecode.c.h; name = CCParticleBatchNode.h; path = libs/cocos2d/CCParticleBatchNode.h; sourceTree = "<group>"; };
		3674881D15E0EF3E004EA119 /* CCParticleBatchNode.m */ = {isa = PBXFileReference; lastKnownFileType = sourcecode.c.objc; name = CCParticleBatchNode.m; path = libs/cocos2d/CCParticleBatchNode.m; sourceTree = "<group>"; };
		3674881F15E0EF3E004EA119 /* CCParticleExamples.h */ = {isa = PBXFileReference; lastKnownFileType = sourcecode.c.h; name = CCParticleExamples.h; path = libs/cocos2d/CCParticleExamples.h; sourceTree = "<group>"; };
		3674882015E0EF3E004EA119 /* CCParticleExamples.m */ = {isa = PBXFileReference; lastKnownFileType = sourcecode.c.objc; name = CCParticleExamples.m; path = libs/cocos2d/CCParticleExamples.m; sourceTree = "<group>"; };
		3674882215E0EF3E004EA119 /* CCParticleSystem.h */ = {isa = PBXFileReference; lastKnownFileType = sourcecode.c.h; name = CCParticleSystem.h; path = libs/cocos2d/CCParticleSystem.h; sourceTree = "<group>"; };
		3674882315E0EF3E004EA119 /* CCParticleSystem.m */ = {isa = PBXFileReference; lastKnownFileType = sourcecode.c.objc; name = CCParticleSystem.m; path = libs/cocos2d/CCParticleSystem.m; sourceTree = "<group>"; };
		3674882515E0EF3E004EA119 /* CCParticleSystemPoint.h */ = {isa = PBXFileReference; lastKnownFileType = sourcecode.c.h; name = CCParticleSystemPoint.h; path = libs/cocos2d/CCParticleSystemPoint.h; sourceTree = "<group>"; };
		3674882615E0EF3E004EA119 /* CCParticleSystemPoint.m */ = {isa = PBXFileReference; lastKnownFileType = sourcecode.c.objc; name = CCParticleSystemPoint.m; path = libs/cocos2d/CCParticleSystemPoint.m; sourceTree = "<group>"; };
		3674882815E0EF3E004EA119 /* CCParticleSystemQuad.h */ = {isa = PBXFileReference; lastKnownFileType = sourcecode.c.h; name = CCParticleSystemQuad.h; path = libs/cocos2d/CCParticleSystemQuad.h; sourceTree = "<group>"; };
		3674882915E0EF3E004EA119 /* CCParticleSystemQuad.m */ = {isa = PBXFileReference; lastKnownFileType = sourcecode.c.objc; name = CCParticleSystemQuad.m; path = libs/cocos2d/CCParticleSystemQuad.m; sourceTree = "<group>"; };
		3674882B15E0EF3E004EA119 /* CCProgressTimer.h */ = {isa = PBXFileReference; lastKnownFileType = sourcecode.c.h; name = CCProgressTimer.h; path = libs/cocos2d/CCProgressTimer.h; sourceTree = "<group>"; };
		3674882C15E0EF3E004EA119 /* CCProgressTimer.m */ = {isa = PBXFileReference; lastKnownFileType = sourcecode.c.objc; name = CCProgressTimer.m; path = libs/cocos2d/CCProgressTimer.m; sourceTree = "<group>"; };
		3674882E15E0EF3E004EA119 /* CCProtocols.h */ = {isa = PBXFileReference; lastKnownFileType = sourcecode.c.h; name = CCProtocols.h; path = libs/cocos2d/CCProtocols.h; sourceTree = "<group>"; };
		3674882F15E0EF3E004EA119 /* CCRenderTexture.h */ = {isa = PBXFileReference; lastKnownFileType = sourcecode.c.h; name = CCRenderTexture.h; path = libs/cocos2d/CCRenderTexture.h; sourceTree = "<group>"; };
		3674883015E0EF3E004EA119 /* CCRenderTexture.m */ = {isa = PBXFileReference; lastKnownFileType = sourcecode.c.objc; name = CCRenderTexture.m; path = libs/cocos2d/CCRenderTexture.m; sourceTree = "<group>"; };
		3674883215E0EF3E004EA119 /* CCRibbon.h */ = {isa = PBXFileReference; lastKnownFileType = sourcecode.c.h; name = CCRibbon.h; path = libs/cocos2d/CCRibbon.h; sourceTree = "<group>"; };
		3674883315E0EF3E004EA119 /* CCRibbon.m */ = {isa = PBXFileReference; lastKnownFileType = sourcecode.c.objc; name = CCRibbon.m; path = libs/cocos2d/CCRibbon.m; sourceTree = "<group>"; };
		3674883515E0EF3E004EA119 /* CCScene.h */ = {isa = PBXFileReference; lastKnownFileType = sourcecode.c.h; name = CCScene.h; path = libs/cocos2d/CCScene.h; sourceTree = "<group>"; };
		3674883615E0EF3E004EA119 /* CCScene.m */ = {isa = PBXFileReference; lastKnownFileType = sourcecode.c.objc; name = CCScene.m; path = libs/cocos2d/CCScene.m; sourceTree = "<group>"; };
		3674883815E0EF3E004EA119 /* CCScheduler.h */ = {isa = PBXFileReference; lastKnownFileType = sourcecode.c.h; name = CCScheduler.h; path = libs/cocos2d/CCScheduler.h; sourceTree = "<group>"; };
		3674883915E0EF3E004EA119 /* CCScheduler.m */ = {isa = PBXFileReference; lastKnownFileType = sourcecode.c.objc; name = CCScheduler.m; path = libs/cocos2d/CCScheduler.m; sourceTree = "<group>"; };
		3674883B15E0EF3E004EA119 /* CCSprite.h */ = {isa = PBXFileReference; lastKnownFileType = sourcecode.c.h; name = CCSprite.h; path = libs/cocos2d/CCSprite.h; sourceTree = "<group>"; };
		3674883C15E0EF3E004EA119 /* CCSprite.m */ = {isa = PBXFileReference; lastKnownFileType = sourcecode.c.objc; name = CCSprite.m; path = libs/cocos2d/CCSprite.m; sourceTree = "<group>"; };
		3674883E15E0EF3E004EA119 /* CCSpriteBatchNode.h */ = {isa = PBXFileReference; lastKnownFileType = sourcecode.c.h; name = CCSpriteBatchNode.h; path = libs/cocos2d/CCSpriteBatchNode.h; sourceTree = "<group>"; };
		3674883F15E0EF3E004EA119 /* CCSpriteBatchNode.m */ = {isa = PBXFileReference; lastKnownFileType = sourcecode.c.objc; name = CCSpriteBatchNode.m; path = libs/cocos2d/CCSpriteBatchNode.m; sourceTree = "<group>"; };
		3674884115E0EF3E004EA119 /* CCSpriteFrame.h */ = {isa = PBXFileReference; lastKnownFileType = sourcecode.c.h; name = CCSpriteFrame.h; path = libs/cocos2d/CCSpriteFrame.h; sourceTree = "<group>"; };
		3674884215E0EF3E004EA119 /* CCSpriteFrame.m */ = {isa = PBXFileReference; lastKnownFileType = sourcecode.c.objc; name = CCSpriteFrame.m; path = libs/cocos2d/CCSpriteFrame.m; sourceTree = "<group>"; };
		3674884415E0EF3E004EA119 /* CCSpriteFrameCache.h */ = {isa = PBXFileReference; lastKnownFileType = sourcecode.c.h; name = CCSpriteFrameCache.h; path = libs/cocos2d/CCSpriteFrameCache.h; sourceTree = "<group>"; };
		3674884515E0EF3E004EA119 /* CCSpriteFrameCache.m */ = {isa = PBXFileReference; lastKnownFileType = sourcecode.c.objc; name = CCSpriteFrameCache.m; path = libs/cocos2d/CCSpriteFrameCache.m; sourceTree = "<group>"; };
		3674884715E0EF3E004EA119 /* CCTexture2D.h */ = {isa = PBXFileReference; lastKnownFileType = sourcecode.c.h; name = CCTexture2D.h; path = libs/cocos2d/CCTexture2D.h; sourceTree = "<group>"; };
		3674884815E0EF3E004EA119 /* CCTexture2D.m */ = {isa = PBXFileReference; lastKnownFileType = sourcecode.c.objc; name = CCTexture2D.m; path = libs/cocos2d/CCTexture2D.m; sourceTree = "<group>"; };
		3674884A15E0EF3E004EA119 /* CCTextureAtlas.h */ = {isa = PBXFileReference; lastKnownFileType = sourcecode.c.h; name = CCTextureAtlas.h; path = libs/cocos2d/CCTextureAtlas.h; sourceTree = "<group>"; };
		3674884B15E0EF3E004EA119 /* CCTextureAtlas.m */ = {isa = PBXFileReference; lastKnownFileType = sourcecode.c.objc; name = CCTextureAtlas.m; path = libs/cocos2d/CCTextureAtlas.m; sourceTree = "<group>"; };
		3674884D15E0EF3E004EA119 /* CCTextureCache.h */ = {isa = PBXFileReference; lastKnownFileType = sourcecode.c.h; name = CCTextureCache.h; path = libs/cocos2d/CCTextureCache.h; sourceTree = "<group>"; };
		3674884E15E0EF3E004EA119 /* CCTextureCache.m */ = {isa = PBXFileReference; lastKnownFileType = sourcecode.c.objc; name = CCTextureCache.m; path = libs/cocos2d/CCTextureCache.m; sourceTree = "<group>"; };
		3674885015E0EF3E004EA119 /* CCTexturePVR.h */ = {isa = PBXFileReference; lastKnownFileType = sourcecode.c.h; name = CCTexturePVR.h; path = libs/cocos2d/CCTexturePVR.h; sourceTree = "<group>"; };
		3674885115E0EF3E004EA119 /* CCTexturePVR.m */ = {isa = PBXFileReference; lastKnownFileType = sourcecode.c.objc; name = CCTexturePVR.m; path = libs/cocos2d/CCTexturePVR.m; sourceTree = "<group>"; };
		3674885315E0EF3E004EA119 /* CCTileMapAtlas.h */ = {isa = PBXFileReference; lastKnownFileType = sourcecode.c.h; name = CCTileMapAtlas.h; path = libs/cocos2d/CCTileMapAtlas.h; sourceTree = "<group>"; };
		3674885415E0EF3E004EA119 /* CCTileMapAtlas.m */ = {isa = PBXFileReference; lastKnownFileType = sourcecode.c.objc; name = CCTileMapAtlas.m; path = libs/cocos2d/CCTileMapAtlas.m; sourceTree = "<group>"; };
		3674885615E0EF3E004EA119 /* CCTMXLayer.h */ = {isa = PBXFileReference; lastKnownFileType = sourcecode.c.h; name = CCTMXLayer.h; path = libs/cocos2d/CCTMXLayer.h; sourceTree = "<group>"; };
		3674885715E0EF3E004EA119 /* CCTMXLayer.m */ = {isa = PBXFileReference; lastKnownFileType = sourcecode.c.objc; name = CCTMXLayer.m; path = libs/cocos2d/CCTMXLayer.m; sourceTree = "<group>"; };
		3674885915E0EF3E004EA119 /* CCTMXObjectGroup.h */ = {isa = PBXFileReference; lastKnownFileType = sourcecode.c.h; name = CCTMXObjectGroup.h; path = libs/cocos2d/CCTMXObjectGroup.h; sourceTree = "<group>"; };
		3674885A15E0EF3E004EA119 /* CCTMXObjectGroup.m */ = {isa = PBXFileReference; lastKnownFileType = sourcecode.c.objc; name = CCTMXObjectGroup.m; path = libs/cocos2d/CCTMXObjectGroup.m; sourceTree = "<group>"; };
		3674885C15E0EF3E004EA119 /* CCTMXTiledMap.h */ = {isa = PBXFileReference; lastKnownFileType = sourcecode.c.h; name = CCTMXTiledMap.h; path = libs/cocos2d/CCTMXTiledMap.h; sourceTree = "<group>"; };
		3674885D15E0EF3E004EA119 /* CCTMXTiledMap.m */ = {isa = PBXFileReference; lastKnownFileType = sourcecode.c.objc; name = CCTMXTiledMap.m; path = libs/cocos2d/CCTMXTiledMap.m; sourceTree = "<group>"; };
		3674885F15E0EF3E004EA119 /* CCTMXXMLParser.h */ = {isa = PBXFileReference; lastKnownFileType = sourcecode.c.h; name = CCTMXXMLParser.h; path = libs/cocos2d/CCTMXXMLParser.h; sourceTree = "<group>"; };
		3674886015E0EF3E004EA119 /* CCTMXXMLParser.m */ = {isa = PBXFileReference; lastKnownFileType = sourcecode.c.objc; name = CCTMXXMLParser.m; path = libs/cocos2d/CCTMXXMLParser.m; sourceTree = "<group>"; };
		3674886215E0EF3E004EA119 /* CCTransition.h */ = {isa = PBXFileReference; lastKnownFileType = sourcecode.c.h; name = CCTransition.h; path = libs/cocos2d/CCTransition.h; sourceTree = "<group>"; };
		3674886315E0EF3E004EA119 /* CCTransition.m */ = {isa = PBXFileReference; lastKnownFileType = sourcecode.c.objc; name = CCTransition.m; path = libs/cocos2d/CCTransition.m; sourceTree = "<group>"; };
		3674886515E0EF3E004EA119 /* CCTransitionPageTurn.h */ = {isa = PBXFileReference; lastKnownFileType = sourcecode.c.h; name = CCTransitionPageTurn.h; path = libs/cocos2d/CCTransitionPageTurn.h; sourceTree = "<group>"; };
		3674886615E0EF3E004EA119 /* CCTransitionPageTurn.m */ = {isa = PBXFileReference; lastKnownFileType = sourcecode.c.objc; name = CCTransitionPageTurn.m; path = libs/cocos2d/CCTransitionPageTurn.m; sourceTree = "<group>"; };
		3674886815E0EF3E004EA119 /* CCTransitionRadial.h */ = {isa = PBXFileReference; lastKnownFileType = sourcecode.c.h; name = CCTransitionRadial.h; path = libs/cocos2d/CCTransitionRadial.h; sourceTree = "<group>"; };
		3674886915E0EF3E004EA119 /* CCTransitionRadial.m */ = {isa = PBXFileReference; lastKnownFileType = sourcecode.c.objc; name = CCTransitionRadial.m; path = libs/cocos2d/CCTransitionRadial.m; sourceTree = "<group>"; };
		3674886B15E0EF3E004EA119 /* ccTypes.h */ = {isa = PBXFileReference; lastKnownFileType = sourcecode.c.h; name = ccTypes.h; path = libs/cocos2d/ccTypes.h; sourceTree = "<group>"; };
		3674886C15E0EF3E004EA119 /* cocos2d.h */ = {isa = PBXFileReference; lastKnownFileType = sourcecode.c.h; name = cocos2d.h; path = libs/cocos2d/cocos2d.h; sourceTree = "<group>"; };
		3674886D15E0EF3E004EA119 /* cocos2d.m */ = {isa = PBXFileReference; lastKnownFileType = sourcecode.c.objc; name = cocos2d.m; path = libs/cocos2d/cocos2d.m; sourceTree = "<group>"; };
		3674887015E0EF3E004EA119 /* CCGL.h */ = {isa = PBXFileReference; lastKnownFileType = sourcecode.c.h; name = CCGL.h; path = libs/cocos2d/Platforms/CCGL.h; sourceTree = "<group>"; };
		3674887115E0EF3E004EA119 /* CCNS.h */ = {isa = PBXFileReference; lastKnownFileType = sourcecode.c.h; name = CCNS.h; path = libs/cocos2d/Platforms/CCNS.h; sourceTree = "<group>"; };
		3674887315E0EF3E004EA119 /* CCDirectorIOS.h */ = {isa = PBXFileReference; lastKnownFileType = sourcecode.c.h; name = CCDirectorIOS.h; path = libs/cocos2d/Platforms/iOS/CCDirectorIOS.h; sourceTree = "<group>"; };
		3674887415E0EF3E004EA119 /* CCDirectorIOS.m */ = {isa = PBXFileReference; lastKnownFileType = sourcecode.c.objc; name = CCDirectorIOS.m; path = libs/cocos2d/Platforms/iOS/CCDirectorIOS.m; sourceTree = "<group>"; };
		3674887615E0EF3E004EA119 /* CCTouchDelegateProtocol.h */ = {isa = PBXFileReference; lastKnownFileType = sourcecode.c.h; name = CCTouchDelegateProtocol.h; path = libs/cocos2d/Platforms/iOS/CCTouchDelegateProtocol.h; sourceTree = "<group>"; };
		3674887715E0EF3E004EA119 /* CCTouchDispatcher.h */ = {isa = PBXFileReference; lastKnownFileType = sourcecode.c.h; name = CCTouchDispatcher.h; path = libs/cocos2d/Platforms/iOS/CCTouchDispatcher.h; sourceTree = "<group>"; };
		3674887815E0EF3E004EA119 /* CCTouchDispatcher.m */ = {isa = PBXFileReference; lastKnownFileType = sourcecode.c.objc; name = CCTouchDispatcher.m; path = libs/cocos2d/Platforms/iOS/CCTouchDispatcher.m; sourceTree = "<group>"; };
		3674887A15E0EF3E004EA119 /* CCTouchHandler.h */ = {isa = PBXFileReference; lastKnownFileType = sourcecode.c.h; name = CCTouchHandler.h; path = libs/cocos2d/Platforms/iOS/CCTouchHandler.h; sourceTree = "<group>"; };
		3674887B15E0EF3E004EA119 /* CCTouchHandler.m */ = {isa = PBXFileReference; lastKnownFileType = sourcecode.c.objc; name = CCTouchHandler.m; path = libs/cocos2d/Platforms/iOS/CCTouchHandler.m; sourceTree = "<group>"; };
		3674887D15E0EF3E004EA119 /* EAGLView.h */ = {isa = PBXFileReference; lastKnownFileType = sourcecode.c.h; name = EAGLView.h; path = libs/cocos2d/Platforms/iOS/EAGLView.h; sourceTree = "<group>"; };
		3674887E15E0EF3E004EA119 /* EAGLView.m */ = {isa = PBXFileReference; lastKnownFileType = sourcecode.c.objc; name = EAGLView.m; path = libs/cocos2d/Platforms/iOS/EAGLView.m; sourceTree = "<group>"; };
		3674888015E0EF3E004EA119 /* ES1Renderer.h */ = {isa = PBXFileReference; lastKnownFileType = sourcecode.c.h; name = ES1Renderer.h; path = libs/cocos2d/Platforms/iOS/ES1Renderer.h; sourceTree = "<group>"; };
		3674888115E0EF3E004EA119 /* ES1Renderer.m */ = {isa = PBXFileReference; lastKnownFileType = sourcecode.c.objc; name = ES1Renderer.m; path = libs/cocos2d/Platforms/iOS/ES1Renderer.m; sourceTree = "<group>"; };
		3674888315E0EF3E004EA119 /* ESRenderer.h */ = {isa = PBXFileReference; lastKnownFileType = sourcecode.c.h; name = ESRenderer.h; path = libs/cocos2d/Platforms/iOS/ESRenderer.h; sourceTree = "<group>"; };
		3674888415E0EF3E004EA119 /* glu.c */ = {isa = PBXFileReference; lastKnownFileType = sourcecode.c.c; name = glu.c; path = libs/cocos2d/Platforms/iOS/glu.c; sourceTree = "<group>"; };
		3674888615E0EF3E004EA119 /* glu.h */ = {isa = PBXFileReference; lastKnownFileType = sourcecode.c.h; name = glu.h; path = libs/cocos2d/Platforms/iOS/glu.h; sourceTree = "<group>"; };
		3674888815E0EF3E004EA119 /* CCDirectorMac.h */ = {isa = PBXFileReference; lastKnownFileType = sourcecode.c.h; name = CCDirectorMac.h; path = libs/cocos2d/Platforms/Mac/CCDirectorMac.h; sourceTree = "<group>"; };
		3674888915E0EF3E004EA119 /* CCDirectorMac.m */ = {isa = PBXFileReference; lastKnownFileType = sourcecode.c.objc; name = CCDirectorMac.m; path = libs/cocos2d/Platforms/Mac/CCDirectorMac.m; sourceTree = "<group>"; };
		3674888B15E0EF3E004EA119 /* CCEventDispatcher.h */ = {isa = PBXFileReference; lastKnownFileType = sourcecode.c.h; name = CCEventDispatcher.h; path = libs/cocos2d/Platforms/Mac/CCEventDispatcher.h; sourceTree = "<group>"; };
		3674888C15E0EF3E004EA119 /* CCEventDispatcher.m */ = {isa = PBXFileReference; lastKnownFileType = sourcecode.c.objc; name = CCEventDispatcher.m; path = libs/cocos2d/Platforms/Mac/CCEventDispatcher.m; sourceTree = "<group>"; };
		3674888E15E0EF3E004EA119 /* MacGLView.h */ = {isa = PBXFileReference; lastKnownFileType = sourcecode.c.h; name = MacGLView.h; path = libs/cocos2d/Platforms/Mac/MacGLView.h; sourceTree = "<group>"; };
		3674888F15E0EF3E004EA119 /* MacGLView.m */ = {isa = PBXFileReference; lastKnownFileType = sourcecode.c.objc; name = MacGLView.m; path = libs/cocos2d/Platforms/Mac/MacGLView.m; sourceTree = "<group>"; };
		3674889115E0EF3E004EA119 /* MacWindow.h */ = {isa = PBXFileReference; lastKnownFileType = sourcecode.c.h; name = MacWindow.h; path = libs/cocos2d/Platforms/Mac/MacWindow.h; sourceTree = "<group>"; };
		3674889215E0EF3E004EA119 /* MacWindow.m */ = {isa = PBXFileReference; lastKnownFileType = sourcecode.c.objc; name = MacWindow.m; path = libs/cocos2d/Platforms/Mac/MacWindow.m; sourceTree = "<group>"; };
		3674889515E0EF3E004EA119 /* base64.c */ = {isa = PBXFileReference; lastKnownFileType = sourcecode.c.c; name = base64.c; path = libs/cocos2d/Support/base64.c; sourceTree = "<group>"; };
		3674889715E0EF3E004EA119 /* base64.h */ = {isa = PBXFileReference; lastKnownFileType = sourcecode.c.h; name = base64.h; path = libs/cocos2d/Support/base64.h; sourceTree = "<group>"; };
		3674889815E0EF3E004EA119 /* CCArray.h */ = {isa = PBXFileReference; lastKnownFileType = sourcecode.c.h; name = CCArray.h; path = libs/cocos2d/Support/CCArray.h; sourceTree = "<group>"; };
		3674889915E0EF3E004EA119 /* CCArray.m */ = {isa = PBXFileReference; lastKnownFileType = sourcecode.c.objc; name = CCArray.m; path = libs/cocos2d/Support/CCArray.m; sourceTree = "<group>"; };
		3674889B15E0EF3E004EA119 /* ccCArray.h */ = {isa = PBXFileReference; lastKnownFileType = sourcecode.c.h; name = ccCArray.h; path = libs/cocos2d/Support/ccCArray.h; sourceTree = "<group>"; };
		3674889C15E0EF3E004EA119 /* CCFileUtils.h */ = {isa = PBXFileReference; lastKnownFileType = sourcecode.c.h; name = CCFileUtils.h; path = libs/cocos2d/Support/CCFileUtils.h; sourceTree = "<group>"; };
		3674889D15E0EF3E004EA119 /* CCFileUtils.m */ = {isa = PBXFileReference; lastKnownFileType = sourcecode.c.objc; name = CCFileUtils.m; path = libs/cocos2d/Support/CCFileUtils.m; sourceTree = "<group>"; };
		3674889F15E0EF3E004EA119 /* CCProfiling.h */ = {isa = PBXFileReference; lastKnownFileType = sourcecode.c.h; name = CCProfiling.h; path = libs/cocos2d/Support/CCProfiling.h; sourceTree = "<group>"; };
		367488A015E0EF3F004EA119 /* CCProfiling.m */ = {isa = PBXFileReference; lastKnownFileType = sourcecode.c.objc; name = CCProfiling.m; path = libs/cocos2d/Support/CCProfiling.m; sourceTree = "<group>"; };
		367488A215E0EF3F004EA119 /* ccUtils.c */ = {isa = PBXFileReference; lastKnownFileType = sourcecode.c.c; name = ccUtils.c; path = libs/cocos2d/Support/ccUtils.c; sourceTree = "<group>"; };
		367488A415E0EF3F004EA119 /* ccUtils.h */ = {isa = PBXFileReference; lastKnownFileType = sourcecode.c.h; name = ccUtils.h; path = libs/cocos2d/Support/ccUtils.h; sourceTree = "<group>"; };
		367488A515E0EF3F004EA119 /* CGPointExtension.h */ = {isa = PBXFileReference; lastKnownFileType = sourcecode.c.h; name = CGPointExtension.h; path = libs/cocos2d/Support/CGPointExtension.h; sourceTree = "<group>"; };
		367488A615E0EF3F004EA119 /* CGPointExtension.m */ = {isa = PBXFileReference; lastKnownFileType = sourcecode.c.objc; name = CGPointExtension.m; path = libs/cocos2d/Support/CGPointExtension.m; sourceTree = "<group>"; };
		367488A815E0EF3F004EA119 /* OpenGL_Internal.h */ = {isa = PBXFileReference; lastKnownFileType = sourcecode.c.h; name = OpenGL_Internal.h; path = libs/cocos2d/Support/OpenGL_Internal.h; sourceTree = "<group>"; };
		367488A915E0EF3F004EA119 /* TGAlib.h */ = {isa = PBXFileReference; lastKnownFileType = sourcecode.c.h; name = TGAlib.h; path = libs/cocos2d/Support/TGAlib.h; sourceTree = "<group>"; };
		367488AA15E0EF3F004EA119 /* TGAlib.m */ = {isa = PBXFileReference; lastKnownFileType = sourcecode.c.objc; name = TGAlib.m; path = libs/cocos2d/Support/TGAlib.m; sourceTree = "<group>"; };
		367488AC15E0EF3F004EA119 /* TransformUtils.h */ = {isa = PBXFileReference; lastKnownFileType = sourcecode.c.h; name = TransformUtils.h; path = libs/cocos2d/Support/TransformUtils.h; sourceTree = "<group>"; };
		367488AD15E0EF3F004EA119 /* TransformUtils.m */ = {isa = PBXFileReference; lastKnownFileType = sourcecode.c.objc; name = TransformUtils.m; path = libs/cocos2d/Support/TransformUtils.m; sourceTree = "<group>"; };
		367488AF15E0EF3F004EA119 /* uthash.h */ = {isa = PBXFileReference; lastKnownFileType = sourcecode.c.h; name = uthash.h; path = libs/cocos2d/Support/uthash.h; sourceTree = "<group>"; };
		367488B015E0EF3F004EA119 /* utlist.h */ = {isa = PBXFileReference; lastKnownFileType = sourcecode.c.h; name = utlist.h; path = libs/cocos2d/Support/utlist.h; sourceTree = "<group>"; };
		367488B115E0EF3F004EA119 /* ZipUtils.h */ = {isa = PBXFileReference; lastKnownFileType = sourcecode.c.h; name = ZipUtils.h; path = libs/cocos2d/Support/ZipUtils.h; sourceTree = "<group>"; };
		367488B215E0EF3F004EA119 /* ZipUtils.m */ = {isa = PBXFileReference; lastKnownFileType = sourcecode.c.objc; name = ZipUtils.m; path = libs/cocos2d/Support/ZipUtils.m; sourceTree = "<group>"; };
		367488B415E0EF3F004EA119 /* LICENSE_cocos2d.txt */ = {isa = PBXFileReference; lastKnownFileType = text; name = LICENSE_cocos2d.txt; path = libs/LICENSE_cocos2d.txt; sourceTree = "<group>"; };
		367488B615E0EF3F004EA119 /* CDAudioManager.h */ = {isa = PBXFileReference; lastKnownFileType = sourcecode.c.h; name = CDAudioManager.h; path = libs/CocosDenshion/CDAudioManager.h; sourceTree = "<group>"; };
		367488B715E0EF3F004EA119 /* CDAudioManager.m */ = {isa = PBXFileReference; lastKnownFileType = sourcecode.c.objc; name = CDAudioManager.m; path = libs/CocosDenshion/CDAudioManager.m; sourceTree = "<group>"; };
		367488B915E0EF3F004EA119 /* CDConfig.h */ = {isa = PBXFileReference; lastKnownFileType = sourcecode.c.h; name = CDConfig.h; path = libs/CocosDenshion/CDConfig.h; sourceTree = "<group>"; };
		367488BA15E0EF3F004EA119 /* CDOpenALSupport.h */ = {isa = PBXFileReference; lastKnownFileType = sourcecode.c.h; name = CDOpenALSupport.h; path = libs/CocosDenshion/CDOpenALSupport.h; sourceTree = "<group>"; };
		367488BB15E0EF3F004EA119 /* CDOpenALSupport.m */ = {isa = PBXFileReference; lastKnownFileType = sourcecode.c.objc; name = CDOpenALSupport.m; path = libs/CocosDenshion/CDOpenALSupport.m; sourceTree = "<group>"; };
		367488BD15E0EF3F004EA119 /* CocosDenshion.h */ = {isa = PBXFileReference; lastKnownFileType = sourcecode.c.h; name = CocosDenshion.h; path = libs/CocosDenshion/CocosDenshion.h; sourceTree = "<group>"; };
		367488BE15E0EF3F004EA119 /* CocosDenshion.m */ = {isa = PBXFileReference; lastKnownFileType = sourcecode.c.objc; name = CocosDenshion.m; path = libs/CocosDenshion/CocosDenshion.m; sourceTree = "<group>"; };
		367488C015E0EF3F004EA119 /* SimpleAudioEngine.h */ = {isa = PBXFileReference; lastKnownFileType = sourcecode.c.h; name = SimpleAudioEngine.h; path = libs/CocosDenshion/SimpleAudioEngine.h; sourceTree = "<group>"; };
		367488C115E0EF3F004EA119 /* SimpleAudioEngine.m */ = {isa = PBXFileReference; lastKnownFileType = sourcecode.c.objc; name = SimpleAudioEngine.m; path = libs/CocosDenshion/SimpleAudioEngine.m; sourceTree = "<group>"; };
		367488C315E0EF3F004EA119 /* LICENSE_CocosDenshion.txt */ = {isa = PBXFileReference; lastKnownFileType = text; name = LICENSE_CocosDenshion.txt; path = libs/LICENSE_CocosDenshion.txt; sourceTree = "<group>"; };
		367488C515E0EF3F004EA119 /* CLScoreServerPost.h */ = {isa = PBXFileReference; lastKnownFileType = sourcecode.c.h; name = CLScoreServerPost.h; path = libs/cocoslive/CLScoreServerPost.h; sourceTree = "<group>"; };
		367488C615E0EF3F004EA119 /* CLScoreServerPost.m */ = {isa = PBXFileReference; lastKnownFileType = sourcecode.c.objc; name = CLScoreServerPost.m; path = libs/cocoslive/CLScoreServerPost.m; sourceTree = "<group>"; };
		367488C815E0EF3F004EA119 /* CLScoreServerRequest.h */ = {isa = PBXFileReference; lastKnownFileType = sourcecode.c.h; name = CLScoreServerRequest.h; path = libs/cocoslive/CLScoreServerRequest.h; sourceTree = "<group>"; };
		367488C915E0EF3F004EA119 /* CLScoreServerRequest.m */ = {isa = PBXFileReference; lastKnownFileType = sourcecode.c.objc; name = CLScoreServerRequest.m; path = libs/cocoslive/CLScoreServerRequest.m; sourceTree = "<group>"; };
		367488CB15E0EF3F004EA119 /* cocoslive.h */ = {isa = PBXFileReference; lastKnownFileType = sourcecode.c.h; name = cocoslive.h; path = libs/cocoslive/cocoslive.h; sourceTree = "<group>"; };
		367488CC15E0EF3F004EA119 /* cocoslive.m */ = {isa = PBXFileReference; lastKnownFileType = sourcecode.c.objc; name = cocoslive.m; path = libs/cocoslive/cocoslive.m; sourceTree = "<group>"; };
		367488CE15E0EF3F004EA119 /* LICENSE_TouchJSON.txt */ = {isa = PBXFileReference; lastKnownFileType = text; name = LICENSE_TouchJSON.txt; path = libs/LICENSE_TouchJSON.txt; sourceTree = "<group>"; };
		367488D015E0EF3F004EA119 /* CDataScanner.h */ = {isa = PBXFileReference; lastKnownFileType = sourcecode.c.h; name = CDataScanner.h; path = libs/TouchJSON/CDataScanner.h; sourceTree = "<group>"; };
		367488D115E0EF3F004EA119 /* CDataScanner.m */ = {isa = PBXFileReference; lastKnownFileType = sourcecode.c.objc; name = CDataScanner.m; path = libs/TouchJSON/CDataScanner.m; sourceTree = "<group>"; };
		367488D415E0EF3F004EA119 /* CDataScanner_Extensions.h */ = {isa = PBXFileReference; lastKnownFileType = sourcecode.c.h; name = CDataScanner_Extensions.h; path = libs/TouchJSON/Extensions/CDataScanner_Extensions.h; sourceTree = "<group>"; };
		367488D515E0EF3F004EA119 /* CDataScanner_Extensions.m */ = {isa = PBXFileReference; lastKnownFileType = sourcecode.c.objc; name = CDataScanner_Extensions.m; path = libs/TouchJSON/Extensions/CDataScanner_Extensions.m; sourceTree = "<group>"; };
		367488D715E0EF3F004EA119 /* NSDictionary_JSONExtensions.h */ = {isa = PBXFileReference; lastKnownFileType = sourcecode.c.h; name = NSDictionary_JSONExtensions.h; path = libs/TouchJSON/Extensions/NSDictionary_JSONExtensions.h; sourceTree = "<group>"; };
		367488D815E0EF3F004EA119 /* NSDictionary_JSONExtensions.m */ = {isa = PBXFileReference; lastKnownFileType = sourcecode.c.objc; name = NSDictionary_JSONExtensions.m; path = libs/TouchJSON/Extensions/NSDictionary_JSONExtensions.m; sourceTree = "<group>"; };
		367488DB15E0EF3F004EA119 /* CJSONDeserializer.h */ = {isa = PBXFileReference; lastKnownFileType = sourcecode.c.h; name = CJSONDeserializer.h; path = libs/TouchJSON/JSON/CJSONDeserializer.h; sourceTree = "<group>"; };
		367488DC15E0EF3F004EA119 /* CJSONDeserializer.m */ = {isa = PBXFileReference; lastKnownFileType = sourcecode.c.objc; name = CJSONDeserializer.m; path = libs/TouchJSON/JSON/CJSONDeserializer.m; sourceTree = "<group>"; };
		367488DE15E0EF3F004EA119 /* CJSONScanner.h */ = {isa = PBXFileReference; lastKnownFileType = sourcecode.c.h; name = CJSONScanner.h; path = libs/TouchJSON/JSON/CJSONScanner.h; sourceTree = "<group>"; };
		367488DF15E0EF3F004EA119 /* CJSONScanner.m */ = {isa = PBXFileReference; lastKnownFileType = sourcecode.c.objc; name = CJSONScanner.m; path = libs/TouchJSON/JSON/CJSONScanner.m; sourceTree = "<group>"; };
		367488E115E0EF3F004EA119 /* CJSONSerializer.h */ = {isa = PBXFileReference; lastKnownFileType = sourcecode.c.h; name = CJSONSerializer.h; path = libs/TouchJSON/JSON/CJSONSerializer.h; sourceTree = "<group>"; };
		367488E215E0EF3F004EA119 /* CJSONSerializer.m */ = {isa = PBXFileReference; lastKnownFileType = sourcecode.c.objc; name = CJSONSerializer.m; path = libs/TouchJSON/JSON/CJSONSerializer.m; sourceTree = "<group>"; };
		367488E415E0EF3F004EA119 /* JSONRepresentation.h */ = {isa = PBXFileReference; lastKnownFileType = sourcecode.c.h; name = JSONRepresentation.h; path = libs/TouchJSON/JSON/JSONRepresentation.h; sourceTree = "<group>"; };
		367488E615E0EF3F004EA119 /* FontLabel.h */ = {isa = PBXFileReference; lastKnownFileType = sourcecode.c.h; name = FontLabel.h; path = libs/FontLabel/FontLabel.h; sourceTree = "<group>"; };
		367488E715E0EF3F004EA119 /* FontLabel.m */ = {isa = PBXFileReference; lastKnownFileType = sourcecode.c.objc; name = FontLabel.m; path = libs/FontLabel/FontLabel.m; sourceTree = "<group>"; };
		367488E915E0EF3F004EA119 /* FontLabelStringDrawing.h */ = {isa = PBXFileReference; lastKnownFileType = sourcecode.c.h; name = FontLabelStringDrawing.h; path = libs/FontLabel/FontLabelStringDrawing.h; sourceTree = "<group>"; };
		367488EA15E0EF3F004EA119 /* FontLabelStringDrawing.m */ = {isa = PBXFileReference; lastKnownFileType = sourcecode.c.objc; name = FontLabelStringDrawing.m; path = libs/FontLabel/FontLabelStringDrawing.m; sourceTree = "<group>"; };
		367488EC15E0EF3F004EA119 /* FontManager.h */ = {isa = PBXFileReference; lastKnownFileType = sourcecode.c.h; name = FontManager.h; path = libs/FontLabel/FontManager.h; sourceTree = "<group>"; };
		367488ED15E0EF3F004EA119 /* FontManager.m */ = {isa = PBXFileReference; lastKnownFileType = sourcecode.c.objc; name = FontManager.m; path = libs/FontLabel/FontManager.m; sourceTree = "<group>"; };
		367488EF15E0EF3F004EA119 /* ZAttributedString.h */ = {isa = PBXFileReference; lastKnownFileType = sourcecode.c.h; name = ZAttributedString.h; path = libs/FontLabel/ZAttributedString.h; sourceTree = "<group>"; };
		367488F015E0EF3F004EA119 /* ZAttributedString.m */ = {isa = PBXFileReference; lastKnownFileType = sourcecode.c.objc; name = ZAttributedString.m; path = libs/FontLabel/ZAttributedString.m; sourceTree = "<group>"; };
		367488F215E0EF3F004EA119 /* ZAttributedStringPrivate.h */ = {isa = PBXFileReference; lastKnownFileType = sourcecode.c.h; name = ZAttributedStringPrivate.h; path = libs/FontLabel/ZAttributedStringPrivate.h; sourceTree = "<group>"; };
		367488F315E0EF3F004EA119 /* ZFont.h */ = {isa = PBXFileReference; lastKnownFileType = sourcecode.c.h; name = ZFont.h; path = libs/FontLabel/ZFont.h; sourceTree = "<group>"; };
		367488F415E0EF3F004EA119 /* ZFont.m */ = {isa = PBXFileReference; lastKnownFileType = sourcecode.c.objc; name = ZFont.m; path = libs/FontLabel/ZFont.m; sourceTree = "<group>"; };
		367488F615E0EF3F004EA119 /* LICENSE_FontLabel.txt */ = {isa = PBXFileReference; lastKnownFileType = text; name = LICENSE_FontLabel.txt; path = libs/LICENSE_FontLabel.txt; sourceTree = "<group>"; };
		367488F815E0EF3F004EA119 /* Prefix.pch */ = {isa = PBXFileReference; lastKnownFileType = sourcecode.c.h; path = Prefix.pch; sourceTree = "<group>"; };
		367488F915E0EF3F004EA119 /* main.m */ = {isa = PBXFileReference; lastKnownFileType = sourcecode.c.objc; path = main.m; sourceTree = "<group>"; };
		367488FB15E0EF3F004EA119 /* AppDelegate.h */ = {isa = PBXFileReference; lastKnownFileType = sourcecode.c.h; path = AppDelegate.h; sourceTree = "<group>"; };
		367488FC15E0EF3F004EA119 /* AppDelegate.m */ = {isa = PBXFileReference; lastKnownFileType = sourcecode.c.objc; path = AppDelegate.m; sourceTree = "<group>"; };
		367488FE15E0EF3F004EA119 /* RootViewController.h */ = {isa = PBXFileReference; lastKnownFileType = sourcecode.c.h; path = RootViewController.h; sourceTree = "<group>"; };
		367488FF15E0EF3F004EA119 /* RootViewController.m */ = {isa = PBXFileReference; lastKnownFileType = sourcecode.c.objc; path = RootViewController.m; sourceTree = "<group>"; };
		3674890115E0EF3F004EA119 /* HelloWorldLayer.h */ = {isa = PBXFileReference; lastKnownFileType = sourcecode.c.h; path = HelloWorldLayer.h; sourceTree = "<group>"; };
		3674890215E0EF3F004EA119 /* HelloWorldLayer.m */ = {isa = PBXFileReference; lastKnownFileType = sourcecode.c.objc; path = HelloWorldLayer.m; sourceTree = "<group>"; };
		3674890415E0EF3F004EA119 /* GameConfig.h */ = {isa = PBXFileReference; lastKnownFileType = sourcecode.c.h; path = GameConfig.h; sourceTree = "<group>"; };
/* End PBXFileReference section */

/* Begin PBXFrameworksBuildPhase section */
		3674878F15E0EF3D004EA119 /* Frameworks */ = {
			isa = PBXFrameworksBuildPhase;
			buildActionMask = 2147483647;
			files = (
				3674879715E0EF3D004EA119 /* QuartzCore.framework in Frameworks */,
				3674879915E0EF3D004EA119 /* OpenGLES.framework in Frameworks */,
				3674879B15E0EF3D004EA119 /* OpenAL.framework in Frameworks */,
				3674879D15E0EF3D004EA119 /* AudioToolbox.framework in Frameworks */,
				3674879F15E0EF3D004EA119 /* AVFoundation.framework in Frameworks */,
				367487A115E0EF3D004EA119 /* UIKit.framework in Frameworks */,
				367487A315E0EF3D004EA119 /* Foundation.framework in Frameworks */,
				367487A515E0EF3D004EA119 /* CoreGraphics.framework in Frameworks */,
			);
			runOnlyForDeploymentPostprocessing = 0;
		};
/* End PBXFrameworksBuildPhase section */

/* Begin PBXGroup section */
		3674878715E0EF3D004EA119 = {
			isa = PBXGroup;
			children = (
				367487A615E0EF3D004EA119 /* ColorRush */,
				3674879515E0EF3D004EA119 /* Frameworks */,
				3674879315E0EF3D004EA119 /* Products */,
			);
			sourceTree = "<group>";
		};
		3674879315E0EF3D004EA119 /* Products */ = {
			isa = PBXGroup;
			children = (
				3674879215E0EF3D004EA119 /* ColorRush.app */,
			);
			name = Products;
			sourceTree = "<group>";
		};
		3674879515E0EF3D004EA119 /* Frameworks */ = {
			isa = PBXGroup;
			children = (
				3674879615E0EF3D004EA119 /* QuartzCore.framework */,
				3674879815E0EF3D004EA119 /* OpenGLES.framework */,
				3674879A15E0EF3D004EA119 /* OpenAL.framework */,
				3674879C15E0EF3D004EA119 /* AudioToolbox.framework */,
				3674879E15E0EF3D004EA119 /* AVFoundation.framework */,
				367487A015E0EF3D004EA119 /* UIKit.framework */,
				367487A215E0EF3D004EA119 /* Foundation.framework */,
				367487A415E0EF3D004EA119 /* CoreGraphics.framework */,
			);
			name = Frameworks;
			sourceTree = "<group>";
		};
		367487A615E0EF3D004EA119 /* ColorRush */ = {
			isa = PBXGroup;
			children = (
				367488FB15E0EF3F004EA119 /* AppDelegate.h */,
				367488FC15E0EF3F004EA119 /* AppDelegate.m */,
				367488FE15E0EF3F004EA119 /* RootViewController.h */,
				367488FF15E0EF3F004EA119 /* RootViewController.m */,
				3674890115E0EF3F004EA119 /* HelloWorldLayer.h */,
				3674890215E0EF3F004EA119 /* HelloWorldLayer.m */,
				3674890415E0EF3F004EA119 /* GameConfig.h */,
				367487A715E0EF3D004EA119 /* Resources */,
				367487BB15E0EF3D004EA119 /* libs */,
				367488F715E0EF3F004EA119 /* Supporting Files */,
			);
			path = ColorRush;
			sourceTree = "<group>";
		};
		367487A715E0EF3D004EA119 /* Resources */ = {
			isa = PBXGroup;
			children = (
				367487A815E0EF3D004EA119 /* Default.png */,
				367487AA15E0EF3D004EA119 /* fps_images.png */,
				367487AC15E0EF3D004EA119 /* Icon-72.png */,
				367487AE15E0EF3D004EA119 /* Icon-Small-50.png */,
				367487B015E0EF3D004EA119 /* Icon-Small.png */,
				367487B215E0EF3D004EA119 /* Icon-Small@2x.png */,
				367487B415E0EF3D004EA119 /* Icon.png */,
				367487B615E0EF3D004EA119 /* Icon@2x.png */,
				367487B815E0EF3D004EA119 /* Info.plist */,
				367487B915E0EF3D004EA119 /* iTunesArtwork */,
			);
			name = Resources;
			sourceTree = "<group>";
		};
		367487BB15E0EF3D004EA119 /* libs */ = {
			isa = PBXGroup;
			children = (
				367488B415E0EF3F004EA119 /* LICENSE_cocos2d.txt */,
				367488C315E0EF3F004EA119 /* LICENSE_CocosDenshion.txt */,
				367488CE15E0EF3F004EA119 /* LICENSE_TouchJSON.txt */,
				367488F615E0EF3F004EA119 /* LICENSE_FontLabel.txt */,
				367487BC15E0EF3D004EA119 /* cocos2d */,
				367488B515E0EF3F004EA119 /* CocosDenshion */,
				367488C415E0EF3F004EA119 /* cocoslive */,
				367488CF15E0EF3F004EA119 /* TouchJSON */,
				367488E515E0EF3F004EA119 /* FontLabel */,
			);
			name = libs;
			sourceTree = "<group>";
		};
		367487BC15E0EF3D004EA119 /* cocos2d */ = {
			isa = PBXGroup;
			children = (
				367487BD15E0EF3D004EA119 /* CCAction.h */,
				367487BE15E0EF3D004EA119 /* CCAction.m */,
				367487C015E0EF3D004EA119 /* CCActionCamera.h */,
				367487C115E0EF3D004EA119 /* CCActionCamera.m */,
				367487C315E0EF3D004EA119 /* CCActionEase.h */,
				367487C415E0EF3D004EA119 /* CCActionEase.m */,
				367487C615E0EF3D004EA119 /* CCActionGrid.h */,
				367487C715E0EF3D004EA119 /* CCActionGrid.m */,
				367487C915E0EF3D004EA119 /* CCActionGrid3D.h */,
				367487CA15E0EF3D004EA119 /* CCActionGrid3D.m */,
				367487CC15E0EF3D004EA119 /* CCActionInstant.h */,
				367487CD15E0EF3D004EA119 /* CCActionInstant.m */,
				367487CF15E0EF3D004EA119 /* CCActionInterval.h */,
				367487D015E0EF3D004EA119 /* CCActionInterval.m */,
				367487D215E0EF3D004EA119 /* CCActionManager.h */,
				367487D315E0EF3D004EA119 /* CCActionManager.m */,
				367487D515E0EF3D004EA119 /* CCActionPageTurn3D.h */,
				367487D615E0EF3D004EA119 /* CCActionPageTurn3D.m */,
				367487D815E0EF3D004EA119 /* CCActionProgressTimer.h */,
				367487D915E0EF3D004EA119 /* CCActionProgressTimer.m */,
				367487DB15E0EF3D004EA119 /* CCActionTiledGrid.h */,
				367487DC15E0EF3D004EA119 /* CCActionTiledGrid.m */,
				367487DE15E0EF3D004EA119 /* CCActionTween.h */,
				367487DF15E0EF3D004EA119 /* CCActionTween.m */,
				367487E115E0EF3D004EA119 /* CCAnimation.h */,
				367487E215E0EF3D004EA119 /* CCAnimation.m */,
				367487E415E0EF3D004EA119 /* CCAnimationCache.h */,
				367487E515E0EF3D004EA119 /* CCAnimationCache.m */,
				367487E715E0EF3D004EA119 /* CCAtlasNode.h */,
				367487E815E0EF3D004EA119 /* CCAtlasNode.m */,
				367487EA15E0EF3D004EA119 /* CCBlockSupport.h */,
				367487EB15E0EF3D004EA119 /* CCBlockSupport.m */,
				367487ED15E0EF3D004EA119 /* CCCamera.h */,
				367487EE15E0EF3D004EA119 /* CCCamera.m */,
				367487F015E0EF3D004EA119 /* ccConfig.h */,
				367487F115E0EF3D004EA119 /* CCConfiguration.h */,
				367487F215E0EF3D004EA119 /* CCConfiguration.m */,
				367487F415E0EF3D004EA119 /* CCDirector.h */,
				367487F515E0EF3D004EA119 /* CCDirector.m */,
				367487F715E0EF3D004EA119 /* CCDrawingPrimitives.h */,
				367487F815E0EF3D004EA119 /* CCDrawingPrimitives.m */,
				367487FA15E0EF3D004EA119 /* CCGrabber.h */,
				367487FB15E0EF3D004EA119 /* CCGrabber.m */,
				367487FD15E0EF3D004EA119 /* CCGrid.h */,
				367487FE15E0EF3D004EA119 /* CCGrid.m */,
				3674880015E0EF3D004EA119 /* CCLabelAtlas.h */,
				3674880115E0EF3D004EA119 /* CCLabelAtlas.m */,
				3674880315E0EF3D004EA119 /* CCLabelBMFont.h */,
				3674880415E0EF3D004EA119 /* CCLabelBMFont.m */,
				3674880615E0EF3D004EA119 /* CCLabelTTF.h */,
				3674880715E0EF3E004EA119 /* CCLabelTTF.m */,
				3674880915E0EF3E004EA119 /* CCLayer.h */,
				3674880A15E0EF3E004EA119 /* CCLayer.m */,
				3674880C15E0EF3E004EA119 /* ccMacros.h */,
				3674880D15E0EF3E004EA119 /* CCMenu.h */,
				3674880E15E0EF3E004EA119 /* CCMenu.m */,
				3674881015E0EF3E004EA119 /* CCMenuItem.h */,
				3674881115E0EF3E004EA119 /* CCMenuItem.m */,
				3674881315E0EF3E004EA119 /* CCMotionStreak.h */,
				3674881415E0EF3E004EA119 /* CCMotionStreak.m */,
				3674881615E0EF3E004EA119 /* CCNode.h */,
				3674881715E0EF3E004EA119 /* CCNode.m */,
				3674881915E0EF3E004EA119 /* CCParallaxNode.h */,
				3674881A15E0EF3E004EA119 /* CCParallaxNode.m */,
				3674881C15E0EF3E004EA119 /* CCParticleBatchNode.h */,
				3674881D15E0EF3E004EA119 /* CCParticleBatchNode.m */,
				3674881F15E0EF3E004EA119 /* CCParticleExamples.h */,
				3674882015E0EF3E004EA119 /* CCParticleExamples.m */,
				3674882215E0EF3E004EA119 /* CCParticleSystem.h */,
				3674882315E0EF3E004EA119 /* CCParticleSystem.m */,
				3674882515E0EF3E004EA119 /* CCParticleSystemPoint.h */,
				3674882615E0EF3E004EA119 /* CCParticleSystemPoint.m */,
				3674882815E0EF3E004EA119 /* CCParticleSystemQuad.h */,
				3674882915E0EF3E004EA119 /* CCParticleSystemQuad.m */,
				3674882B15E0EF3E004EA119 /* CCProgressTimer.h */,
				3674882C15E0EF3E004EA119 /* CCProgressTimer.m */,
				3674882E15E0EF3E004EA119 /* CCProtocols.h */,
				3674882F15E0EF3E004EA119 /* CCRenderTexture.h */,
				3674883015E0EF3E004EA119 /* CCRenderTexture.m */,
				3674883215E0EF3E004EA119 /* CCRibbon.h */,
				3674883315E0EF3E004EA119 /* CCRibbon.m */,
				3674883515E0EF3E004EA119 /* CCScene.h */,
				3674883615E0EF3E004EA119 /* CCScene.m */,
				3674883815E0EF3E004EA119 /* CCScheduler.h */,
				3674883915E0EF3E004EA119 /* CCScheduler.m */,
				3674883B15E0EF3E004EA119 /* CCSprite.h */,
				3674883C15E0EF3E004EA119 /* CCSprite.m */,
				3674883E15E0EF3E004EA119 /* CCSpriteBatchNode.h */,
				3674883F15E0EF3E004EA119 /* CCSpriteBatchNode.m */,
				3674884115E0EF3E004EA119 /* CCSpriteFrame.h */,
				3674884215E0EF3E004EA119 /* CCSpriteFrame.m */,
				3674884415E0EF3E004EA119 /* CCSpriteFrameCache.h */,
				3674884515E0EF3E004EA119 /* CCSpriteFrameCache.m */,
				3674884715E0EF3E004EA119 /* CCTexture2D.h */,
				3674884815E0EF3E004EA119 /* CCTexture2D.m */,
				3674884A15E0EF3E004EA119 /* CCTextureAtlas.h */,
				3674884B15E0EF3E004EA119 /* CCTextureAtlas.m */,
				3674884D15E0EF3E004EA119 /* CCTextureCache.h */,
				3674884E15E0EF3E004EA119 /* CCTextureCache.m */,
				3674885015E0EF3E004EA119 /* CCTexturePVR.h */,
				3674885115E0EF3E004EA119 /* CCTexturePVR.m */,
				3674885315E0EF3E004EA119 /* CCTileMapAtlas.h */,
				3674885415E0EF3E004EA119 /* CCTileMapAtlas.m */,
				3674885615E0EF3E004EA119 /* CCTMXLayer.h */,
				3674885715E0EF3E004EA119 /* CCTMXLayer.m */,
				3674885915E0EF3E004EA119 /* CCTMXObjectGroup.h */,
				3674885A15E0EF3E004EA119 /* CCTMXObjectGroup.m */,
				3674885C15E0EF3E004EA119 /* CCTMXTiledMap.h */,
				3674885D15E0EF3E004EA119 /* CCTMXTiledMap.m */,
				3674885F15E0EF3E004EA119 /* CCTMXXMLParser.h */,
				3674886015E0EF3E004EA119 /* CCTMXXMLParser.m */,
				3674886215E0EF3E004EA119 /* CCTransition.h */,
				3674886315E0EF3E004EA119 /* CCTransition.m */,
				3674886515E0EF3E004EA119 /* CCTransitionPageTurn.h */,
				3674886615E0EF3E004EA119 /* CCTransitionPageTurn.m */,
				3674886815E0EF3E004EA119 /* CCTransitionRadial.h */,
				3674886915E0EF3E004EA119 /* CCTransitionRadial.m */,
				3674886B15E0EF3E004EA119 /* ccTypes.h */,
				3674886C15E0EF3E004EA119 /* cocos2d.h */,
				3674886D15E0EF3E004EA119 /* cocos2d.m */,
				3674886F15E0EF3E004EA119 /* Platforms */,
				3674889415E0EF3E004EA119 /* Support */,
			);
			name = cocos2d;
			sourceTree = "<group>";
		};
		3674886F15E0EF3E004EA119 /* Platforms */ = {
			isa = PBXGroup;
			children = (
				3674887015E0EF3E004EA119 /* CCGL.h */,
				3674887115E0EF3E004EA119 /* CCNS.h */,
				3674887215E0EF3E004EA119 /* iOS */,
				3674888715E0EF3E004EA119 /* Mac */,
			);
			name = Platforms;
			sourceTree = "<group>";
		};
		3674887215E0EF3E004EA119 /* iOS */ = {
			isa = PBXGroup;
			children = (
				3674887315E0EF3E004EA119 /* CCDirectorIOS.h */,
				3674887415E0EF3E004EA119 /* CCDirectorIOS.m */,
				3674887615E0EF3E004EA119 /* CCTouchDelegateProtocol.h */,
				3674887715E0EF3E004EA119 /* CCTouchDispatcher.h */,
				3674887815E0EF3E004EA119 /* CCTouchDispatcher.m */,
				3674887A15E0EF3E004EA119 /* CCTouchHandler.h */,
				3674887B15E0EF3E004EA119 /* CCTouchHandler.m */,
				3674887D15E0EF3E004EA119 /* EAGLView.h */,
				3674887E15E0EF3E004EA119 /* EAGLView.m */,
				3674888015E0EF3E004EA119 /* ES1Renderer.h */,
				3674888115E0EF3E004EA119 /* ES1Renderer.m */,
				3674888315E0EF3E004EA119 /* ESRenderer.h */,
				3674888415E0EF3E004EA119 /* glu.c */,
				3674888615E0EF3E004EA119 /* glu.h */,
			);
			name = iOS;
			sourceTree = "<group>";
		};
		3674888715E0EF3E004EA119 /* Mac */ = {
			isa = PBXGroup;
			children = (
				3674888815E0EF3E004EA119 /* CCDirectorMac.h */,
				3674888915E0EF3E004EA119 /* CCDirectorMac.m */,
				3674888B15E0EF3E004EA119 /* CCEventDispatcher.h */,
				3674888C15E0EF3E004EA119 /* CCEventDispatcher.m */,
				3674888E15E0EF3E004EA119 /* MacGLView.h */,
				3674888F15E0EF3E004EA119 /* MacGLView.m */,
				3674889115E0EF3E004EA119 /* MacWindow.h */,
				3674889215E0EF3E004EA119 /* MacWindow.m */,
			);
			name = Mac;
			sourceTree = "<group>";
		};
		3674889415E0EF3E004EA119 /* Support */ = {
			isa = PBXGroup;
			children = (
				3674889515E0EF3E004EA119 /* base64.c */,
				3674889715E0EF3E004EA119 /* base64.h */,
				3674889815E0EF3E004EA119 /* CCArray.h */,
				3674889915E0EF3E004EA119 /* CCArray.m */,
				3674889B15E0EF3E004EA119 /* ccCArray.h */,
				3674889C15E0EF3E004EA119 /* CCFileUtils.h */,
				3674889D15E0EF3E004EA119 /* CCFileUtils.m */,
				3674889F15E0EF3E004EA119 /* CCProfiling.h */,
				367488A015E0EF3F004EA119 /* CCProfiling.m */,
				367488A215E0EF3F004EA119 /* ccUtils.c */,
				367488A415E0EF3F004EA119 /* ccUtils.h */,
				367488A515E0EF3F004EA119 /* CGPointExtension.h */,
				367488A615E0EF3F004EA119 /* CGPointExtension.m */,
				367488A815E0EF3F004EA119 /* OpenGL_Internal.h */,
				367488A915E0EF3F004EA119 /* TGAlib.h */,
				367488AA15E0EF3F004EA119 /* TGAlib.m */,
				367488AC15E0EF3F004EA119 /* TransformUtils.h */,
				367488AD15E0EF3F004EA119 /* TransformUtils.m */,
				367488AF15E0EF3F004EA119 /* uthash.h */,
				367488B015E0EF3F004EA119 /* utlist.h */,
				367488B115E0EF3F004EA119 /* ZipUtils.h */,
				367488B215E0EF3F004EA119 /* ZipUtils.m */,
			);
			name = Support;
			sourceTree = "<group>";
		};
		367488B515E0EF3F004EA119 /* CocosDenshion */ = {
			isa = PBXGroup;
			children = (
				367488B615E0EF3F004EA119 /* CDAudioManager.h */,
				367488B715E0EF3F004EA119 /* CDAudioManager.m */,
				367488B915E0EF3F004EA119 /* CDConfig.h */,
				367488BA15E0EF3F004EA119 /* CDOpenALSupport.h */,
				367488BB15E0EF3F004EA119 /* CDOpenALSupport.m */,
				367488BD15E0EF3F004EA119 /* CocosDenshion.h */,
				367488BE15E0EF3F004EA119 /* CocosDenshion.m */,
				367488C015E0EF3F004EA119 /* SimpleAudioEngine.h */,
				367488C115E0EF3F004EA119 /* SimpleAudioEngine.m */,
			);
			name = CocosDenshion;
			sourceTree = "<group>";
		};
		367488C415E0EF3F004EA119 /* cocoslive */ = {
			isa = PBXGroup;
			children = (
				367488C515E0EF3F004EA119 /* CLScoreServerPost.h */,
				367488C615E0EF3F004EA119 /* CLScoreServerPost.m */,
				367488C815E0EF3F004EA119 /* CLScoreServerRequest.h */,
				367488C915E0EF3F004EA119 /* CLScoreServerRequest.m */,
				367488CB15E0EF3F004EA119 /* cocoslive.h */,
				367488CC15E0EF3F004EA119 /* cocoslive.m */,
			);
			name = cocoslive;
			sourceTree = "<group>";
		};
		367488CF15E0EF3F004EA119 /* TouchJSON */ = {
			isa = PBXGroup;
			children = (
				367488D015E0EF3F004EA119 /* CDataScanner.h */,
				367488D115E0EF3F004EA119 /* CDataScanner.m */,
				367488D315E0EF3F004EA119 /* Extensions */,
				367488DA15E0EF3F004EA119 /* JSON */,
			);
			name = TouchJSON;
			sourceTree = "<group>";
		};
		367488D315E0EF3F004EA119 /* Extensions */ = {
			isa = PBXGroup;
			children = (
				367488D415E0EF3F004EA119 /* CDataScanner_Extensions.h */,
				367488D515E0EF3F004EA119 /* CDataScanner_Extensions.m */,
				367488D715E0EF3F004EA119 /* NSDictionary_JSONExtensions.h */,
				367488D815E0EF3F004EA119 /* NSDictionary_JSONExtensions.m */,
			);
			name = Extensions;
			sourceTree = "<group>";
		};
		367488DA15E0EF3F004EA119 /* JSON */ = {
			isa = PBXGroup;
			children = (
				367488DB15E0EF3F004EA119 /* CJSONDeserializer.h */,
				367488DC15E0EF3F004EA119 /* CJSONDeserializer.m */,
				367488DE15E0EF3F004EA119 /* CJSONScanner.h */,
				367488DF15E0EF3F004EA119 /* CJSONScanner.m */,
				367488E115E0EF3F004EA119 /* CJSONSerializer.h */,
				367488E215E0EF3F004EA119 /* CJSONSerializer.m */,
				367488E415E0EF3F004EA119 /* JSONRepresentation.h */,
			);
			name = JSON;
			sourceTree = "<group>";
		};
		367488E515E0EF3F004EA119 /* FontLabel */ = {
			isa = PBXGroup;
			children = (
				367488E615E0EF3F004EA119 /* FontLabel.h */,
				367488E715E0EF3F004EA119 /* FontLabel.m */,
				367488E915E0EF3F004EA119 /* FontLabelStringDrawing.h */,
				367488EA15E0EF3F004EA119 /* FontLabelStringDrawing.m */,
				367488EC15E0EF3F004EA119 /* FontManager.h */,
				367488ED15E0EF3F004EA119 /* FontManager.m */,
				367488EF15E0EF3F004EA119 /* ZAttributedString.h */,
				367488F015E0EF3F004EA119 /* ZAttributedString.m */,
				367488F215E0EF3F004EA119 /* ZAttributedStringPrivate.h */,
				367488F315E0EF3F004EA119 /* ZFont.h */,
				367488F415E0EF3F004EA119 /* ZFont.m */,
			);
			name = FontLabel;
			sourceTree = "<group>";
		};
		367488F715E0EF3F004EA119 /* Supporting Files */ = {
			isa = PBXGroup;
			children = (
				367488F815E0EF3F004EA119 /* Prefix.pch */,
				367488F915E0EF3F004EA119 /* main.m */,
			);
			name = "Supporting Files";
			sourceTree = "<group>";
		};
/* End PBXGroup section */

/* Begin PBXNativeTarget section */
		3674879115E0EF3D004EA119 /* ColorRush */ = {
			isa = PBXNativeTarget;
			buildConfigurationList = 3674890715E0EF3F004EA119 /* Build configuration list for PBXNativeTarget "ColorRush" */;
			buildPhases = (
				3674878E15E0EF3D004EA119 /* Sources */,
				3674878F15E0EF3D004EA119 /* Frameworks */,
				3674879015E0EF3D004EA119 /* Resources */,
			);
			buildRules = (
			);
			dependencies = (
			);
			name = ColorRush;
			productName = ColorRush;
			productReference = 3674879215E0EF3D004EA119 /* ColorRush.app */;
			productType = "com.apple.product-type.application";
		};
/* End PBXNativeTarget section */

/* Begin PBXProject section */
		3674878915E0EF3D004EA119 /* Project object */ = {
			isa = PBXProject;
			attributes = {
				LastUpgradeCheck = 0440;
			};
			buildConfigurationList = 3674878C15E0EF3D004EA119 /* Build configuration list for PBXProject "ColorRush" */;
			compatibilityVersion = "Xcode 3.2";
			developmentRegion = English;
			hasScannedForEncodings = 0;
			knownRegions = (
				en,
			);
			mainGroup = 3674878715E0EF3D004EA119;
			productRefGroup = 3674879315E0EF3D004EA119 /* Products */;
			projectDirPath = "";
			projectRoot = "";
			targets = (
				3674879115E0EF3D004EA119 /* ColorRush */,
			);
		};
/* End PBXProject section */

/* Begin PBXResourcesBuildPhase section */
		3674879015E0EF3D004EA119 /* Resources */ = {
			isa = PBXResourcesBuildPhase;
			buildActionMask = 2147483647;
			files = (
				367487A915E0EF3D004EA119 /* Default.png in Resources */,
				367487AB15E0EF3D004EA119 /* fps_images.png in Resources */,
				367487AD15E0EF3D004EA119 /* Icon-72.png in Resources */,
				367487AF15E0EF3D004EA119 /* Icon-Small-50.png in Resources */,
				367487B115E0EF3D004EA119 /* Icon-Small.png in Resources */,
				367487B315E0EF3D004EA119 /* Icon-Small@2x.png in Resources */,
				367487B515E0EF3D004EA119 /* Icon.png in Resources */,
				367487B715E0EF3D004EA119 /* Icon@2x.png in Resources */,
				367487BA15E0EF3D004EA119 /* iTunesArtwork in Resources */,
			);
			runOnlyForDeploymentPostprocessing = 0;
		};
/* End PBXResourcesBuildPhase section */

/* Begin PBXSourcesBuildPhase section */
		3674878E15E0EF3D004EA119 /* Sources */ = {
			isa = PBXSourcesBuildPhase;
			buildActionMask = 2147483647;
			files = (
				367487BF15E0EF3D004EA119 /* CCAction.m in Sources */,
				367487C215E0EF3D004EA119 /* CCActionCamera.m in Sources */,
				367487C515E0EF3D004EA119 /* CCActionEase.m in Sources */,
				367487C815E0EF3D004EA119 /* CCActionGrid.m in Sources */,
				367487CB15E0EF3D004EA119 /* CCActionGrid3D.m in Sources */,
				367487CE15E0EF3D004EA119 /* CCActionInstant.m in Sources */,
				367487D115E0EF3D004EA119 /* CCActionInterval.m in Sources */,
				367487D415E0EF3D004EA119 /* CCActionManager.m in Sources */,
				367487D715E0EF3D004EA119 /* CCActionPageTurn3D.m in Sources */,
				367487DA15E0EF3D004EA119 /* CCActionProgressTimer.m in Sources */,
				367487DD15E0EF3D004EA119 /* CCActionTiledGrid.m in Sources */,
				367487E015E0EF3D004EA119 /* CCActionTween.m in Sources */,
				367487E315E0EF3D004EA119 /* CCAnimation.m in Sources */,
				367487E615E0EF3D004EA119 /* CCAnimationCache.m in Sources */,
				367487E915E0EF3D004EA119 /* CCAtlasNode.m in Sources */,
				367487EC15E0EF3D004EA119 /* CCBlockSupport.m in Sources */,
				367487EF15E0EF3D004EA119 /* CCCamera.m in Sources */,
				367487F315E0EF3D004EA119 /* CCConfiguration.m in Sources */,
				367487F615E0EF3D004EA119 /* CCDirector.m in Sources */,
				367487F915E0EF3D004EA119 /* CCDrawingPrimitives.m in Sources */,
				367487FC15E0EF3D004EA119 /* CCGrabber.m in Sources */,
				367487FF15E0EF3D004EA119 /* CCGrid.m in Sources */,
				3674880215E0EF3D004EA119 /* CCLabelAtlas.m in Sources */,
				3674880515E0EF3D004EA119 /* CCLabelBMFont.m in Sources */,
				3674880815E0EF3E004EA119 /* CCLabelTTF.m in Sources */,
				3674880B15E0EF3E004EA119 /* CCLayer.m in Sources */,
				3674880F15E0EF3E004EA119 /* CCMenu.m in Sources */,
				3674881215E0EF3E004EA119 /* CCMenuItem.m in Sources */,
				3674881515E0EF3E004EA119 /* CCMotionStreak.m in Sources */,
				3674881815E0EF3E004EA119 /* CCNode.m in Sources */,
				3674881B15E0EF3E004EA119 /* CCParallaxNode.m in Sources */,
				3674881E15E0EF3E004EA119 /* CCParticleBatchNode.m in Sources */,
				3674882115E0EF3E004EA119 /* CCParticleExamples.m in Sources */,
				3674882415E0EF3E004EA119 /* CCParticleSystem.m in Sources */,
				3674882715E0EF3E004EA119 /* CCParticleSystemPoint.m in Sources */,
				3674882A15E0EF3E004EA119 /* CCParticleSystemQuad.m in Sources */,
				3674882D15E0EF3E004EA119 /* CCProgressTimer.m in Sources */,
				3674883115E0EF3E004EA119 /* CCRenderTexture.m in Sources */,
				3674883415E0EF3E004EA119 /* CCRibbon.m in Sources */,
				3674883715E0EF3E004EA119 /* CCScene.m in Sources */,
				3674883A15E0EF3E004EA119 /* CCScheduler.m in Sources */,
				3674883D15E0EF3E004EA119 /* CCSprite.m in Sources */,
				3674884015E0EF3E004EA119 /* CCSpriteBatchNode.m in Sources */,
				3674884315E0EF3E004EA119 /* CCSpriteFrame.m in Sources */,
				3674884615E0EF3E004EA119 /* CCSpriteFrameCache.m in Sources */,
				3674884915E0EF3E004EA119 /* CCTexture2D.m in Sources */,
				3674884C15E0EF3E004EA119 /* CCTextureAtlas.m in Sources */,
				3674884F15E0EF3E004EA119 /* CCTextureCache.m in Sources */,
				3674885215E0EF3E004EA119 /* CCTexturePVR.m in Sources */,
				3674885515E0EF3E004EA119 /* CCTileMapAtlas.m in Sources */,
				3674885815E0EF3E004EA119 /* CCTMXLayer.m in Sources */,
				3674885B15E0EF3E004EA119 /* CCTMXObjectGroup.m in Sources */,
				3674885E15E0EF3E004EA119 /* CCTMXTiledMap.m in Sources */,
				3674886115E0EF3E004EA119 /* CCTMXXMLParser.m in Sources */,
				3674886415E0EF3E004EA119 /* CCTransition.m in Sources */,
				3674886715E0EF3E004EA119 /* CCTransitionPageTurn.m in Sources */,
				3674886A15E0EF3E004EA119 /* CCTransitionRadial.m in Sources */,
				3674886E15E0EF3E004EA119 /* cocos2d.m in Sources */,
				3674887515E0EF3E004EA119 /* CCDirectorIOS.m in Sources */,
				3674887915E0EF3E004EA119 /* CCTouchDispatcher.m in Sources */,
				3674887C15E0EF3E004EA119 /* CCTouchHandler.m in Sources */,
				3674887F15E0EF3E004EA119 /* EAGLView.m in Sources */,
				3674888215E0EF3E004EA119 /* ES1Renderer.m in Sources */,
				3674888515E0EF3E004EA119 /* glu.c in Sources */,
				3674888A15E0EF3E004EA119 /* CCDirectorMac.m in Sources */,
				3674888D15E0EF3E004EA119 /* CCEventDispatcher.m in Sources */,
				3674889015E0EF3E004EA119 /* MacGLView.m in Sources */,
				3674889315E0EF3E004EA119 /* MacWindow.m in Sources */,
				3674889615E0EF3E004EA119 /* base64.c in Sources */,
				3674889A15E0EF3E004EA119 /* CCArray.m in Sources */,
				3674889E15E0EF3E004EA119 /* CCFileUtils.m in Sources */,
				367488A115E0EF3F004EA119 /* CCProfiling.m in Sources */,
				367488A315E0EF3F004EA119 /* ccUtils.c in Sources */,
				367488A715E0EF3F004EA119 /* CGPointExtension.m in Sources */,
				367488AB15E0EF3F004EA119 /* TGAlib.m in Sources */,
				367488AE15E0EF3F004EA119 /* TransformUtils.m in Sources */,
				367488B315E0EF3F004EA119 /* ZipUtils.m in Sources */,
				367488B815E0EF3F004EA119 /* CDAudioManager.m in Sources */,
				367488BC15E0EF3F004EA119 /* CDOpenALSupport.m in Sources */,
				367488BF15E0EF3F004EA119 /* CocosDenshion.m in Sources */,
				367488C215E0EF3F004EA119 /* SimpleAudioEngine.m in Sources */,
				367488C715E0EF3F004EA119 /* CLScoreServerPost.m in Sources */,
				367488CA15E0EF3F004EA119 /* CLScoreServerRequest.m in Sources */,
				367488CD15E0EF3F004EA119 /* cocoslive.m in Sources */,
				367488D215E0EF3F004EA119 /* CDataScanner.m in Sources */,
				367488D615E0EF3F004EA119 /* CDataScanner_Extensions.m in Sources */,
				367488D915E0EF3F004EA119 /* NSDictionary_JSONExtensions.m in Sources */,
				367488DD15E0EF3F004EA119 /* CJSONDeserializer.m in Sources */,
				367488E015E0EF3F004EA119 /* CJSONScanner.m in Sources */,
				367488E315E0EF3F004EA119 /* CJSONSerializer.m in Sources */,
				367488E815E0EF3F004EA119 /* FontLabel.m in Sources */,
				367488EB15E0EF3F004EA119 /* FontLabelStringDrawing.m in Sources */,
				367488EE15E0EF3F004EA119 /* FontManager.m in Sources */,
				367488F115E0EF3F004EA119 /* ZAttributedString.m in Sources */,
				367488F515E0EF3F004EA119 /* ZFont.m in Sources */,
				367488FA15E0EF3F004EA119 /* main.m in Sources */,
				367488FD15E0EF3F004EA119 /* AppDelegate.m in Sources */,
				3674890015E0EF3F004EA119 /* RootViewController.m in Sources */,
				3674890315E0EF3F004EA119 /* HelloWorldLayer.m in Sources */,
			);
			runOnlyForDeploymentPostprocessing = 0;
		};
/* End PBXSourcesBuildPhase section */

/* Begin XCBuildConfiguration section */
		3674890515E0EF3F004EA119 /* Debug */ = {
			isa = XCBuildConfiguration;
			buildSettings = {
				ARCHS = "$(ARCHS_STANDARD_32_BIT)";
				"CODE_SIGN_IDENTITY[sdk=iphoneos*]" = "iPhone Developer";
				GCC_C_LANGUAGE_STANDARD = gnu99;
				GCC_OPTIMIZATION_LEVEL = 0;
				GCC_PREPROCESSOR_DEFINITIONS = (
					DEBUG,
					"COCOS2D_DEBUG=1",
				);
				GCC_SYMBOLS_PRIVATE_EXTERN = NO;
				GCC_VERSION = com.apple.compilers.llvmgcc42;
				GCC_WARN_ABOUT_RETURN_TYPE = YES;
				GCC_WARN_UNUSED_VARIABLE = YES;
				IPHONEOS_DEPLOYMENT_TARGET = 5.1;
				SDKROOT = iphoneos;
			};
			name = Debug;
		};
		3674890615E0EF3F004EA119 /* Release */ = {
			isa = XCBuildConfiguration;
			buildSettings = {
				ARCHS = "$(ARCHS_STANDARD_32_BIT)";
				"CODE_SIGN_IDENTITY[sdk=iphoneos*]" = "iPhone Developer";
				GCC_C_LANGUAGE_STANDARD = gnu99;
				GCC_PREPROCESSOR_DEFINITIONS = NDEBUG;
				GCC_VERSION = com.apple.compilers.llvmgcc42;
				GCC_WARN_ABOUT_RETURN_TYPE = YES;
				GCC_WARN_UNUSED_VARIABLE = YES;
				IPHONEOS_DEPLOYMENT_TARGET = 5.1;
				OTHER_CFLAGS = "-DNS_BLOCK_ASSERTIONS=1";
				SDKROOT = iphoneos;
			};
			name = Release;
		};
		3674890815E0EF3F004EA119 /* Debug */ = {
			isa = XCBuildConfiguration;
			buildSettings = {
				ALWAYS_SEARCH_USER_PATHS = NO;
				CLANG_ENABLE_OBJC_ARC = YES;
				COPY_PHASE_STRIP = NO;
				GCC_DYNAMIC_NO_PIC = NO;
				GCC_PRECOMPILE_PREFIX_HEADER = YES;
				GCC_PREFIX_HEADER = ColorRush/Prefix.pch;
				"GCC_THUMB_SUPPORT[arch=armv6]" = "";
				GCC_VERSION = com.apple.compilers.llvm.clang.1_0;
				INFOPLIST_FILE = ColorRush/Resources/Info.plist;
				OTHER_LDFLAGS = "-lz";
				PRODUCT_NAME = "$(TARGET_NAME)";
				WRAPPER_EXTENSION = app;
			};
			name = Debug;
		};
		3674890915E0EF3F004EA119 /* Release */ = {
			isa = XCBuildConfiguration;
			buildSettings = {
				ALWAYS_SEARCH_USER_PATHS = NO;
				CLANG_ENABLE_OBJC_ARC = YES;
				COPY_PHASE_STRIP = YES;
				GCC_PRECOMPILE_PREFIX_HEADER = YES;
				GCC_PREFIX_HEADER = ColorRush/Prefix.pch;
				"GCC_THUMB_SUPPORT[arch=armv6]" = "";
				GCC_VERSION = com.apple.compilers.llvm.clang.1_0;
				INFOPLIST_FILE = ColorRush/Resources/Info.plist;
				OTHER_LDFLAGS = "-lz";
				PRODUCT_NAME = "$(TARGET_NAME)";
				VALIDATE_PRODUCT = YES;
				WRAPPER_EXTENSION = app;
			};
			name = Release;
		};
/* End XCBuildConfiguration section */

/* Begin XCConfigurationList section */
		3674878C15E0EF3D004EA119 /* Build configuration list for PBXProject "ColorRush" */ = {
			isa = XCConfigurationList;
			buildConfigurations = (
				3674890515E0EF3F004EA119 /* Debug */,
				3674890615E0EF3F004EA119 /* Release */,
			);
			defaultConfigurationIsVisible = 0;
			defaultConfigurationName = Release;
		};
		3674890715E0EF3F004EA119 /* Build configuration list for PBXNativeTarget "ColorRush" */ = {
			isa = XCConfigurationList;
			buildConfigurations = (
				3674890815E0EF3F004EA119 /* Debug */,
				3674890915E0EF3F004EA119 /* Release */,
			);
			defaultConfigurationIsVisible = 0;
			defaultConfigurationName = Release;
		};
/* End XCConfigurationList section */
	};
	rootObject = 3674878915E0EF3D004EA119 /* Project object */;
}
