// !$*UTF8*$!
{
	archiveVersion = 1;
	classes = {
	};
	objectVersion = 46;
	objects = {

/* Begin PBXBuildFile section */
		3674879715E0EF3D004EA119 /* QuartzCore.framework in Frameworks */ = {isa = PBXBuildFile; fileRef = 3674879615E0EF3D004EA119 /* QuartzCore.framework */; };
		3674879915E0EF3D004EA119 /* OpenGLES.framework in Frameworks */ = {isa = PBXBuildFile; fileRef = 3674879815E0EF3D004EA119 /* OpenGLES.framework */; };
		3674879B15E0EF3D004EA119 /* OpenAL.framework in Frameworks */ = {isa = PBXBuildFile; fileRef = 3674879A15E0EF3D004EA119 /* OpenAL.framework */; };
		3674879D15E0EF3D004EA119 /* AudioToolbox.framework in Frameworks */ = {isa = PBXBuildFile; fileRef = 3674879C15E0EF3D004EA119 /* AudioToolbox.framework */; };
		3674879F15E0EF3D004EA119 /* AVFoundation.framework in Frameworks */ = {isa = PBXBuildFile; fileRef = 3674879E15E0EF3D004EA119 /* AVFoundation.framework */; };
		367487A115E0EF3D004EA119 /* UIKit.framework in Frameworks */ = {isa = PBXBuildFile; fileRef = 367487A015E0EF3D004EA119 /* UIKit.framework */; };
		367487A315E0EF3D004EA119 /* Foundation.framework in Frameworks */ = {isa = PBXBuildFile; fileRef = 367487A215E0EF3D004EA119 /* Foundation.framework */; };
		367487A515E0EF3D004EA119 /* CoreGraphics.framework in Frameworks */ = {isa = PBXBuildFile; fileRef = 367487A415E0EF3D004EA119 /* CoreGraphics.framework */; };
		36748A0415E0F560004EA119 /* Demo.m in Sources */ = {isa = PBXBuildFile; fileRef = 3674891215E0F55F004EA119 /* Demo.m */; };
		36748A0515E0F560004EA119 /* Default.png in Resources */ = {isa = PBXBuildFile; fileRef = 3674891515E0F55F004EA119 /* Default.png */; };
		36748A0615E0F560004EA119 /* fps_images.png in Resources */ = {isa = PBXBuildFile; fileRef = 3674891615E0F55F004EA119 /* fps_images.png */; };
		36748A0715E0F560004EA119 /* Icon-72.png in Resources */ = {isa = PBXBuildFile; fileRef = 3674891715E0F55F004EA119 /* Icon-72.png */; };
		36748A0815E0F560004EA119 /* Icon-Small-50.png in Resources */ = {isa = PBXBuildFile; fileRef = 3674891815E0F55F004EA119 /* Icon-Small-50.png */; };
		36748A0915E0F560004EA119 /* Icon-Small.png in Resources */ = {isa = PBXBuildFile; fileRef = 3674891915E0F55F004EA119 /* Icon-Small.png */; };
		36748A0A15E0F560004EA119 /* Icon-Small@2x.png in Resources */ = {isa = PBXBuildFile; fileRef = 3674891A15E0F55F004EA119 /* Icon-Small@2x.png */; };
		36748A0B15E0F560004EA119 /* Icon.png in Resources */ = {isa = PBXBuildFile; fileRef = 3674891B15E0F55F004EA119 /* Icon.png */; };
		36748A0C15E0F560004EA119 /* Icon@2x.png in Resources */ = {isa = PBXBuildFile; fileRef = 3674891C15E0F55F004EA119 /* Icon@2x.png */; };
		36748A0E15E0F560004EA119 /* iTunesArtwork in Resources */ = {isa = PBXBuildFile; fileRef = 3674891E15E0F55F004EA119 /* iTunesArtwork */; };
		36748A0F15E0F560004EA119 /* CCAction.m in Sources */ = {isa = PBXBuildFile; fileRef = 3674892215E0F55F004EA119 /* CCAction.m */; settings = {COMPILER_FLAGS = "-fno-objc-arc"; }; };
		36748A1015E0F560004EA119 /* CCActionCamera.m in Sources */ = {isa = PBXBuildFile; fileRef = 3674892415E0F55F004EA119 /* CCActionCamera.m */; settings = {COMPILER_FLAGS = "-fno-objc-arc"; }; };
		36748A1115E0F560004EA119 /* CCActionEase.m in Sources */ = {isa = PBXBuildFile; fileRef = 3674892615E0F55F004EA119 /* CCActionEase.m */; settings = {COMPILER_FLAGS = "-fno-objc-arc"; }; };
		36748A1215E0F560004EA119 /* CCActionGrid.m in Sources */ = {isa = PBXBuildFile; fileRef = 3674892815E0F55F004EA119 /* CCActionGrid.m */; settings = {COMPILER_FLAGS = "-fno-objc-arc"; }; };
		36748A1315E0F560004EA119 /* CCActionGrid3D.m in Sources */ = {isa = PBXBuildFile; fileRef = 3674892A15E0F55F004EA119 /* CCActionGrid3D.m */; settings = {COMPILER_FLAGS = "-fno-objc-arc"; }; };
		36748A1415E0F560004EA119 /* CCActionInstant.m in Sources */ = {isa = PBXBuildFile; fileRef = 3674892C15E0F55F004EA119 /* CCActionInstant.m */; settings = {COMPILER_FLAGS = "-fno-objc-arc"; }; };
		36748A1515E0F560004EA119 /* CCActionInterval.m in Sources */ = {isa = PBXBuildFile; fileRef = 3674892E15E0F55F004EA119 /* CCActionInterval.m */; settings = {COMPILER_FLAGS = "-fno-objc-arc"; }; };
		36748A1615E0F560004EA119 /* CCActionManager.m in Sources */ = {isa = PBXBuildFile; fileRef = 3674893015E0F55F004EA119 /* CCActionManager.m */; settings = {COMPILER_FLAGS = "-fno-objc-arc"; }; };
		36748A1715E0F560004EA119 /* CCActionPageTurn3D.m in Sources */ = {isa = PBXBuildFile; fileRef = 3674893215E0F55F004EA119 /* CCActionPageTurn3D.m */; settings = {COMPILER_FLAGS = "-fno-objc-arc"; }; };
		36748A1815E0F560004EA119 /* CCActionProgressTimer.m in Sources */ = {isa = PBXBuildFile; fileRef = 3674893415E0F55F004EA119 /* CCActionProgressTimer.m */; settings = {COMPILER_FLAGS = "-fno-objc-arc"; }; };
		36748A1915E0F560004EA119 /* CCActionTiledGrid.m in Sources */ = {isa = PBXBuildFile; fileRef = 3674893615E0F55F004EA119 /* CCActionTiledGrid.m */; settings = {COMPILER_FLAGS = "-fno-objc-arc"; }; };
		36748A1A15E0F560004EA119 /* CCActionTween.m in Sources */ = {isa = PBXBuildFile; fileRef = 3674893815E0F55F004EA119 /* CCActionTween.m */; settings = {COMPILER_FLAGS = "-fno-objc-arc"; }; };
		36748A1B15E0F560004EA119 /* CCAnimation.m in Sources */ = {isa = PBXBuildFile; fileRef = 3674893A15E0F55F004EA119 /* CCAnimation.m */; settings = {COMPILER_FLAGS = "-fno-objc-arc"; }; };
		36748A1C15E0F560004EA119 /* CCAnimationCache.m in Sources */ = {isa = PBXBuildFile; fileRef = 3674893C15E0F55F004EA119 /* CCAnimationCache.m */; settings = {COMPILER_FLAGS = "-fno-objc-arc"; }; };
		36748A1D15E0F560004EA119 /* CCAtlasNode.m in Sources */ = {isa = PBXBuildFile; fileRef = 3674893E15E0F55F004EA119 /* CCAtlasNode.m */; settings = {COMPILER_FLAGS = "-fno-objc-arc"; }; };
		36748A1E15E0F560004EA119 /* CCBlockSupport.m in Sources */ = {isa = PBXBuildFile; fileRef = 3674894015E0F55F004EA119 /* CCBlockSupport.m */; settings = {COMPILER_FLAGS = "-fno-objc-arc"; }; };
		36748A1F15E0F560004EA119 /* CCCamera.m in Sources */ = {isa = PBXBuildFile; fileRef = 3674894215E0F55F004EA119 /* CCCamera.m */; settings = {COMPILER_FLAGS = "-fno-objc-arc"; }; };
		36748A2015E0F560004EA119 /* CCConfiguration.m in Sources */ = {isa = PBXBuildFile; fileRef = 3674894515E0F55F004EA119 /* CCConfiguration.m */; settings = {COMPILER_FLAGS = "-fno-objc-arc"; }; };
		36748A2115E0F560004EA119 /* CCDirector.m in Sources */ = {isa = PBXBuildFile; fileRef = 3674894715E0F55F004EA119 /* CCDirector.m */; settings = {COMPILER_FLAGS = "-fno-objc-arc"; }; };
		36748A2215E0F560004EA119 /* CCDrawingPrimitives.m in Sources */ = {isa = PBXBuildFile; fileRef = 3674894915E0F55F004EA119 /* CCDrawingPrimitives.m */; settings = {COMPILER_FLAGS = "-fno-objc-arc"; }; };
		36748A2315E0F560004EA119 /* CCGrabber.m in Sources */ = {isa = PBXBuildFile; fileRef = 3674894B15E0F55F004EA119 /* CCGrabber.m */; settings = {COMPILER_FLAGS = "-fno-objc-arc"; }; };
		36748A2415E0F560004EA119 /* CCGrid.m in Sources */ = {isa = PBXBuildFile; fileRef = 3674894D15E0F55F004EA119 /* CCGrid.m */; settings = {COMPILER_FLAGS = "-fno-objc-arc"; }; };
		36748A2515E0F560004EA119 /* CCLabelAtlas.m in Sources */ = {isa = PBXBuildFile; fileRef = 3674894F15E0F55F004EA119 /* CCLabelAtlas.m */; settings = {COMPILER_FLAGS = "-fno-objc-arc"; }; };
		36748A2615E0F560004EA119 /* CCLabelBMFont.m in Sources */ = {isa = PBXBuildFile; fileRef = 3674895115E0F55F004EA119 /* CCLabelBMFont.m */; settings = {COMPILER_FLAGS = "-fno-objc-arc"; }; };
		36748A2715E0F560004EA119 /* CCLabelTTF.m in Sources */ = {isa = PBXBuildFile; fileRef = 3674895315E0F55F004EA119 /* CCLabelTTF.m */; settings = {COMPILER_FLAGS = "-fno-objc-arc"; }; };
		36748A2815E0F560004EA119 /* CCLayer.m in Sources */ = {isa = PBXBuildFile; fileRef = 3674895515E0F55F004EA119 /* CCLayer.m */; settings = {COMPILER_FLAGS = "-fno-objc-arc"; }; };
		36748A2915E0F560004EA119 /* CCMenu.m in Sources */ = {isa = PBXBuildFile; fileRef = 3674895815E0F55F004EA119 /* CCMenu.m */; settings = {COMPILER_FLAGS = "-fno-objc-arc"; }; };
		36748A2A15E0F560004EA119 /* CCMenuItem.m in Sources */ = {isa = PBXBuildFile; fileRef = 3674895A15E0F55F004EA119 /* CCMenuItem.m */; settings = {COMPILER_FLAGS = "-fno-objc-arc"; }; };
		36748A2B15E0F560004EA119 /* CCMotionStreak.m in Sources */ = {isa = PBXBuildFile; fileRef = 3674895C15E0F55F004EA119 /* CCMotionStreak.m */; settings = {COMPILER_FLAGS = "-fno-objc-arc"; }; };
		36748A2C15E0F560004EA119 /* CCNode.m in Sources */ = {isa = PBXBuildFile; fileRef = 3674895E15E0F55F004EA119 /* CCNode.m */; settings = {COMPILER_FLAGS = "-fno-objc-arc"; }; };
		36748A2D15E0F560004EA119 /* CCParallaxNode.m in Sources */ = {isa = PBXBuildFile; fileRef = 3674896015E0F55F004EA119 /* CCParallaxNode.m */; settings = {COMPILER_FLAGS = "-fno-objc-arc"; }; };
		36748A2E15E0F560004EA119 /* CCParticleBatchNode.m in Sources */ = {isa = PBXBuildFile; fileRef = 3674896215E0F55F004EA119 /* CCParticleBatchNode.m */; settings = {COMPILER_FLAGS = "-fno-objc-arc"; }; };
		36748A2F15E0F560004EA119 /* CCParticleExamples.m in Sources */ = {isa = PBXBuildFile; fileRef = 3674896415E0F55F004EA119 /* CCParticleExamples.m */; settings = {COMPILER_FLAGS = "-fno-objc-arc"; }; };
		36748A3015E0F560004EA119 /* CCParticleSystem.m in Sources */ = {isa = PBXBuildFile; fileRef = 3674896615E0F55F004EA119 /* CCParticleSystem.m */; settings = {COMPILER_FLAGS = "-fno-objc-arc"; }; };
		36748A3115E0F560004EA119 /* CCParticleSystemPoint.m in Sources */ = {isa = PBXBuildFile; fileRef = 3674896815E0F55F004EA119 /* CCParticleSystemPoint.m */; settings = {COMPILER_FLAGS = "-fno-objc-arc"; }; };
		36748A3215E0F560004EA119 /* CCParticleSystemQuad.m in Sources */ = {isa = PBXBuildFile; fileRef = 3674896A15E0F55F004EA119 /* CCParticleSystemQuad.m */; settings = {COMPILER_FLAGS = "-fno-objc-arc"; }; };
		36748A3315E0F560004EA119 /* CCProgressTimer.m in Sources */ = {isa = PBXBuildFile; fileRef = 3674896C15E0F55F004EA119 /* CCProgressTimer.m */; settings = {COMPILER_FLAGS = "-fno-objc-arc"; }; };
		36748A3415E0F560004EA119 /* CCRenderTexture.m in Sources */ = {isa = PBXBuildFile; fileRef = 3674896F15E0F55F004EA119 /* CCRenderTexture.m */; settings = {COMPILER_FLAGS = "-fno-objc-arc"; }; };
		36748A3515E0F560004EA119 /* CCRibbon.m in Sources */ = {isa = PBXBuildFile; fileRef = 3674897115E0F55F004EA119 /* CCRibbon.m */; settings = {COMPILER_FLAGS = "-fno-objc-arc"; }; };
		36748A3615E0F560004EA119 /* CCScene.m in Sources */ = {isa = PBXBuildFile; fileRef = 3674897315E0F55F004EA119 /* CCScene.m */; settings = {COMPILER_FLAGS = "-fno-objc-arc"; }; };
		36748A3715E0F560004EA119 /* CCScheduler.m in Sources */ = {isa = PBXBuildFile; fileRef = 3674897515E0F55F004EA119 /* CCScheduler.m */; settings = {COMPILER_FLAGS = "-fno-objc-arc"; }; };
		36748A3815E0F560004EA119 /* CCSprite.m in Sources */ = {isa = PBXBuildFile; fileRef = 3674897715E0F55F004EA119 /* CCSprite.m */; settings = {COMPILER_FLAGS = "-fno-objc-arc"; }; };
		36748A3915E0F560004EA119 /* CCSpriteBatchNode.m in Sources */ = {isa = PBXBuildFile; fileRef = 3674897915E0F55F004EA119 /* CCSpriteBatchNode.m */; settings = {COMPILER_FLAGS = "-fno-objc-arc"; }; };
		36748A3A15E0F560004EA119 /* CCSpriteFrame.m in Sources */ = {isa = PBXBuildFile; fileRef = 3674897B15E0F55F004EA119 /* CCSpriteFrame.m */; settings = {COMPILER_FLAGS = "-fno-objc-arc"; }; };
		36748A3B15E0F560004EA119 /* CCSpriteFrameCache.m in Sources */ = {isa = PBXBuildFile; fileRef = 3674897D15E0F55F004EA119 /* CCSpriteFrameCache.m */; settings = {COMPILER_FLAGS = "-fno-objc-arc"; }; };
		36748A3C15E0F560004EA119 /* CCTexture2D.m in Sources */ = {isa = PBXBuildFile; fileRef = 3674897F15E0F55F004EA119 /* CCTexture2D.m */; settings = {COMPILER_FLAGS = "-fno-objc-arc"; }; };
		36748A3D15E0F560004EA119 /* CCTextureAtlas.m in Sources */ = {isa = PBXBuildFile; fileRef = 3674898115E0F55F004EA119 /* CCTextureAtlas.m */; settings = {COMPILER_FLAGS = "-fno-objc-arc"; }; };
		36748A3E15E0F560004EA119 /* CCTextureCache.m in Sources */ = {isa = PBXBuildFile; fileRef = 3674898315E0F55F004EA119 /* CCTextureCache.m */; settings = {COMPILER_FLAGS = "-fno-objc-arc"; }; };
		36748A3F15E0F560004EA119 /* CCTexturePVR.m in Sources */ = {isa = PBXBuildFile; fileRef = 3674898515E0F55F004EA119 /* CCTexturePVR.m */; settings = {COMPILER_FLAGS = "-fno-objc-arc"; }; };
		36748A4015E0F560004EA119 /* CCTileMapAtlas.m in Sources */ = {isa = PBXBuildFile; fileRef = 3674898715E0F55F004EA119 /* CCTileMapAtlas.m */; settings = {COMPILER_FLAGS = "-fno-objc-arc"; }; };
		36748A4115E0F560004EA119 /* CCTMXLayer.m in Sources */ = {isa = PBXBuildFile; fileRef = 3674898915E0F55F004EA119 /* CCTMXLayer.m */; settings = {COMPILER_FLAGS = "-fno-objc-arc"; }; };
		36748A4215E0F560004EA119 /* CCTMXObjectGroup.m in Sources */ = {isa = PBXBuildFile; fileRef = 3674898B15E0F55F004EA119 /* CCTMXObjectGroup.m */; settings = {COMPILER_FLAGS = "-fno-objc-arc"; }; };
		36748A4315E0F560004EA119 /* CCTMXTiledMap.m in Sources */ = {isa = PBXBuildFile; fileRef = 3674898D15E0F55F004EA119 /* CCTMXTiledMap.m */; settings = {COMPILER_FLAGS = "-fno-objc-arc"; }; };
		36748A4415E0F560004EA119 /* CCTMXXMLParser.m in Sources */ = {isa = PBXBuildFile; fileRef = 3674898F15E0F55F004EA119 /* CCTMXXMLParser.m */; settings = {COMPILER_FLAGS = "-fno-objc-arc"; }; };
		36748A4515E0F560004EA119 /* CCTransition.m in Sources */ = {isa = PBXBuildFile; fileRef = 3674899115E0F55F004EA119 /* CCTransition.m */; settings = {COMPILER_FLAGS = "-fno-objc-arc"; }; };
		36748A4615E0F560004EA119 /* CCTransitionPageTurn.m in Sources */ = {isa = PBXBuildFile; fileRef = 3674899315E0F55F004EA119 /* CCTransitionPageTurn.m */; settings = {COMPILER_FLAGS = "-fno-objc-arc"; }; };
		36748A4715E0F560004EA119 /* CCTransitionRadial.m in Sources */ = {isa = PBXBuildFile; fileRef = 3674899515E0F55F004EA119 /* CCTransitionRadial.m */; settings = {COMPILER_FLAGS = "-fno-objc-arc"; }; };
		36748A4815E0F560004EA119 /* cocos2d.m in Sources */ = {isa = PBXBuildFile; fileRef = 3674899815E0F55F004EA119 /* cocos2d.m */; settings = {COMPILER_FLAGS = "-fno-objc-arc"; }; };
		36748A4915E0F560004EA119 /* CCDirectorIOS.m in Sources */ = {isa = PBXBuildFile; fileRef = 3674899E15E0F55F004EA119 /* CCDirectorIOS.m */; settings = {COMPILER_FLAGS = "-fno-objc-arc"; }; };
		36748A4A15E0F560004EA119 /* CCTouchDispatcher.m in Sources */ = {isa = PBXBuildFile; fileRef = 367489A115E0F55F004EA119 /* CCTouchDispatcher.m */; settings = {COMPILER_FLAGS = "-fno-objc-arc"; }; };
		36748A4B15E0F560004EA119 /* CCTouchHandler.m in Sources */ = {isa = PBXBuildFile; fileRef = 367489A315E0F55F004EA119 /* CCTouchHandler.m */; settings = {COMPILER_FLAGS = "-fno-objc-arc"; }; };
		36748A4C15E0F560004EA119 /* EAGLView.m in Sources */ = {isa = PBXBuildFile; fileRef = 367489A515E0F55F004EA119 /* EAGLView.m */; settings = {COMPILER_FLAGS = "-fno-objc-arc"; }; };
		36748A4D15E0F560004EA119 /* ES1Renderer.m in Sources */ = {isa = PBXBuildFile; fileRef = 367489A715E0F55F004EA119 /* ES1Renderer.m */; settings = {COMPILER_FLAGS = "-fno-objc-arc"; }; };
		36748A4E15E0F560004EA119 /* glu.c in Sources */ = {isa = PBXBuildFile; fileRef = 367489A915E0F55F004EA119 /* glu.c */; settings = {COMPILER_FLAGS = "-fno-objc-arc"; }; };
		36748A4F15E0F560004EA119 /* CCDirectorMac.m in Sources */ = {isa = PBXBuildFile; fileRef = 367489AD15E0F55F004EA119 /* CCDirectorMac.m */; settings = {COMPILER_FLAGS = "-fno-objc-arc"; }; };
		36748A5015E0F560004EA119 /* CCEventDispatcher.m in Sources */ = {isa = PBXBuildFile; fileRef = 367489AF15E0F55F004EA119 /* CCEventDispatcher.m */; settings = {COMPILER_FLAGS = "-fno-objc-arc"; }; };
		36748A5115E0F560004EA119 /* MacGLView.m in Sources */ = {isa = PBXBuildFile; fileRef = 367489B115E0F55F004EA119 /* MacGLView.m */; settings = {COMPILER_FLAGS = "-fno-objc-arc"; }; };
		36748A5215E0F560004EA119 /* MacWindow.m in Sources */ = {isa = PBXBuildFile; fileRef = 367489B315E0F55F004EA119 /* MacWindow.m */; settings = {COMPILER_FLAGS = "-fno-objc-arc"; }; };
		36748A5315E0F560004EA119 /* base64.c in Sources */ = {isa = PBXBuildFile; fileRef = 367489B515E0F55F004EA119 /* base64.c */; settings = {COMPILER_FLAGS = "-fno-objc-arc"; }; };
		36748A5415E0F560004EA119 /* CCArray.m in Sources */ = {isa = PBXBuildFile; fileRef = 367489B815E0F55F004EA119 /* CCArray.m */; settings = {COMPILER_FLAGS = "-fno-objc-arc"; }; };
		36748A5515E0F560004EA119 /* CCFileUtils.m in Sources */ = {isa = PBXBuildFile; fileRef = 367489BB15E0F55F004EA119 /* CCFileUtils.m */; settings = {COMPILER_FLAGS = "-fno-objc-arc"; }; };
		36748A5615E0F560004EA119 /* CCProfiling.m in Sources */ = {isa = PBXBuildFile; fileRef = 367489BD15E0F55F004EA119 /* CCProfiling.m */; settings = {COMPILER_FLAGS = "-fno-objc-arc"; }; };
		36748A5715E0F560004EA119 /* ccUtils.c in Sources */ = {isa = PBXBuildFile; fileRef = 367489BE15E0F55F004EA119 /* ccUtils.c */; settings = {COMPILER_FLAGS = "-fno-objc-arc"; }; };
		36748A5815E0F560004EA119 /* CGPointExtension.m in Sources */ = {isa = PBXBuildFile; fileRef = 367489C115E0F55F004EA119 /* CGPointExtension.m */; settings = {COMPILER_FLAGS = "-fno-objc-arc"; }; };
		36748A5915E0F560004EA119 /* TGAlib.m in Sources */ = {isa = PBXBuildFile; fileRef = 367489C415E0F55F004EA119 /* TGAlib.m */; settings = {COMPILER_FLAGS = "-fno-objc-arc"; }; };
		36748A5A15E0F560004EA119 /* TransformUtils.m in Sources */ = {isa = PBXBuildFile; fileRef = 367489C615E0F55F004EA119 /* TransformUtils.m */; settings = {COMPILER_FLAGS = "-fno-objc-arc"; }; };
		36748A5B15E0F560004EA119 /* ZipUtils.m in Sources */ = {isa = PBXBuildFile; fileRef = 367489CA15E0F55F004EA119 /* ZipUtils.m */; settings = {COMPILER_FLAGS = "-fno-objc-arc"; }; };
		36748A5C15E0F560004EA119 /* CDAudioManager.m in Sources */ = {isa = PBXBuildFile; fileRef = 367489CD15E0F55F004EA119 /* CDAudioManager.m */; settings = {COMPILER_FLAGS = "-fno-objc-arc"; }; };
		36748A5D15E0F560004EA119 /* CDOpenALSupport.m in Sources */ = {isa = PBXBuildFile; fileRef = 367489D015E0F55F004EA119 /* CDOpenALSupport.m */; settings = {COMPILER_FLAGS = "-fno-objc-arc"; }; };
		36748A5E15E0F560004EA119 /* CocosDenshion.m in Sources */ = {isa = PBXBuildFile; fileRef = 367489D215E0F55F004EA119 /* CocosDenshion.m */; settings = {COMPILER_FLAGS = "-fno-objc-arc"; }; };
		36748A5F15E0F560004EA119 /* SimpleAudioEngine.m in Sources */ = {isa = PBXBuildFile; fileRef = 367489D415E0F55F004EA119 /* SimpleAudioEngine.m */; settings = {COMPILER_FLAGS = "-fno-objc-arc"; }; };
		36748A6015E0F560004EA119 /* CLScoreServerPost.m in Sources */ = {isa = PBXBuildFile; fileRef = 367489D715E0F55F004EA119 /* CLScoreServerPost.m */; settings = {COMPILER_FLAGS = "-fno-objc-arc"; }; };
		36748A6115E0F560004EA119 /* CLScoreServerRequest.m in Sources */ = {isa = PBXBuildFile; fileRef = 367489D915E0F55F004EA119 /* CLScoreServerRequest.m */; settings = {COMPILER_FLAGS = "-fno-objc-arc"; }; };
		36748A6215E0F560004EA119 /* cocoslive.m in Sources */ = {isa = PBXBuildFile; fileRef = 367489DB15E0F55F004EA119 /* cocoslive.m */; settings = {COMPILER_FLAGS = "-fno-objc-arc"; }; };
		36748A6315E0F560004EA119 /* FontLabel.m in Sources */ = {isa = PBXBuildFile; fileRef = 367489DE15E0F55F004EA119 /* FontLabel.m */; settings = {COMPILER_FLAGS = "-fno-objc-arc"; }; };
		36748A6415E0F560004EA119 /* FontLabelStringDrawing.m in Sources */ = {isa = PBXBuildFile; fileRef = 367489E015E0F55F004EA119 /* FontLabelStringDrawing.m */; settings = {COMPILER_FLAGS = "-fno-objc-arc"; }; };
		36748A6515E0F560004EA119 /* FontManager.m in Sources */ = {isa = PBXBuildFile; fileRef = 367489E215E0F55F004EA119 /* FontManager.m */; settings = {COMPILER_FLAGS = "-fno-objc-arc"; }; };
		36748A6615E0F560004EA119 /* ZAttributedString.m in Sources */ = {isa = PBXBuildFile; fileRef = 367489E415E0F55F004EA119 /* ZAttributedString.m */; settings = {COMPILER_FLAGS = "-fno-objc-arc"; }; };
		36748A6715E0F560004EA119 /* ZFont.m in Sources */ = {isa = PBXBuildFile; fileRef = 367489E715E0F55F004EA119 /* ZFont.m */; settings = {COMPILER_FLAGS = "-fno-objc-arc"; }; };
		36748A6C15E0F560004EA119 /* CDataScanner.m in Sources */ = {isa = PBXBuildFile; fileRef = 367489EE15E0F55F004EA119 /* CDataScanner.m */; settings = {COMPILER_FLAGS = "-fno-objc-arc"; }; };
		36748A6D15E0F560004EA119 /* CDataScanner_Extensions.m in Sources */ = {isa = PBXBuildFile; fileRef = 367489F115E0F55F004EA119 /* CDataScanner_Extensions.m */; settings = {COMPILER_FLAGS = "-fno-objc-arc"; }; };
		36748A6E15E0F560004EA119 /* NSDictionary_JSONExtensions.m in Sources */ = {isa = PBXBuildFile; fileRef = 367489F315E0F55F004EA119 /* NSDictionary_JSONExtensions.m */; settings = {COMPILER_FLAGS = "-fno-objc-arc"; }; };
		36748A6F15E0F560004EA119 /* CJSONDeserializer.m in Sources */ = {isa = PBXBuildFile; fileRef = 367489F615E0F55F004EA119 /* CJSONDeserializer.m */; settings = {COMPILER_FLAGS = "-fno-objc-arc"; }; };
		36748A7015E0F560004EA119 /* CJSONScanner.m in Sources */ = {isa = PBXBuildFile; fileRef = 367489F815E0F55F004EA119 /* CJSONScanner.m */; settings = {COMPILER_FLAGS = "-fno-objc-arc"; }; };
		36748A7115E0F560004EA119 /* CJSONSerializer.m in Sources */ = {isa = PBXBuildFile; fileRef = 367489FA15E0F55F004EA119 /* CJSONSerializer.m */; settings = {COMPILER_FLAGS = "-fno-objc-arc"; }; };
		36748A7215E0F560004EA119 /* AppDelegate.m in Sources */ = {isa = PBXBuildFile; fileRef = 367489FE15E0F560004EA119 /* AppDelegate.m */; };
		36748A7315E0F560004EA119 /* main.m in Sources */ = {isa = PBXBuildFile; fileRef = 36748A0015E0F560004EA119 /* main.m */; };
		36748A7415E0F560004EA119 /* RootViewController.m in Sources */ = {isa = PBXBuildFile; fileRef = 36748A0315E0F560004EA119 /* RootViewController.m */; };
		36748A7815E0F6C8004EA119 /* Demo.plist in Resources */ = {isa = PBXBuildFile; fileRef = 36748A7615E0F6C8004EA119 /* Demo.plist */; };
		36748A7915E0F6C8004EA119 /* Demo.png in Resources */ = {isa = PBXBuildFile; fileRef = 36748A7715E0F6C8004EA119 /* Demo.png */; };
/* End PBXBuildFile section */

/* Begin PBXFileReference section */
		3674879215E0EF3D004EA119 /* ColorRush.app */ = {isa = PBXFileReference; explicitFileType = wrapper.application; includeInIndex = 0; path = ColorRush.app; sourceTree = BUILT_PRODUCTS_DIR; };
		3674879615E0EF3D004EA119 /* QuartzCore.framework */ = {isa = PBXFileReference; lastKnownFileType = wrapper.framework; name = QuartzCore.framework; path = System/Library/Frameworks/QuartzCore.framework; sourceTree = SDKROOT; };
		3674879815E0EF3D004EA119 /* OpenGLES.framework */ = {isa = PBXFileReference; lastKnownFileType = wrapper.framework; name = OpenGLES.framework; path = System/Library/Frameworks/OpenGLES.framework; sourceTree = SDKROOT; };
		3674879A15E0EF3D004EA119 /* OpenAL.framework */ = {isa = PBXFileReference; lastKnownFileType = wrapper.framework; name = OpenAL.framework; path = System/Library/Frameworks/OpenAL.framework; sourceTree = SDKROOT; };
		3674879C15E0EF3D004EA119 /* AudioToolbox.framework */ = {isa = PBXFileReference; lastKnownFileType = wrapper.framework; name = AudioToolbox.framework; path = System/Library/Frameworks/AudioToolbox.framework; sourceTree = SDKROOT; };
		3674879E15E0EF3D004EA119 /* AVFoundation.framework */ = {isa = PBXFileReference; lastKnownFileType = wrapper.framework; name = AVFoundation.framework; path = System/Library/Frameworks/AVFoundation.framework; sourceTree = SDKROOT; };
		367487A015E0EF3D004EA119 /* UIKit.framework */ = {isa = PBXFileReference; lastKnownFileType = wrapper.framework; name = UIKit.framework; path = System/Library/Frameworks/UIKit.framework; sourceTree = SDKROOT; };
		367487A215E0EF3D004EA119 /* Foundation.framework */ = {isa = PBXFileReference; lastKnownFileType = wrapper.framework; name = Foundation.framework; path = System/Library/Frameworks/Foundation.framework; sourceTree = SDKROOT; };
		367487A415E0EF3D004EA119 /* CoreGraphics.framework */ = {isa = PBXFileReference; lastKnownFileType = wrapper.framework; name = CoreGraphics.framework; path = System/Library/Frameworks/CoreGraphics.framework; sourceTree = SDKROOT; };
		3674891215E0F55F004EA119 /* Demo.m */ = {isa = PBXFileReference; fileEncoding = 4; lastKnownFileType = sourcecode.c.objc; path = Demo.m; sourceTree = "<group>"; };
		3674891515E0F55F004EA119 /* Default.png */ = {isa = PBXFileReference; lastKnownFileType = image.png; path = Default.png; sourceTree = "<group>"; };
		3674891615E0F55F004EA119 /* fps_images.png */ = {isa = PBXFileReference; lastKnownFileType = image.png; path = fps_images.png; sourceTree = "<group>"; };
		3674891715E0F55F004EA119 /* Icon-72.png */ = {isa = PBXFileReference; lastKnownFileType = image.png; path = "Icon-72.png"; sourceTree = "<group>"; };
		3674891815E0F55F004EA119 /* Icon-Small-50.png */ = {isa = PBXFileReference; lastKnownFileType = image.png; path = "Icon-Small-50.png"; sourceTree = "<group>"; };
		3674891915E0F55F004EA119 /* Icon-Small.png */ = {isa = PBXFileReference; lastKnownFileType = image.png; path = "Icon-Small.png"; sourceTree = "<group>"; };
		3674891A15E0F55F004EA119 /* Icon-Small@2x.png */ = {isa = PBXFileReference; lastKnownFileType = image.png; path = "Icon-Small@2x.png"; sourceTree = "<group>"; };
		3674891B15E0F55F004EA119 /* Icon.png */ = {isa = PBXFileReference; lastKnownFileType = image.png; path = Icon.png; sourceTree = "<group>"; };
		3674891C15E0F55F004EA119 /* Icon@2x.png */ = {isa = PBXFileReference; lastKnownFileType = image.png; path = "Icon@2x.png"; sourceTree = "<group>"; };
		3674891D15E0F55F004EA119 /* Info.plist */ = {isa = PBXFileReference; fileEncoding = 4; lastKnownFileType = text.plist.xml; path = Info.plist; sourceTree = "<group>"; };
		3674891E15E0F55F004EA119 /* iTunesArtwork */ = {isa = PBXFileReference; lastKnownFileType = file; path = iTunesArtwork; sourceTree = "<group>"; };
		3674892115E0F55F004EA119 /* CCAction.h */ = {isa = PBXFileReference; fileEncoding = 4; lastKnownFileType = sourcecode.c.h; path = CCAction.h; sourceTree = "<group>"; };
		3674892215E0F55F004EA119 /* CCAction.m */ = {isa = PBXFileReference; fileEncoding = 4; lastKnownFileType = sourcecode.c.objc; path = CCAction.m; sourceTree = "<group>"; };
		3674892315E0F55F004EA119 /* CCActionCamera.h */ = {isa = PBXFileReference; fileEncoding = 4; lastKnownFileType = sourcecode.c.h; path = CCActionCamera.h; sourceTree = "<group>"; };
		3674892415E0F55F004EA119 /* CCActionCamera.m */ = {isa = PBXFileReference; fileEncoding = 4; lastKnownFileType = sourcecode.c.objc; path = CCActionCamera.m; sourceTree = "<group>"; };
		3674892515E0F55F004EA119 /* CCActionEase.h */ = {isa = PBXFileReference; fileEncoding = 4; lastKnownFileType = sourcecode.c.h; path = CCActionEase.h; sourceTree = "<group>"; };
		3674892615E0F55F004EA119 /* CCActionEase.m */ = {isa = PBXFileReference; fileEncoding = 4; lastKnownFileType = sourcecode.c.objc; path = CCActionEase.m; sourceTree = "<group>"; };
		3674892715E0F55F004EA119 /* CCActionGrid.h */ = {isa = PBXFileReference; fileEncoding = 4; lastKnownFileType = sourcecode.c.h; path = CCActionGrid.h; sourceTree = "<group>"; };
		3674892815E0F55F004EA119 /* CCActionGrid.m */ = {isa = PBXFileReference; fileEncoding = 4; lastKnownFileType = sourcecode.c.objc; path = CCActionGrid.m; sourceTree = "<group>"; };
		3674892915E0F55F004EA119 /* CCActionGrid3D.h */ = {isa = PBXFileReference; fileEncoding = 4; lastKnownFileType = sourcecode.c.h; path = CCActionGrid3D.h; sourceTree = "<group>"; };
		3674892A15E0F55F004EA119 /* CCActionGrid3D.m */ = {isa = PBXFileReference; fileEncoding = 4; lastKnownFileType = sourcecode.c.objc; path = CCActionGrid3D.m; sourceTree = "<group>"; };
		3674892B15E0F55F004EA119 /* CCActionInstant.h */ = {isa = PBXFileReference; fileEncoding = 4; lastKnownFileType = sourcecode.c.h; path = CCActionInstant.h; sourceTree = "<group>"; };
		3674892C15E0F55F004EA119 /* CCActionInstant.m */ = {isa = PBXFileReference; fileEncoding = 4; lastKnownFileType = sourcecode.c.objc; path = CCActionInstant.m; sourceTree = "<group>"; };
		3674892D15E0F55F004EA119 /* CCActionInterval.h */ = {isa = PBXFileReference; fileEncoding = 4; lastKnownFileType = sourcecode.c.h; path = CCActionInterval.h; sourceTree = "<group>"; };
		3674892E15E0F55F004EA119 /* CCActionInterval.m */ = {isa = PBXFileReference; fileEncoding = 4; lastKnownFileType = sourcecode.c.objc; path = CCActionInterval.m; sourceTree = "<group>"; };
		3674892F15E0F55F004EA119 /* CCActionManager.h */ = {isa = PBXFileReference; fileEncoding = 4; lastKnownFileType = sourcecode.c.h; path = CCActionManager.h; sourceTree = "<group>"; };
		3674893015E0F55F004EA119 /* CCActionManager.m */ = {isa = PBXFileReference; fileEncoding = 4; lastKnownFileType = sourcecode.c.objc; path = CCActionManager.m; sourceTree = "<group>"; };
		3674893115E0F55F004EA119 /* CCActionPageTurn3D.h */ = {isa = PBXFileReference; fileEncoding = 4; lastKnownFileType = sourcecode.c.h; path = CCActionPageTurn3D.h; sourceTree = "<group>"; };
		3674893215E0F55F004EA119 /* CCActionPageTurn3D.m */ = {isa = PBXFileReference; fileEncoding = 4; lastKnownFileType = sourcecode.c.objc; path = CCActionPageTurn3D.m; sourceTree = "<group>"; };
		3674893315E0F55F004EA119 /* CCActionProgressTimer.h */ = {isa = PBXFileReference; fileEncoding = 4; lastKnownFileType = sourcecode.c.h; path = CCActionProgressTimer.h; sourceTree = "<group>"; };
		3674893415E0F55F004EA119 /* CCActionProgressTimer.m */ = {isa = PBXFileReference; fileEncoding = 4; lastKnownFileType = sourcecode.c.objc; path = CCActionProgressTimer.m; sourceTree = "<group>"; };
		3674893515E0F55F004EA119 /* CCActionTiledGrid.h */ = {isa = PBXFileReference; fileEncoding = 4; lastKnownFileType = sourcecode.c.h; path = CCActionTiledGrid.h; sourceTree = "<group>"; };
		3674893615E0F55F004EA119 /* CCActionTiledGrid.m */ = {isa = PBXFileReference; fileEncoding = 4; lastKnownFileType = sourcecode.c.objc; path = CCActionTiledGrid.m; sourceTree = "<group>"; };
		3674893715E0F55F004EA119 /* CCActionTween.h */ = {isa = PBXFileReference; fileEncoding = 4; lastKnownFileType = sourcecode.c.h; path = CCActionTween.h; sourceTree = "<group>"; };
		3674893815E0F55F004EA119 /* CCActionTween.m */ = {isa = PBXFileReference; fileEncoding = 4; lastKnownFileType = sourcecode.c.objc; path = CCActionTween.m; sourceTree = "<group>"; };
		3674893915E0F55F004EA119 /* CCAnimation.h */ = {isa = PBXFileReference; fileEncoding = 4; lastKnownFileType = sourcecode.c.h; path = CCAnimation.h; sourceTree = "<group>"; };
		3674893A15E0F55F004EA119 /* CCAnimation.m */ = {isa = PBXFileReference; fileEncoding = 4; lastKnownFileType = sourcecode.c.objc; path = CCAnimation.m; sourceTree = "<group>"; };
		3674893B15E0F55F004EA119 /* CCAnimationCache.h */ = {isa = PBXFileReference; fileEncoding = 4; lastKnownFileType = sourcecode.c.h; path = CCAnimationCache.h; sourceTree = "<group>"; };
		3674893C15E0F55F004EA119 /* CCAnimationCache.m */ = {isa = PBXFileReference; fileEncoding = 4; lastKnownFileType = sourcecode.c.objc; path = CCAnimationCache.m; sourceTree = "<group>"; };
		3674893D15E0F55F004EA119 /* CCAtlasNode.h */ = {isa = PBXFileReference; fileEncoding = 4; lastKnownFileType = sourcecode.c.h; path = CCAtlasNode.h; sourceTree = "<group>"; };
		3674893E15E0F55F004EA119 /* CCAtlasNode.m */ = {isa = PBXFileReference; fileEncoding = 4; lastKnownFileType = sourcecode.c.objc; path = CCAtlasNode.m; sourceTree = "<group>"; };
		3674893F15E0F55F004EA119 /* CCBlockSupport.h */ = {isa = PBXFileReference; fileEncoding = 4; lastKnownFileType = sourcecode.c.h; path = CCBlockSupport.h; sourceTree = "<group>"; };
		3674894015E0F55F004EA119 /* CCBlockSupport.m */ = {isa = PBXFileReference; fileEncoding = 4; lastKnownFileType = sourcecode.c.objc; path = CCBlockSupport.m; sourceTree = "<group>"; };
		3674894115E0F55F004EA119 /* CCCamera.h */ = {isa = PBXFileReference; fileEncoding = 4; lastKnownFileType = sourcecode.c.h; path = CCCamera.h; sourceTree = "<group>"; };
		3674894215E0F55F004EA119 /* CCCamera.m */ = {isa = PBXFileReference; fileEncoding = 4; lastKnownFileType = sourcecode.c.objc; path = CCCamera.m; sourceTree = "<group>"; };
		3674894315E0F55F004EA119 /* ccConfig.h */ = {isa = PBXFileReference; fileEncoding = 4; lastKnownFileType = sourcecode.c.h; path = ccConfig.h; sourceTree = "<group>"; };
		3674894415E0F55F004EA119 /* CCConfiguration.h */ = {isa = PBXFileReference; fileEncoding = 4; lastKnownFileType = sourcecode.c.h; path = CCConfiguration.h; sourceTree = "<group>"; };
		3674894515E0F55F004EA119 /* CCConfiguration.m */ = {isa = PBXFileReference; fileEncoding = 4; lastKnownFileType = sourcecode.c.objc; path = CCConfiguration.m; sourceTree = "<group>"; };
		3674894615E0F55F004EA119 /* CCDirector.h */ = {isa = PBXFileReference; fileEncoding = 4; lastKnownFileType = sourcecode.c.h; path = CCDirector.h; sourceTree = "<group>"; };
		3674894715E0F55F004EA119 /* CCDirector.m */ = {isa = PBXFileReference; fileEncoding = 4; lastKnownFileType = sourcecode.c.objc; path = CCDirector.m; sourceTree = "<group>"; };
		3674894815E0F55F004EA119 /* CCDrawingPrimitives.h */ = {isa = PBXFileReference; fileEncoding = 4; lastKnownFileType = sourcecode.c.h; path = CCDrawingPrimitives.h; sourceTree = "<group>"; };
		3674894915E0F55F004EA119 /* CCDrawingPrimitives.m */ = {isa = PBXFileReference; fileEncoding = 4; lastKnownFileType = sourcecode.c.objc; path = CCDrawingPrimitives.m; sourceTree = "<group>"; };
		3674894A15E0F55F004EA119 /* CCGrabber.h */ = {isa = PBXFileReference; fileEncoding = 4; lastKnownFileType = sourcecode.c.h; path = CCGrabber.h; sourceTree = "<group>"; };
		3674894B15E0F55F004EA119 /* CCGrabber.m */ = {isa = PBXFileReference; fileEncoding = 4; lastKnownFileType = sourcecode.c.objc; path = CCGrabber.m; sourceTree = "<group>"; };
		3674894C15E0F55F004EA119 /* CCGrid.h */ = {isa = PBXFileReference; fileEncoding = 4; lastKnownFileType = sourcecode.c.h; path = CCGrid.h; sourceTree = "<group>"; };
		3674894D15E0F55F004EA119 /* CCGrid.m */ = {isa = PBXFileReference; fileEncoding = 4; lastKnownFileType = sourcecode.c.objc; path = CCGrid.m; sourceTree = "<group>"; };
		3674894E15E0F55F004EA119 /* CCLabelAtlas.h */ = {isa = PBXFileReference; fileEncoding = 4; lastKnownFileType = sourcecode.c.h; path = CCLabelAtlas.h; sourceTree = "<group>"; };
		3674894F15E0F55F004EA119 /* CCLabelAtlas.m */ = {isa = PBXFileReference; fileEncoding = 4; lastKnownFileType = sourcecode.c.objc; path = CCLabelAtlas.m; sourceTree = "<group>"; };
		3674895015E0F55F004EA119 /* CCLabelBMFont.h */ = {isa = PBXFileReference; fileEncoding = 4; lastKnownFileType = sourcecode.c.h; path = CCLabelBMFont.h; sourceTree = "<group>"; };
		3674895115E0F55F004EA119 /* CCLabelBMFont.m */ = {isa = PBXFileReference; fileEncoding = 4; lastKnownFileType = sourcecode.c.objc; path = CCLabelBMFont.m; sourceTree = "<group>"; };
		3674895215E0F55F004EA119 /* CCLabelTTF.h */ = {isa = PBXFileReference; fileEncoding = 4; lastKnownFileType = sourcecode.c.h; path = CCLabelTTF.h; sourceTree = "<group>"; };
		3674895315E0F55F004EA119 /* CCLabelTTF.m */ = {isa = PBXFileReference; fileEncoding = 4; lastKnownFileType = sourcecode.c.objc; path = CCLabelTTF.m; sourceTree = "<group>"; };
		3674895415E0F55F004EA119 /* CCLayer.h */ = {isa = PBXFileReference; fileEncoding = 4; lastKnownFileType = sourcecode.c.h; path = CCLayer.h; sourceTree = "<group>"; };
		3674895515E0F55F004EA119 /* CCLayer.m */ = {isa = PBXFileReference; fileEncoding = 4; lastKnownFileType = sourcecode.c.objc; path = CCLayer.m; sourceTree = "<group>"; };
		3674895615E0F55F004EA119 /* ccMacros.h */ = {isa = PBXFileReference; fileEncoding = 4; lastKnownFileType = sourcecode.c.h; path = ccMacros.h; sourceTree = "<group>"; };
		3674895715E0F55F004EA119 /* CCMenu.h */ = {isa = PBXFileReference; fileEncoding = 4; lastKnownFileType = sourcecode.c.h; path = CCMenu.h; sourceTree = "<group>"; };
		3674895815E0F55F004EA119 /* CCMenu.m */ = {isa = PBXFileReference; fileEncoding = 4; lastKnownFileType = sourcecode.c.objc; path = CCMenu.m; sourceTree = "<group>"; };
		3674895915E0F55F004EA119 /* CCMenuItem.h */ = {isa = PBXFileReference; fileEncoding = 4; lastKnownFileType = sourcecode.c.h; path = CCMenuItem.h; sourceTree = "<group>"; };
		3674895A15E0F55F004EA119 /* CCMenuItem.m */ = {isa = PBXFileReference; fileEncoding = 4; lastKnownFileType = sourcecode.c.objc; path = CCMenuItem.m; sourceTree = "<group>"; };
		3674895B15E0F55F004EA119 /* CCMotionStreak.h */ = {isa = PBXFileReference; fileEncoding = 4; lastKnownFileType = sourcecode.c.h; path = CCMotionStreak.h; sourceTree = "<group>"; };
		3674895C15E0F55F004EA119 /* CCMotionStreak.m */ = {isa = PBXFileReference; fileEncoding = 4; lastKnownFileType = sourcecode.c.objc; path = CCMotionStreak.m; sourceTree = "<group>"; };
		3674895D15E0F55F004EA119 /* CCNode.h */ = {isa = PBXFileReference; fileEncoding = 4; lastKnownFileType = sourcecode.c.h; path = CCNode.h; sourceTree = "<group>"; };
		3674895E15E0F55F004EA119 /* CCNode.m */ = {isa = PBXFileReference; fileEncoding = 4; lastKnownFileType = sourcecode.c.objc; path = CCNode.m; sourceTree = "<group>"; };
		3674895F15E0F55F004EA119 /* CCParallaxNode.h */ = {isa = PBXFileReference; fileEncoding = 4; lastKnownFileType = sourcecode.c.h; path = CCParallaxNode.h; sourceTree = "<group>"; };
		3674896015E0F55F004EA119 /* CCParallaxNode.m */ = {isa = PBXFileReference; fileEncoding = 4; lastKnownFileType = sourcecode.c.objc; path = CCParallaxNode.m; sourceTree = "<group>"; };
		3674896115E0F55F004EA119 /* CCParticleBatchNode.h */ = {isa = PBXFileReference; fileEncoding = 4; lastKnownFileType = sourcecode.c.h; path = CCParticleBatchNode.h; sourceTree = "<group>"; };
		3674896215E0F55F004EA119 /* CCParticleBatchNode.m */ = {isa = PBXFileReference; fileEncoding = 4; lastKnownFileType = sourcecode.c.objc; path = CCParticleBatchNode.m; sourceTree = "<group>"; };
		3674896315E0F55F004EA119 /* CCParticleExamples.h */ = {isa = PBXFileReference; fileEncoding = 4; lastKnownFileType = sourcecode.c.h; path = CCParticleExamples.h; sourceTree = "<group>"; };
		3674896415E0F55F004EA119 /* CCParticleExamples.m */ = {isa = PBXFileReference; fileEncoding = 4; lastKnownFileType = sourcecode.c.objc; path = CCParticleExamples.m; sourceTree = "<group>"; };
		3674896515E0F55F004EA119 /* CCParticleSystem.h */ = {isa = PBXFileReference; fileEncoding = 4; lastKnownFileType = sourcecode.c.h; path = CCParticleSystem.h; sourceTree = "<group>"; };
		3674896615E0F55F004EA119 /* CCParticleSystem.m */ = {isa = PBXFileReference; fileEncoding = 4; lastKnownFileType = sourcecode.c.objc; path = CCParticleSystem.m; sourceTree = "<group>"; };
		3674896715E0F55F004EA119 /* CCParticleSystemPoint.h */ = {isa = PBXFileReference; fileEncoding = 4; lastKnownFileType = sourcecode.c.h; path = CCParticleSystemPoint.h; sourceTree = "<group>"; };
		3674896815E0F55F004EA119 /* CCParticleSystemPoint.m */ = {isa = PBXFileReference; fileEncoding = 4; lastKnownFileType = sourcecode.c.objc; path = CCParticleSystemPoint.m; sourceTree = "<group>"; };
		3674896915E0F55F004EA119 /* CCParticleSystemQuad.h */ = {isa = PBXFileReference; fileEncoding = 4; lastKnownFileType = sourcecode.c.h; path = CCParticleSystemQuad.h; sourceTree = "<group>"; };
		3674896A15E0F55F004EA119 /* CCParticleSystemQuad.m */ = {isa = PBXFileReference; fileEncoding = 4; lastKnownFileType = sourcecode.c.objc; path = CCParticleSystemQuad.m; sourceTree = "<group>"; };
		3674896B15E0F55F004EA119 /* CCProgressTimer.h */ = {isa = PBXFileReference; fileEncoding = 4; lastKnownFileType = sourcecode.c.h; path = CCProgressTimer.h; sourceTree = "<group>"; };
		3674896C15E0F55F004EA119 /* CCProgressTimer.m */ = {isa = PBXFileReference; fileEncoding = 4; lastKnownFileType = sourcecode.c.objc; path = CCProgressTimer.m; sourceTree = "<group>"; };
		3674896D15E0F55F004EA119 /* CCProtocols.h */ = {isa = PBXFileReference; fileEncoding = 4; lastKnownFileType = sourcecode.c.h; path = CCProtocols.h; sourceTree = "<group>"; };
		3674896E15E0F55F004EA119 /* CCRenderTexture.h */ = {isa = PBXFileReference; fileEncoding = 4; lastKnownFileType = sourcecode.c.h; path = CCRenderTexture.h; sourceTree = "<group>"; };
		3674896F15E0F55F004EA119 /* CCRenderTexture.m */ = {isa = PBXFileReference; fileEncoding = 4; lastKnownFileType = sourcecode.c.objc; path = CCRenderTexture.m; sourceTree = "<group>"; };
		3674897015E0F55F004EA119 /* CCRibbon.h */ = {isa = PBXFileReference; fileEncoding = 4; lastKnownFileType = sourcecode.c.h; path = CCRibbon.h; sourceTree = "<group>"; };
		3674897115E0F55F004EA119 /* CCRibbon.m */ = {isa = PBXFileReference; fileEncoding = 4; lastKnownFileType = sourcecode.c.objc; path = CCRibbon.m; sourceTree = "<group>"; };
		3674897215E0F55F004EA119 /* CCScene.h */ = {isa = PBXFileReference; fileEncoding = 4; lastKnownFileType = sourcecode.c.h; path = CCScene.h; sourceTree = "<group>"; };
		3674897315E0F55F004EA119 /* CCScene.m */ = {isa = PBXFileReference; fileEncoding = 4; lastKnownFileType = sourcecode.c.objc; path = CCScene.m; sourceTree = "<group>"; };
		3674897415E0F55F004EA119 /* CCScheduler.h */ = {isa = PBXFileReference; fileEncoding = 4; lastKnownFileType = sourcecode.c.h; path = CCScheduler.h; sourceTree = "<group>"; };
		3674897515E0F55F004EA119 /* CCScheduler.m */ = {isa = PBXFileReference; fileEncoding = 4; lastKnownFileType = sourcecode.c.objc; path = CCScheduler.m; sourceTree = "<group>"; };
		3674897615E0F55F004EA119 /* CCSprite.h */ = {isa = PBXFileReference; fileEncoding = 4; lastKnownFileType = sourcecode.c.h; path = CCSprite.h; sourceTree = "<group>"; };
		3674897715E0F55F004EA119 /* CCSprite.m */ = {isa = PBXFileReference; fileEncoding = 4; lastKnownFileType = sourcecode.c.objc; path = CCSprite.m; sourceTree = "<group>"; };
		3674897815E0F55F004EA119 /* CCSpriteBatchNode.h */ = {isa = PBXFileReference; fileEncoding = 4; lastKnownFileType = sourcecode.c.h; path = CCSpriteBatchNode.h; sourceTree = "<group>"; };
		3674897915E0F55F004EA119 /* CCSpriteBatchNode.m */ = {isa = PBXFileReference; fileEncoding = 4; lastKnownFileType = sourcecode.c.objc; path = CCSpriteBatchNode.m; sourceTree = "<group>"; };
		3674897A15E0F55F004EA119 /* CCSpriteFrame.h */ = {isa = PBXFileReference; fileEncoding = 4; lastKnownFileType = sourcecode.c.h; path = CCSpriteFrame.h; sourceTree = "<group>"; };
		3674897B15E0F55F004EA119 /* CCSpriteFrame.m */ = {isa = PBXFileReference; fileEncoding = 4; lastKnownFileType = sourcecode.c.objc; path = CCSpriteFrame.m; sourceTree = "<group>"; };
		3674897C15E0F55F004EA119 /* CCSpriteFrameCache.h */ = {isa = PBXFileReference; fileEncoding = 4; lastKnownFileType = sourcecode.c.h; path = CCSpriteFrameCache.h; sourceTree = "<group>"; };
		3674897D15E0F55F004EA119 /* CCSpriteFrameCache.m */ = {isa = PBXFileReference; fileEncoding = 4; lastKnownFileType = sourcecode.c.objc; path = CCSpriteFrameCache.m; sourceTree = "<group>"; };
		3674897E15E0F55F004EA119 /* CCTexture2D.h */ = {isa = PBXFileReference; fileEncoding = 4; lastKnownFileType = sourcecode.c.h; path = CCTexture2D.h; sourceTree = "<group>"; };
		3674897F15E0F55F004EA119 /* CCTexture2D.m */ = {isa = PBXFileReference; fileEncoding = 4; lastKnownFileType = sourcecode.c.objc; path = CCTexture2D.m; sourceTree = "<group>"; };
		3674898015E0F55F004EA119 /* CCTextureAtlas.h */ = {isa = PBXFileReference; fileEncoding = 4; lastKnownFileType = sourcecode.c.h; path = CCTextureAtlas.h; sourceTree = "<group>"; };
		3674898115E0F55F004EA119 /* CCTextureAtlas.m */ = {isa = PBXFileReference; fileEncoding = 4; lastKnownFileType = sourcecode.c.objc; path = CCTextureAtlas.m; sourceTree = "<group>"; };
		3674898215E0F55F004EA119 /* CCTextureCache.h */ = {isa = PBXFileReference; fileEncoding = 4; lastKnownFileType = sourcecode.c.h; path = CCTextureCache.h; sourceTree = "<group>"; };
		3674898315E0F55F004EA119 /* CCTextureCache.m */ = {isa = PBXFileReference; fileEncoding = 4; lastKnownFileType = sourcecode.c.objc; path = CCTextureCache.m; sourceTree = "<group>"; };
		3674898415E0F55F004EA119 /* CCTexturePVR.h */ = {isa = PBXFileReference; fileEncoding = 4; lastKnownFileType = sourcecode.c.h; path = CCTexturePVR.h; sourceTree = "<group>"; };
		3674898515E0F55F004EA119 /* CCTexturePVR.m */ = {isa = PBXFileReference; fileEncoding = 4; lastKnownFileType = sourcecode.c.objc; path = CCTexturePVR.m; sourceTree = "<group>"; };
		3674898615E0F55F004EA119 /* CCTileMapAtlas.h */ = {isa = PBXFileReference; fileEncoding = 4; lastKnownFileType = sourcecode.c.h; path = CCTileMapAtlas.h; sourceTree = "<group>"; };
		3674898715E0F55F004EA119 /* CCTileMapAtlas.m */ = {isa = PBXFileReference; fileEncoding = 4; lastKnownFileType = sourcecode.c.objc; path = CCTileMapAtlas.m; sourceTree = "<group>"; };
		3674898815E0F55F004EA119 /* CCTMXLayer.h */ = {isa = PBXFileReference; fileEncoding = 4; lastKnownFileType = sourcecode.c.h; path = CCTMXLayer.h; sourceTree = "<group>"; };
		3674898915E0F55F004EA119 /* CCTMXLayer.m */ = {isa = PBXFileReference; fileEncoding = 4; lastKnownFileType = sourcecode.c.objc; path = CCTMXLayer.m; sourceTree = "<group>"; };
		3674898A15E0F55F004EA119 /* CCTMXObjectGroup.h */ = {isa = PBXFileReference; fileEncoding = 4; lastKnownFileType = sourcecode.c.h; path = CCTMXObjectGroup.h; sourceTree = "<group>"; };
		3674898B15E0F55F004EA119 /* CCTMXObjectGroup.m */ = {isa = PBXFileReference; fileEncoding = 4; lastKnownFileType = sourcecode.c.objc; path = CCTMXObjectGroup.m; sourceTree = "<group>"; };
		3674898C15E0F55F004EA119 /* CCTMXTiledMap.h */ = {isa = PBXFileReference; fileEncoding = 4; lastKnownFileType = sourcecode.c.h; path = CCTMXTiledMap.h; sourceTree = "<group>"; };
		3674898D15E0F55F004EA119 /* CCTMXTiledMap.m */ = {isa = PBXFileReference; fileEncoding = 4; lastKnownFileType = sourcecode.c.objc; path = CCTMXTiledMap.m; sourceTree = "<group>"; };
		3674898E15E0F55F004EA119 /* CCTMXXMLParser.h */ = {isa = PBXFileReference; fileEncoding = 4; lastKnownFileType = sourcecode.c.h; path = CCTMXXMLParser.h; sourceTree = "<group>"; };
		3674898F15E0F55F004EA119 /* CCTMXXMLParser.m */ = {isa = PBXFileReference; fileEncoding = 4; lastKnownFileType = sourcecode.c.objc; path = CCTMXXMLParser.m; sourceTree = "<group>"; };
		3674899015E0F55F004EA119 /* CCTransition.h */ = {isa = PBXFileReference; fileEncoding = 4; lastKnownFileType = sourcecode.c.h; path = CCTransition.h; sourceTree = "<group>"; };
		3674899115E0F55F004EA119 /* CCTransition.m */ = {isa = PBXFileReference; fileEncoding = 4; lastKnownFileType = sourcecode.c.objc; path = CCTransition.m; sourceTree = "<group>"; };
		3674899215E0F55F004EA119 /* CCTransitionPageTurn.h */ = {isa = PBXFileReference; fileEncoding = 4; lastKnownFileType = sourcecode.c.h; path = CCTransitionPageTurn.h; sourceTree = "<group>"; };
		3674899315E0F55F004EA119 /* CCTransitionPageTurn.m */ = {isa = PBXFileReference; fileEncoding = 4; lastKnownFileType = sourcecode.c.objc; path = CCTransitionPageTurn.m; sourceTree = "<group>"; };
		3674899415E0F55F004EA119 /* CCTransitionRadial.h */ = {isa = PBXFileReference; fileEncoding = 4; lastKnownFileType = sourcecode.c.h; path = CCTransitionRadial.h; sourceTree = "<group>"; };
		3674899515E0F55F004EA119 /* CCTransitionRadial.m */ = {isa = PBXFileReference; fileEncoding = 4; lastKnownFileType = sourcecode.c.objc; path = CCTransitionRadial.m; sourceTree = "<group>"; };
		3674899615E0F55F004EA119 /* ccTypes.h */ = {isa = PBXFileReference; fileEncoding = 4; lastKnownFileType = sourcecode.c.h; path = ccTypes.h; sourceTree = "<group>"; };
		3674899715E0F55F004EA119 /* cocos2d.h */ = {isa = PBXFileReference; fileEncoding = 4; lastKnownFileType = sourcecode.c.h; path = cocos2d.h; sourceTree = "<group>"; };
		3674899815E0F55F004EA119 /* cocos2d.m */ = {isa = PBXFileReference; fileEncoding = 4; lastKnownFileType = sourcecode.c.objc; path = cocos2d.m; sourceTree = "<group>"; };
		3674899A15E0F55F004EA119 /* CCGL.h */ = {isa = PBXFileReference; fileEncoding = 4; lastKnownFileType = sourcecode.c.h; path = CCGL.h; sourceTree = "<group>"; };
		3674899B15E0F55F004EA119 /* CCNS.h */ = {isa = PBXFileReference; fileEncoding = 4; lastKnownFileType = sourcecode.c.h; path = CCNS.h; sourceTree = "<group>"; };
		3674899D15E0F55F004EA119 /* CCDirectorIOS.h */ = {isa = PBXFileReference; fileEncoding = 4; lastKnownFileType = sourcecode.c.h; path = CCDirectorIOS.h; sourceTree = "<group>"; };
		3674899E15E0F55F004EA119 /* CCDirectorIOS.m */ = {isa = PBXFileReference; fileEncoding = 4; lastKnownFileType = sourcecode.c.objc; path = CCDirectorIOS.m; sourceTree = "<group>"; };
		3674899F15E0F55F004EA119 /* CCTouchDelegateProtocol.h */ = {isa = PBXFileReference; fileEncoding = 4; lastKnownFileType = sourcecode.c.h; path = CCTouchDelegateProtocol.h; sourceTree = "<group>"; };
		367489A015E0F55F004EA119 /* CCTouchDispatcher.h */ = {isa = PBXFileReference; fileEncoding = 4; lastKnownFileType = sourcecode.c.h; path = CCTouchDispatcher.h; sourceTree = "<group>"; };
		367489A115E0F55F004EA119 /* CCTouchDispatcher.m */ = {isa = PBXFileReference; fileEncoding = 4; lastKnownFileType = sourcecode.c.objc; path = CCTouchDispatcher.m; sourceTree = "<group>"; };
		367489A215E0F55F004EA119 /* CCTouchHandler.h */ = {isa = PBXFileReference; fileEncoding = 4; lastKnownFileType = sourcecode.c.h; path = CCTouchHandler.h; sourceTree = "<group>"; };
		367489A315E0F55F004EA119 /* CCTouchHandler.m */ = {isa = PBXFileReference; fileEncoding = 4; lastKnownFileType = sourcecode.c.objc; path = CCTouchHandler.m; sourceTree = "<group>"; };
		367489A415E0F55F004EA119 /* EAGLView.h */ = {isa = PBXFileReference; fileEncoding = 4; lastKnownFileType = sourcecode.c.h; path = EAGLView.h; sourceTree = "<group>"; };
		367489A515E0F55F004EA119 /* EAGLView.m */ = {isa = PBXFileReference; fileEncoding = 4; lastKnownFileType = sourcecode.c.objc; path = EAGLView.m; sourceTree = "<group>"; };
		367489A615E0F55F004EA119 /* ES1Renderer.h */ = {isa = PBXFileReference; fileEncoding = 4; lastKnownFileType = sourcecode.c.h; path = ES1Renderer.h; sourceTree = "<group>"; };
		367489A715E0F55F004EA119 /* ES1Renderer.m */ = {isa = PBXFileReference; fileEncoding = 4; lastKnownFileType = sourcecode.c.objc; path = ES1Renderer.m; sourceTree = "<group>"; };
		367489A815E0F55F004EA119 /* ESRenderer.h */ = {isa = PBXFileReference; fileEncoding = 4; lastKnownFileType = sourcecode.c.h; path = ESRenderer.h; sourceTree = "<group>"; };
		367489A915E0F55F004EA119 /* glu.c */ = {isa = PBXFileReference; fileEncoding = 4; lastKnownFileType = sourcecode.c.c; path = glu.c; sourceTree = "<group>"; };
		367489AA15E0F55F004EA119 /* glu.h */ = {isa = PBXFileReference; fileEncoding = 4; lastKnownFileType = sourcecode.c.h; path = glu.h; sourceTree = "<group>"; };
		367489AC15E0F55F004EA119 /* CCDirectorMac.h */ = {isa = PBXFileReference; fileEncoding = 4; lastKnownFileType = sourcecode.c.h; path = CCDirectorMac.h; sourceTree = "<group>"; };
		367489AD15E0F55F004EA119 /* CCDirectorMac.m */ = {isa = PBXFileReference; fileEncoding = 4; lastKnownFileType = sourcecode.c.objc; path = CCDirectorMac.m; sourceTree = "<group>"; };
		367489AE15E0F55F004EA119 /* CCEventDispatcher.h */ = {isa = PBXFileReference; fileEncoding = 4; lastKnownFileType = sourcecode.c.h; path = CCEventDispatcher.h; sourceTree = "<group>"; };
		367489AF15E0F55F004EA119 /* CCEventDispatcher.m */ = {isa = PBXFileReference; fileEncoding = 4; lastKnownFileType = sourcecode.c.objc; path = CCEventDispatcher.m; sourceTree = "<group>"; };
		367489B015E0F55F004EA119 /* MacGLView.h */ = {isa = PBXFileReference; fileEncoding = 4; lastKnownFileType = sourcecode.c.h; path = MacGLView.h; sourceTree = "<group>"; };
		367489B115E0F55F004EA119 /* MacGLView.m */ = {isa = PBXFileReference; fileEncoding = 4; lastKnownFileType = sourcecode.c.objc; path = MacGLView.m; sourceTree = "<group>"; };
		367489B215E0F55F004EA119 /* MacWindow.h */ = {isa = PBXFileReference; fileEncoding = 4; lastKnownFileType = sourcecode.c.h; path = MacWindow.h; sourceTree = "<group>"; };
		367489B315E0F55F004EA119 /* MacWindow.m */ = {isa = PBXFileReference; fileEncoding = 4; lastKnownFileType = sourcecode.c.objc; path = MacWindow.m; sourceTree = "<group>"; };
		367489B515E0F55F004EA119 /* base64.c */ = {isa = PBXFileReference; fileEncoding = 4; lastKnownFileType = sourcecode.c.c; path = base64.c; sourceTree = "<group>"; };
		367489B615E0F55F004EA119 /* base64.h */ = {isa = PBXFileReference; fileEncoding = 4; lastKnownFileType = sourcecode.c.h; path = base64.h; sourceTree = "<group>"; };
		367489B715E0F55F004EA119 /* CCArray.h */ = {isa = PBXFileReference; fileEncoding = 4; lastKnownFileType = sourcecode.c.h; path = CCArray.h; sourceTree = "<group>"; };
		367489B815E0F55F004EA119 /* CCArray.m */ = {isa = PBXFileReference; fileEncoding = 4; lastKnownFileType = sourcecode.c.objc; path = CCArray.m; sourceTree = "<group>"; };
		367489B915E0F55F004EA119 /* ccCArray.h */ = {isa = PBXFileReference; fileEncoding = 4; lastKnownFileType = sourcecode.c.h; path = ccCArray.h; sourceTree = "<group>"; };
		367489BA15E0F55F004EA119 /* CCFileUtils.h */ = {isa = PBXFileReference; fileEncoding = 4; lastKnownFileType = sourcecode.c.h; path = CCFileUtils.h; sourceTree = "<group>"; };
		367489BB15E0F55F004EA119 /* CCFileUtils.m */ = {isa = PBXFileReference; fileEncoding = 4; lastKnownFileType = sourcecode.c.objc; path = CCFileUtils.m; sourceTree = "<group>"; };
		367489BC15E0F55F004EA119 /* CCProfiling.h */ = {isa = PBXFileReference; fileEncoding = 4; lastKnownFileType = sourcecode.c.h; path = CCProfiling.h; sourceTree = "<group>"; };
		367489BD15E0F55F004EA119 /* CCProfiling.m */ = {isa = PBXFileReference; fileEncoding = 4; lastKnownFileType = sourcecode.c.objc; path = CCProfiling.m; sourceTree = "<group>"; };
		367489BE15E0F55F004EA119 /* ccUtils.c */ = {isa = PBXFileReference; fileEncoding = 4; lastKnownFileType = sourcecode.c.c; path = ccUtils.c; sourceTree = "<group>"; };
		367489BF15E0F55F004EA119 /* ccUtils.h */ = {isa = PBXFileReference; fileEncoding = 4; lastKnownFileType = sourcecode.c.h; path = ccUtils.h; sourceTree = "<group>"; };
		367489C015E0F55F004EA119 /* CGPointExtension.h */ = {isa = PBXFileReference; fileEncoding = 4; lastKnownFileType = sourcecode.c.h; path = CGPointExtension.h; sourceTree = "<group>"; };
		367489C115E0F55F004EA119 /* CGPointExtension.m */ = {isa = PBXFileReference; fileEncoding = 4; lastKnownFileType = sourcecode.c.objc; path = CGPointExtension.m; sourceTree = "<group>"; };
		367489C215E0F55F004EA119 /* OpenGL_Internal.h */ = {isa = PBXFileReference; fileEncoding = 4; lastKnownFileType = sourcecode.c.h; path = OpenGL_Internal.h; sourceTree = "<group>"; };
		367489C315E0F55F004EA119 /* TGAlib.h */ = {isa = PBXFileReference; fileEncoding = 4; lastKnownFileType = sourcecode.c.h; path = TGAlib.h; sourceTree = "<group>"; };
		367489C415E0F55F004EA119 /* TGAlib.m */ = {isa = PBXFileReference; fileEncoding = 4; lastKnownFileType = sourcecode.c.objc; path = TGAlib.m; sourceTree = "<group>"; };
		367489C515E0F55F004EA119 /* TransformUtils.h */ = {isa = PBXFileReference; fileEncoding = 4; lastKnownFileType = sourcecode.c.h; path = TransformUtils.h; sourceTree = "<group>"; };
		367489C615E0F55F004EA119 /* TransformUtils.m */ = {isa = PBXFileReference; fileEncoding = 4; lastKnownFileType = sourcecode.c.objc; path = TransformUtils.m; sourceTree = "<group>"; };
		367489C715E0F55F004EA119 /* uthash.h */ = {isa = PBXFileReference; fileEncoding = 4; lastKnownFileType = sourcecode.c.h; path = uthash.h; sourceTree = "<group>"; };
		367489C815E0F55F004EA119 /* utlist.h */ = {isa = PBXFileReference; fileEncoding = 4; lastKnownFileType = sourcecode.c.h; path = utlist.h; sourceTree = "<group>"; };
		367489C915E0F55F004EA119 /* ZipUtils.h */ = {isa = PBXFileReference; fileEncoding = 4; lastKnownFileType = sourcecode.c.h; path = ZipUtils.h; sourceTree = "<group>"; };
		367489CA15E0F55F004EA119 /* ZipUtils.m */ = {isa = PBXFileReference; fileEncoding = 4; lastKnownFileType = sourcecode.c.objc; path = ZipUtils.m; sourceTree = "<group>"; };
		367489CC15E0F55F004EA119 /* CDAudioManager.h */ = {isa = PBXFileReference; fileEncoding = 4; lastKnownFileType = sourcecode.c.h; path = CDAudioManager.h; sourceTree = "<group>"; };
		367489CD15E0F55F004EA119 /* CDAudioManager.m */ = {isa = PBXFileReference; fileEncoding = 4; lastKnownFileType = sourcecode.c.objc; path = CDAudioManager.m; sourceTree = "<group>"; };
		367489CE15E0F55F004EA119 /* CDConfig.h */ = {isa = PBXFileReference; fileEncoding = 4; lastKnownFileType = sourcecode.c.h; path = CDConfig.h; sourceTree = "<group>"; };
		367489CF15E0F55F004EA119 /* CDOpenALSupport.h */ = {isa = PBXFileReference; fileEncoding = 4; lastKnownFileType = sourcecode.c.h; path = CDOpenALSupport.h; sourceTree = "<group>"; };
		367489D015E0F55F004EA119 /* CDOpenALSupport.m */ = {isa = PBXFileReference; fileEncoding = 4; lastKnownFileType = sourcecode.c.objc; path = CDOpenALSupport.m; sourceTree = "<group>"; };
		367489D115E0F55F004EA119 /* CocosDenshion.h */ = {isa = PBXFileReference; fileEncoding = 4; lastKnownFileType = sourcecode.c.h; path = CocosDenshion.h; sourceTree = "<group>"; };
		367489D215E0F55F004EA119 /* CocosDenshion.m */ = {isa = PBXFileReference; fileEncoding = 4; lastKnownFileType = sourcecode.c.objc; path = CocosDenshion.m; sourceTree = "<group>"; };
		367489D315E0F55F004EA119 /* SimpleAudioEngine.h */ = {isa = PBXFileReference; fileEncoding = 4; lastKnownFileType = sourcecode.c.h; path = SimpleAudioEngine.h; sourceTree = "<group>"; };
		367489D415E0F55F004EA119 /* SimpleAudioEngine.m */ = {isa = PBXFileReference; fileEncoding = 4; lastKnownFileType = sourcecode.c.objc; path = SimpleAudioEngine.m; sourceTree = "<group>"; };
		367489D615E0F55F004EA119 /* CLScoreServerPost.h */ = {isa = PBXFileReference; fileEncoding = 4; lastKnownFileType = sourcecode.c.h; path = CLScoreServerPost.h; sourceTree = "<group>"; };
		367489D715E0F55F004EA119 /* CLScoreServerPost.m */ = {isa = PBXFileReference; fileEncoding = 4; lastKnownFileType = sourcecode.c.objc; path = CLScoreServerPost.m; sourceTree = "<group>"; };
		367489D815E0F55F004EA119 /* CLScoreServerRequest.h */ = {isa = PBXFileReference; fileEncoding = 4; lastKnownFileType = sourcecode.c.h; path = CLScoreServerRequest.h; sourceTree = "<group>"; };
		367489D915E0F55F004EA119 /* CLScoreServerRequest.m */ = {isa = PBXFileReference; fileEncoding = 4; lastKnownFileType = sourcecode.c.objc; path = CLScoreServerRequest.m; sourceTree = "<group>"; };
		367489DA15E0F55F004EA119 /* cocoslive.h */ = {isa = PBXFileReference; fileEncoding = 4; lastKnownFileType = sourcecode.c.h; path = cocoslive.h; sourceTree = "<group>"; };
		367489DB15E0F55F004EA119 /* cocoslive.m */ = {isa = PBXFileReference; fileEncoding = 4; lastKnownFileType = sourcecode.c.objc; path = cocoslive.m; sourceTree = "<group>"; };
		367489DD15E0F55F004EA119 /* FontLabel.h */ = {isa = PBXFileReference; fileEncoding = 4; lastKnownFileType = sourcecode.c.h; path = FontLabel.h; sourceTree = "<group>"; };
		367489DE15E0F55F004EA119 /* FontLabel.m */ = {isa = PBXFileReference; fileEncoding = 4; lastKnownFileType = sourcecode.c.objc; path = FontLabel.m; sourceTree = "<group>"; };
		367489DF15E0F55F004EA119 /* FontLabelStringDrawing.h */ = {isa = PBXFileReference; fileEncoding = 4; lastKnownFileType = sourcecode.c.h; path = FontLabelStringDrawing.h; sourceTree = "<group>"; };
		367489E015E0F55F004EA119 /* FontLabelStringDrawing.m */ = {isa = PBXFileReference; fileEncoding = 4; lastKnownFileType = sourcecode.c.objc; path = FontLabelStringDrawing.m; sourceTree = "<group>"; };
		367489E115E0F55F004EA119 /* FontManager.h */ = {isa = PBXFileReference; fileEncoding = 4; lastKnownFileType = sourcecode.c.h; path = FontManager.h; sourceTree = "<group>"; };
		367489E215E0F55F004EA119 /* FontManager.m */ = {isa = PBXFileReference; fileEncoding = 4; lastKnownFileType = sourcecode.c.objc; path = FontManager.m; sourceTree = "<group>"; };
		367489E315E0F55F004EA119 /* ZAttributedString.h */ = {isa = PBXFileReference; fileEncoding = 4; lastKnownFileType = sourcecode.c.h; path = ZAttributedString.h; sourceTree = "<group>"; };
		367489E415E0F55F004EA119 /* ZAttributedString.m */ = {isa = PBXFileReference; fileEncoding = 4; lastKnownFileType = sourcecode.c.objc; path = ZAttributedString.m; sourceTree = "<group>"; };
		367489E515E0F55F004EA119 /* ZAttributedStringPrivate.h */ = {isa = PBXFileReference; fileEncoding = 4; lastKnownFileType = sourcecode.c.h; path = ZAttributedStringPrivate.h; sourceTree = "<group>"; };
		367489E615E0F55F004EA119 /* ZFont.h */ = {isa = PBXFileReference; fileEncoding = 4; lastKnownFileType = sourcecode.c.h; path = ZFont.h; sourceTree = "<group>"; };
		367489E715E0F55F004EA119 /* ZFont.m */ = {isa = PBXFileReference; fileEncoding = 4; lastKnownFileType = sourcecode.c.objc; path = ZFont.m; sourceTree = "<group>"; };
		367489E815E0F55F004EA119 /* LICENSE_cocos2d.txt */ = {isa = PBXFileReference; fileEncoding = 4; lastKnownFileType = text; path = LICENSE_cocos2d.txt; sourceTree = "<group>"; };
		367489E915E0F55F004EA119 /* LICENSE_CocosDenshion.txt */ = {isa = PBXFileReference; fileEncoding = 4; lastKnownFileType = text; path = LICENSE_CocosDenshion.txt; sourceTree = "<group>"; };
		367489EA15E0F55F004EA119 /* LICENSE_FontLabel.txt */ = {isa = PBXFileReference; fileEncoding = 4; lastKnownFileType = text; path = LICENSE_FontLabel.txt; sourceTree = "<group>"; };
		367489EB15E0F55F004EA119 /* LICENSE_TouchJSON.txt */ = {isa = PBXFileReference; fileEncoding = 4; lastKnownFileType = text; path = LICENSE_TouchJSON.txt; sourceTree = "<group>"; };
		367489ED15E0F55F004EA119 /* CDataScanner.h */ = {isa = PBXFileReference; fileEncoding = 4; lastKnownFileType = sourcecode.c.h; path = CDataScanner.h; sourceTree = "<group>"; };
		367489EE15E0F55F004EA119 /* CDataScanner.m */ = {isa = PBXFileReference; fileEncoding = 4; lastKnownFileType = sourcecode.c.objc; path = CDataScanner.m; sourceTree = "<group>"; };
		367489F015E0F55F004EA119 /* CDataScanner_Extensions.h */ = {isa = PBXFileReference; fileEncoding = 4; lastKnownFileType = sourcecode.c.h; path = CDataScanner_Extensions.h; sourceTree = "<group>"; };
		367489F115E0F55F004EA119 /* CDataScanner_Extensions.m */ = {isa = PBXFileReference; fileEncoding = 4; lastKnownFileType = sourcecode.c.objc; path = CDataScanner_Extensions.m; sourceTree = "<group>"; };
		367489F215E0F55F004EA119 /* NSDictionary_JSONExtensions.h */ = {isa = PBXFileReference; fileEncoding = 4; lastKnownFileType = sourcecode.c.h; path = NSDictionary_JSONExtensions.h; sourceTree = "<group>"; };
		367489F315E0F55F004EA119 /* NSDictionary_JSONExtensions.m */ = {isa = PBXFileReference; fileEncoding = 4; lastKnownFileType = sourcecode.c.objc; path = NSDictionary_JSONExtensions.m; sourceTree = "<group>"; };
		367489F515E0F55F004EA119 /* CJSONDeserializer.h */ = {isa = PBXFileReference; fileEncoding = 4; lastKnownFileType = sourcecode.c.h; path = CJSONDeserializer.h; sourceTree = "<group>"; };
		367489F615E0F55F004EA119 /* CJSONDeserializer.m */ = {isa = PBXFileReference; fileEncoding = 4; lastKnownFileType = sourcecode.c.objc; path = CJSONDeserializer.m; sourceTree = "<group>"; };
		367489F715E0F55F004EA119 /* CJSONScanner.h */ = {isa = PBXFileReference; fileEncoding = 4; lastKnownFileType = sourcecode.c.h; path = CJSONScanner.h; sourceTree = "<group>"; };
		367489F815E0F55F004EA119 /* CJSONScanner.m */ = {isa = PBXFileReference; fileEncoding = 4; lastKnownFileType = sourcecode.c.objc; path = CJSONScanner.m; sourceTree = "<group>"; };
		367489F915E0F55F004EA119 /* CJSONSerializer.h */ = {isa = PBXFileReference; fileEncoding = 4; lastKnownFileType = sourcecode.c.h; path = CJSONSerializer.h; sourceTree = "<group>"; };
		367489FA15E0F55F004EA119 /* CJSONSerializer.m */ = {isa = PBXFileReference; fileEncoding = 4; lastKnownFileType = sourcecode.c.objc; path = CJSONSerializer.m; sourceTree = "<group>"; };
		367489FB15E0F55F004EA119 /* JSONRepresentation.h */ = {isa = PBXFileReference; fileEncoding = 4; lastKnownFileType = sourcecode.c.h; path = JSONRepresentation.h; sourceTree = "<group>"; };
		367489FD15E0F560004EA119 /* AppDelegate.h */ = {isa = PBXFileReference; fileEncoding = 4; lastKnownFileType = sourcecode.c.h; path = AppDelegate.h; sourceTree = "<group>"; };
		367489FE15E0F560004EA119 /* AppDelegate.m */ = {isa = PBXFileReference; fileEncoding = 4; lastKnownFileType = sourcecode.c.objc; path = AppDelegate.m; sourceTree = "<group>"; };
		367489FF15E0F560004EA119 /* GameConfig.h */ = {isa = PBXFileReference; fileEncoding = 4; lastKnownFileType = sourcecode.c.h; path = GameConfig.h; sourceTree = "<group>"; };
		36748A0015E0F560004EA119 /* main.m */ = {isa = PBXFileReference; fileEncoding = 4; lastKnownFileType = sourcecode.c.objc; path = main.m; sourceTree = "<group>"; };
		36748A0115E0F560004EA119 /* Prefix.pch */ = {isa = PBXFileReference; fileEncoding = 4; lastKnownFileType = sourcecode.c.h; path = Prefix.pch; sourceTree = "<group>"; };
		36748A0215E0F560004EA119 /* RootViewController.h */ = {isa = PBXFileReference; fileEncoding = 4; lastKnownFileType = sourcecode.c.h; path = RootViewController.h; sourceTree = "<group>"; };
		36748A0315E0F560004EA119 /* RootViewController.m */ = {isa = PBXFileReference; fileEncoding = 4; lastKnownFileType = sourcecode.c.objc; path = RootViewController.m; sourceTree = "<group>"; };
		36748A7515E0F5B6004EA119 /* Demo.h */ = {isa = PBXFileReference; fileEncoding = 4; lastKnownFileType = sourcecode.c.h; path = Demo.h; sourceTree = "<group>"; };
		36748A7615E0F6C8004EA119 /* Demo.plist */ = {isa = PBXFileReference; fileEncoding = 4; lastKnownFileType = text.plist.xml; path = Demo.plist; sourceTree = "<group>"; };
		36748A7715E0F6C8004EA119 /* Demo.png */ = {isa = PBXFileReference; lastKnownFileType = image.png; path = Demo.png; sourceTree = "<group>"; };
/* End PBXFileReference section */

/* Begin PBXFrameworksBuildPhase section */
		3674878F15E0EF3D004EA119 /* Frameworks */ = {
			isa = PBXFrameworksBuildPhase;
			buildActionMask = 2147483647;
			files = (
				3674879715E0EF3D004EA119 /* QuartzCore.framework in Frameworks */,
				3674879915E0EF3D004EA119 /* OpenGLES.framework in Frameworks */,
				3674879B15E0EF3D004EA119 /* OpenAL.framework in Frameworks */,
				3674879D15E0EF3D004EA119 /* AudioToolbox.framework in Frameworks */,
				3674879F15E0EF3D004EA119 /* AVFoundation.framework in Frameworks */,
				367487A115E0EF3D004EA119 /* UIKit.framework in Frameworks */,
				367487A315E0EF3D004EA119 /* Foundation.framework in Frameworks */,
				367487A515E0EF3D004EA119 /* CoreGraphics.framework in Frameworks */,
			);
			runOnlyForDeploymentPostprocessing = 0;
		};
/* End PBXFrameworksBuildPhase section */

/* Begin PBXGroup section */
		3674878715E0EF3D004EA119 = {
			isa = PBXGroup;
			children = (
				3674890F15E0F55F004EA119 /* Audio */,
				3674891015E0F55F004EA119 /* Game */,
				3674891315E0F55F004EA119 /* Graphics */,
				3674891415E0F55F004EA119 /* Resources */,
				3674891F15E0F55F004EA119 /* Support */,
				367489FC15E0F55F004EA119 /* System */,
				3674879515E0EF3D004EA119 /* Frameworks */,
				3674879315E0EF3D004EA119 /* Products */,
			);
			sourceTree = "<group>";
		};
		3674879315E0EF3D004EA119 /* Products */ = {
			isa = PBXGroup;
			children = (
				3674879215E0EF3D004EA119 /* ColorRush.app */,
			);
			name = Products;
			sourceTree = "<group>";
		};
		3674879515E0EF3D004EA119 /* Frameworks */ = {
			isa = PBXGroup;
			children = (
				3674879615E0EF3D004EA119 /* QuartzCore.framework */,
				3674879815E0EF3D004EA119 /* OpenGLES.framework */,
				3674879A15E0EF3D004EA119 /* OpenAL.framework */,
				3674879C15E0EF3D004EA119 /* AudioToolbox.framework */,
				3674879E15E0EF3D004EA119 /* AVFoundation.framework */,
				367487A015E0EF3D004EA119 /* UIKit.framework */,
				367487A215E0EF3D004EA119 /* Foundation.framework */,
				367487A415E0EF3D004EA119 /* CoreGraphics.framework */,
			);
			name = Frameworks;
			sourceTree = "<group>";
		};
		3674890F15E0F55F004EA119 /* Audio */ = {
			isa = PBXGroup;
			children = (
			);
			path = Audio;
			sourceTree = "<group>";
		};
		3674891015E0F55F004EA119 /* Game */ = {
			isa = PBXGroup;
			children = (
				36748A7515E0F5B6004EA119 /* Demo.h */,
				3674891215E0F55F004EA119 /* Demo.m */,
			);
			path = Game;
			sourceTree = "<group>";
		};
		3674891315E0F55F004EA119 /* Graphics */ = {
			isa = PBXGroup;
			children = (
				36748A7615E0F6C8004EA119 /* Demo.plist */,
				36748A7715E0F6C8004EA119 /* Demo.png */,
			);
			path = Graphics;
			sourceTree = "<group>";
		};
		3674891415E0F55F004EA119 /* Resources */ = {
			isa = PBXGroup;
			children = (
				3674891515E0F55F004EA119 /* Default.png */,
				3674891615E0F55F004EA119 /* fps_images.png */,
				3674891715E0F55F004EA119 /* Icon-72.png */,
				3674891815E0F55F004EA119 /* Icon-Small-50.png */,
				3674891915E0F55F004EA119 /* Icon-Small.png */,
				3674891A15E0F55F004EA119 /* Icon-Small@2x.png */,
				3674891B15E0F55F004EA119 /* Icon.png */,
				3674891C15E0F55F004EA119 /* Icon@2x.png */,
				3674891D15E0F55F004EA119 /* Info.plist */,
				3674891E15E0F55F004EA119 /* iTunesArtwork */,
			);
			path = Resources;
			sourceTree = "<group>";
		};
		3674891F15E0F55F004EA119 /* Support */ = {
			isa = PBXGroup;
			children = (
				3674892015E0F55F004EA119 /* cocos2d */,
				367489CB15E0F55F004EA119 /* CocosDenshion */,
				367489D515E0F55F004EA119 /* cocoslive */,
				367489DC15E0F55F004EA119 /* FontLabel */,
				367489E815E0F55F004EA119 /* LICENSE_cocos2d.txt */,
				367489E915E0F55F004EA119 /* LICENSE_CocosDenshion.txt */,
				367489EA15E0F55F004EA119 /* LICENSE_FontLabel.txt */,
				367489EB15E0F55F004EA119 /* LICENSE_TouchJSON.txt */,
				367489EC15E0F55F004EA119 /* TouchJSON */,
			);
			path = Support;
			sourceTree = "<group>";
		};
		3674892015E0F55F004EA119 /* cocos2d */ = {
			isa = PBXGroup;
			children = (
				3674892115E0F55F004EA119 /* CCAction.h */,
				3674892215E0F55F004EA119 /* CCAction.m */,
				3674892315E0F55F004EA119 /* CCActionCamera.h */,
				3674892415E0F55F004EA119 /* CCActionCamera.m */,
				3674892515E0F55F004EA119 /* CCActionEase.h */,
				3674892615E0F55F004EA119 /* CCActionEase.m */,
				3674892715E0F55F004EA119 /* CCActionGrid.h */,
				3674892815E0F55F004EA119 /* CCActionGrid.m */,
				3674892915E0F55F004EA119 /* CCActionGrid3D.h */,
				3674892A15E0F55F004EA119 /* CCActionGrid3D.m */,
				3674892B15E0F55F004EA119 /* CCActionInstant.h */,
				3674892C15E0F55F004EA119 /* CCActionInstant.m */,
				3674892D15E0F55F004EA119 /* CCActionInterval.h */,
				3674892E15E0F55F004EA119 /* CCActionInterval.m */,
				3674892F15E0F55F004EA119 /* CCActionManager.h */,
				3674893015E0F55F004EA119 /* CCActionManager.m */,
				3674893115E0F55F004EA119 /* CCActionPageTurn3D.h */,
				3674893215E0F55F004EA119 /* CCActionPageTurn3D.m */,
				3674893315E0F55F004EA119 /* CCActionProgressTimer.h */,
				3674893415E0F55F004EA119 /* CCActionProgressTimer.m */,
				3674893515E0F55F004EA119 /* CCActionTiledGrid.h */,
				3674893615E0F55F004EA119 /* CCActionTiledGrid.m */,
				3674893715E0F55F004EA119 /* CCActionTween.h */,
				3674893815E0F55F004EA119 /* CCActionTween.m */,
				3674893915E0F55F004EA119 /* CCAnimation.h */,
				3674893A15E0F55F004EA119 /* CCAnimation.m */,
				3674893B15E0F55F004EA119 /* CCAnimationCache.h */,
				3674893C15E0F55F004EA119 /* CCAnimationCache.m */,
				3674893D15E0F55F004EA119 /* CCAtlasNode.h */,
				3674893E15E0F55F004EA119 /* CCAtlasNode.m */,
				3674893F15E0F55F004EA119 /* CCBlockSupport.h */,
				3674894015E0F55F004EA119 /* CCBlockSupport.m */,
				3674894115E0F55F004EA119 /* CCCamera.h */,
				3674894215E0F55F004EA119 /* CCCamera.m */,
				3674894315E0F55F004EA119 /* ccConfig.h */,
				3674894415E0F55F004EA119 /* CCConfiguration.h */,
				3674894515E0F55F004EA119 /* CCConfiguration.m */,
				3674894615E0F55F004EA119 /* CCDirector.h */,
				3674894715E0F55F004EA119 /* CCDirector.m */,
				3674894815E0F55F004EA119 /* CCDrawingPrimitives.h */,
				3674894915E0F55F004EA119 /* CCDrawingPrimitives.m */,
				3674894A15E0F55F004EA119 /* CCGrabber.h */,
				3674894B15E0F55F004EA119 /* CCGrabber.m */,
				3674894C15E0F55F004EA119 /* CCGrid.h */,
				3674894D15E0F55F004EA119 /* CCGrid.m */,
				3674894E15E0F55F004EA119 /* CCLabelAtlas.h */,
				3674894F15E0F55F004EA119 /* CCLabelAtlas.m */,
				3674895015E0F55F004EA119 /* CCLabelBMFont.h */,
				3674895115E0F55F004EA119 /* CCLabelBMFont.m */,
				3674895215E0F55F004EA119 /* CCLabelTTF.h */,
				3674895315E0F55F004EA119 /* CCLabelTTF.m */,
				3674895415E0F55F004EA119 /* CCLayer.h */,
				3674895515E0F55F004EA119 /* CCLayer.m */,
				3674895615E0F55F004EA119 /* ccMacros.h */,
				3674895715E0F55F004EA119 /* CCMenu.h */,
				3674895815E0F55F004EA119 /* CCMenu.m */,
				3674895915E0F55F004EA119 /* CCMenuItem.h */,
				3674895A15E0F55F004EA119 /* CCMenuItem.m */,
				3674895B15E0F55F004EA119 /* CCMotionStreak.h */,
				3674895C15E0F55F004EA119 /* CCMotionStreak.m */,
				3674895D15E0F55F004EA119 /* CCNode.h */,
				3674895E15E0F55F004EA119 /* CCNode.m */,
				3674895F15E0F55F004EA119 /* CCParallaxNode.h */,
				3674896015E0F55F004EA119 /* CCParallaxNode.m */,
				3674896115E0F55F004EA119 /* CCParticleBatchNode.h */,
				3674896215E0F55F004EA119 /* CCParticleBatchNode.m */,
				3674896315E0F55F004EA119 /* CCParticleExamples.h */,
				3674896415E0F55F004EA119 /* CCParticleExamples.m */,
				3674896515E0F55F004EA119 /* CCParticleSystem.h */,
				3674896615E0F55F004EA119 /* CCParticleSystem.m */,
				3674896715E0F55F004EA119 /* CCParticleSystemPoint.h */,
				3674896815E0F55F004EA119 /* CCParticleSystemPoint.m */,
				3674896915E0F55F004EA119 /* CCParticleSystemQuad.h */,
				3674896A15E0F55F004EA119 /* CCParticleSystemQuad.m */,
				3674896B15E0F55F004EA119 /* CCProgressTimer.h */,
				3674896C15E0F55F004EA119 /* CCProgressTimer.m */,
				3674896D15E0F55F004EA119 /* CCProtocols.h */,
				3674896E15E0F55F004EA119 /* CCRenderTexture.h */,
				3674896F15E0F55F004EA119 /* CCRenderTexture.m */,
				3674897015E0F55F004EA119 /* CCRibbon.h */,
				3674897115E0F55F004EA119 /* CCRibbon.m */,
				3674897215E0F55F004EA119 /* CCScene.h */,
				3674897315E0F55F004EA119 /* CCScene.m */,
				3674897415E0F55F004EA119 /* CCScheduler.h */,
				3674897515E0F55F004EA119 /* CCScheduler.m */,
				3674897615E0F55F004EA119 /* CCSprite.h */,
				3674897715E0F55F004EA119 /* CCSprite.m */,
				3674897815E0F55F004EA119 /* CCSpriteBatchNode.h */,
				3674897915E0F55F004EA119 /* CCSpriteBatchNode.m */,
				3674897A15E0F55F004EA119 /* CCSpriteFrame.h */,
				3674897B15E0F55F004EA119 /* CCSpriteFrame.m */,
				3674897C15E0F55F004EA119 /* CCSpriteFrameCache.h */,
				3674897D15E0F55F004EA119 /* CCSpriteFrameCache.m */,
				3674897E15E0F55F004EA119 /* CCTexture2D.h */,
				3674897F15E0F55F004EA119 /* CCTexture2D.m */,
				3674898015E0F55F004EA119 /* CCTextureAtlas.h */,
				3674898115E0F55F004EA119 /* CCTextureAtlas.m */,
				3674898215E0F55F004EA119 /* CCTextureCache.h */,
				3674898315E0F55F004EA119 /* CCTextureCache.m */,
				3674898415E0F55F004EA119 /* CCTexturePVR.h */,
				3674898515E0F55F004EA119 /* CCTexturePVR.m */,
				3674898615E0F55F004EA119 /* CCTileMapAtlas.h */,
				3674898715E0F55F004EA119 /* CCTileMapAtlas.m */,
				3674898815E0F55F004EA119 /* CCTMXLayer.h */,
				3674898915E0F55F004EA119 /* CCTMXLayer.m */,
				3674898A15E0F55F004EA119 /* CCTMXObjectGroup.h */,
				3674898B15E0F55F004EA119 /* CCTMXObjectGroup.m */,
				3674898C15E0F55F004EA119 /* CCTMXTiledMap.h */,
				3674898D15E0F55F004EA119 /* CCTMXTiledMap.m */,
				3674898E15E0F55F004EA119 /* CCTMXXMLParser.h */,
				3674898F15E0F55F004EA119 /* CCTMXXMLParser.m */,
				3674899015E0F55F004EA119 /* CCTransition.h */,
				3674899115E0F55F004EA119 /* CCTransition.m */,
				3674899215E0F55F004EA119 /* CCTransitionPageTurn.h */,
				3674899315E0F55F004EA119 /* CCTransitionPageTurn.m */,
				3674899415E0F55F004EA119 /* CCTransitionRadial.h */,
				3674899515E0F55F004EA119 /* CCTransitionRadial.m */,
				3674899615E0F55F004EA119 /* ccTypes.h */,
				3674899715E0F55F004EA119 /* cocos2d.h */,
				3674899815E0F55F004EA119 /* cocos2d.m */,
				3674899915E0F55F004EA119 /* Platforms */,
				367489B415E0F55F004EA119 /* Support */,
			);
			path = cocos2d;
			sourceTree = "<group>";
		};
		3674899915E0F55F004EA119 /* Platforms */ = {
			isa = PBXGroup;
			children = (
				3674899A15E0F55F004EA119 /* CCGL.h */,
				3674899B15E0F55F004EA119 /* CCNS.h */,
				3674899C15E0F55F004EA119 /* iOS */,
				367489AB15E0F55F004EA119 /* Mac */,
			);
			path = Platforms;
			sourceTree = "<group>";
		};
		3674899C15E0F55F004EA119 /* iOS */ = {
			isa = PBXGroup;
			children = (
				3674899D15E0F55F004EA119 /* CCDirectorIOS.h */,
				3674899E15E0F55F004EA119 /* CCDirectorIOS.m */,
				3674899F15E0F55F004EA119 /* CCTouchDelegateProtocol.h */,
				367489A015E0F55F004EA119 /* CCTouchDispatcher.h */,
				367489A115E0F55F004EA119 /* CCTouchDispatcher.m */,
				367489A215E0F55F004EA119 /* CCTouchHandler.h */,
				367489A315E0F55F004EA119 /* CCTouchHandler.m */,
				367489A415E0F55F004EA119 /* EAGLView.h */,
				367489A515E0F55F004EA119 /* EAGLView.m */,
				367489A615E0F55F004EA119 /* ES1Renderer.h */,
				367489A715E0F55F004EA119 /* ES1Renderer.m */,
				367489A815E0F55F004EA119 /* ESRenderer.h */,
				367489A915E0F55F004EA119 /* glu.c */,
				367489AA15E0F55F004EA119 /* glu.h */,
			);
			path = iOS;
			sourceTree = "<group>";
		};
		367489AB15E0F55F004EA119 /* Mac */ = {
			isa = PBXGroup;
			children = (
				367489AC15E0F55F004EA119 /* CCDirectorMac.h */,
				367489AD15E0F55F004EA119 /* CCDirectorMac.m */,
				367489AE15E0F55F004EA119 /* CCEventDispatcher.h */,
				367489AF15E0F55F004EA119 /* CCEventDispatcher.m */,
				367489B015E0F55F004EA119 /* MacGLView.h */,
				367489B115E0F55F004EA119 /* MacGLView.m */,
				367489B215E0F55F004EA119 /* MacWindow.h */,
				367489B315E0F55F004EA119 /* MacWindow.m */,
			);
			path = Mac;
			sourceTree = "<group>";
		};
		367489B415E0F55F004EA119 /* Support */ = {
			isa = PBXGroup;
			children = (
				367489B515E0F55F004EA119 /* base64.c */,
				367489B615E0F55F004EA119 /* base64.h */,
				367489B715E0F55F004EA119 /* CCArray.h */,
				367489B815E0F55F004EA119 /* CCArray.m */,
				367489B915E0F55F004EA119 /* ccCArray.h */,
				367489BA15E0F55F004EA119 /* CCFileUtils.h */,
				367489BB15E0F55F004EA119 /* CCFileUtils.m */,
				367489BC15E0F55F004EA119 /* CCProfiling.h */,
				367489BD15E0F55F004EA119 /* CCProfiling.m */,
				367489BE15E0F55F004EA119 /* ccUtils.c */,
				367489BF15E0F55F004EA119 /* ccUtils.h */,
				367489C015E0F55F004EA119 /* CGPointExtension.h */,
				367489C115E0F55F004EA119 /* CGPointExtension.m */,
				367489C215E0F55F004EA119 /* OpenGL_Internal.h */,
				367489C315E0F55F004EA119 /* TGAlib.h */,
				367489C415E0F55F004EA119 /* TGAlib.m */,
				367489C515E0F55F004EA119 /* TransformUtils.h */,
				367489C615E0F55F004EA119 /* TransformUtils.m */,
				367489C715E0F55F004EA119 /* uthash.h */,
				367489C815E0F55F004EA119 /* utlist.h */,
				367489C915E0F55F004EA119 /* ZipUtils.h */,
				367489CA15E0F55F004EA119 /* ZipUtils.m */,
			);
			path = Support;
			sourceTree = "<group>";
		};
		367489CB15E0F55F004EA119 /* CocosDenshion */ = {
			isa = PBXGroup;
			children = (
				367489CC15E0F55F004EA119 /* CDAudioManager.h */,
				367489CD15E0F55F004EA119 /* CDAudioManager.m */,
				367489CE15E0F55F004EA119 /* CDConfig.h */,
				367489CF15E0F55F004EA119 /* CDOpenALSupport.h */,
				367489D015E0F55F004EA119 /* CDOpenALSupport.m */,
				367489D115E0F55F004EA119 /* CocosDenshion.h */,
				367489D215E0F55F004EA119 /* CocosDenshion.m */,
				367489D315E0F55F004EA119 /* SimpleAudioEngine.h */,
				367489D415E0F55F004EA119 /* SimpleAudioEngine.m */,
			);
			path = CocosDenshion;
			sourceTree = "<group>";
		};
		367489D515E0F55F004EA119 /* cocoslive */ = {
			isa = PBXGroup;
			children = (
				367489D615E0F55F004EA119 /* CLScoreServerPost.h */,
				367489D715E0F55F004EA119 /* CLScoreServerPost.m */,
				367489D815E0F55F004EA119 /* CLScoreServerRequest.h */,
				367489D915E0F55F004EA119 /* CLScoreServerRequest.m */,
				367489DA15E0F55F004EA119 /* cocoslive.h */,
				367489DB15E0F55F004EA119 /* cocoslive.m */,
			);
			path = cocoslive;
			sourceTree = "<group>";
		};
		367489DC15E0F55F004EA119 /* FontLabel */ = {
			isa = PBXGroup;
			children = (
				367489DD15E0F55F004EA119 /* FontLabel.h */,
				367489DE15E0F55F004EA119 /* FontLabel.m */,
				367489DF15E0F55F004EA119 /* FontLabelStringDrawing.h */,
				367489E015E0F55F004EA119 /* FontLabelStringDrawing.m */,
				367489E115E0F55F004EA119 /* FontManager.h */,
				367489E215E0F55F004EA119 /* FontManager.m */,
				367489E315E0F55F004EA119 /* ZAttributedString.h */,
				367489E415E0F55F004EA119 /* ZAttributedString.m */,
				367489E515E0F55F004EA119 /* ZAttributedStringPrivate.h */,
				367489E615E0F55F004EA119 /* ZFont.h */,
				367489E715E0F55F004EA119 /* ZFont.m */,
			);
			path = FontLabel;
			sourceTree = "<group>";
		};
		367489EC15E0F55F004EA119 /* TouchJSON */ = {
			isa = PBXGroup;
			children = (
				367489ED15E0F55F004EA119 /* CDataScanner.h */,
				367489EE15E0F55F004EA119 /* CDataScanner.m */,
				367489EF15E0F55F004EA119 /* Extensions */,
				367489F415E0F55F004EA119 /* JSON */,
			);
			path = TouchJSON;
			sourceTree = "<group>";
		};
		367489EF15E0F55F004EA119 /* Extensions */ = {
			isa = PBXGroup;
			children = (
				367489F015E0F55F004EA119 /* CDataScanner_Extensions.h */,
				367489F115E0F55F004EA119 /* CDataScanner_Extensions.m */,
				367489F215E0F55F004EA119 /* NSDictionary_JSONExtensions.h */,
				367489F315E0F55F004EA119 /* NSDictionary_JSONExtensions.m */,
			);
			path = Extensions;
			sourceTree = "<group>";
		};
		367489F415E0F55F004EA119 /* JSON */ = {
			isa = PBXGroup;
			children = (
				367489F515E0F55F004EA119 /* CJSONDeserializer.h */,
				367489F615E0F55F004EA119 /* CJSONDeserializer.m */,
				367489F715E0F55F004EA119 /* CJSONScanner.h */,
				367489F815E0F55F004EA119 /* CJSONScanner.m */,
				367489F915E0F55F004EA119 /* CJSONSerializer.h */,
				367489FA15E0F55F004EA119 /* CJSONSerializer.m */,
				367489FB15E0F55F004EA119 /* JSONRepresentation.h */,
			);
			path = JSON;
			sourceTree = "<group>";
		};
		367489FC15E0F55F004EA119 /* System */ = {
			isa = PBXGroup;
			children = (
				367489FD15E0F560004EA119 /* AppDelegate.h */,
				367489FE15E0F560004EA119 /* AppDelegate.m */,
				367489FF15E0F560004EA119 /* GameConfig.h */,
				36748A0015E0F560004EA119 /* main.m */,
				36748A0115E0F560004EA119 /* Prefix.pch */,
				36748A0215E0F560004EA119 /* RootViewController.h */,
				36748A0315E0F560004EA119 /* RootViewController.m */,
			);
			path = System;
			sourceTree = "<group>";
		};
/* End PBXGroup section */

/* Begin PBXNativeTarget section */
		3674879115E0EF3D004EA119 /* ColorRush */ = {
			isa = PBXNativeTarget;
			buildConfigurationList = 3674890715E0EF3F004EA119 /* Build configuration list for PBXNativeTarget "ColorRush" */;
			buildPhases = (
				3674878E15E0EF3D004EA119 /* Sources */,
				3674878F15E0EF3D004EA119 /* Frameworks */,
				3674879015E0EF3D004EA119 /* Resources */,
			);
			buildRules = (
			);
			dependencies = (
			);
			name = ColorRush;
			productName = ColorRush;
			productReference = 3674879215E0EF3D004EA119 /* ColorRush.app */;
			productType = "com.apple.product-type.application";
		};
/* End PBXNativeTarget section */

/* Begin PBXProject section */
		3674878915E0EF3D004EA119 /* Project object */ = {
			isa = PBXProject;
			attributes = {
				LastUpgradeCheck = 0440;
			};
			buildConfigurationList = 3674878C15E0EF3D004EA119 /* Build configuration list for PBXProject "ColorRush" */;
			compatibilityVersion = "Xcode 3.2";
			developmentRegion = English;
			hasScannedForEncodings = 0;
			knownRegions = (
				en,
			);
			mainGroup = 3674878715E0EF3D004EA119;
			productRefGroup = 3674879315E0EF3D004EA119 /* Products */;
			projectDirPath = "";
			projectRoot = "";
			targets = (
				3674879115E0EF3D004EA119 /* ColorRush */,
			);
		};
/* End PBXProject section */

/* Begin PBXResourcesBuildPhase section */
		3674879015E0EF3D004EA119 /* Resources */ = {
			isa = PBXResourcesBuildPhase;
			buildActionMask = 2147483647;
			files = (
				36748A0515E0F560004EA119 /* Default.png in Resources */,
				36748A0615E0F560004EA119 /* fps_images.png in Resources */,
				36748A0715E0F560004EA119 /* Icon-72.png in Resources */,
				36748A0815E0F560004EA119 /* Icon-Small-50.png in Resources */,
				36748A0915E0F560004EA119 /* Icon-Small.png in Resources */,
				36748A0A15E0F560004EA119 /* Icon-Small@2x.png in Resources */,
				36748A0B15E0F560004EA119 /* Icon.png in Resources */,
				36748A0C15E0F560004EA119 /* Icon@2x.png in Resources */,
				36748A0E15E0F560004EA119 /* iTunesArtwork in Resources */,
				36748A7815E0F6C8004EA119 /* Demo.plist in Resources */,
				36748A7915E0F6C8004EA119 /* Demo.png in Resources */,
			);
			runOnlyForDeploymentPostprocessing = 0;
		};
/* End PBXResourcesBuildPhase section */

/* Begin PBXSourcesBuildPhase section */
		3674878E15E0EF3D004EA119 /* Sources */ = {
			isa = PBXSourcesBuildPhase;
			buildActionMask = 2147483647;
			files = (
				36748A0F15E0F560004EA119 /* CCAction.m in Sources */,
				36748A1015E0F560004EA119 /* CCActionCamera.m in Sources */,
				36748A1115E0F560004EA119 /* CCActionEase.m in Sources */,
				36748A1215E0F560004EA119 /* CCActionGrid.m in Sources */,
				36748A1315E0F560004EA119 /* CCActionGrid3D.m in Sources */,
				36748A1415E0F560004EA119 /* CCActionInstant.m in Sources */,
				36748A1515E0F560004EA119 /* CCActionInterval.m in Sources */,
				36748A1615E0F560004EA119 /* CCActionManager.m in Sources */,
				36748A1715E0F560004EA119 /* CCActionPageTurn3D.m in Sources */,
				36748A1815E0F560004EA119 /* CCActionProgressTimer.m in Sources */,
				36748A1915E0F560004EA119 /* CCActionTiledGrid.m in Sources */,
				36748A1A15E0F560004EA119 /* CCActionTween.m in Sources */,
				36748A1B15E0F560004EA119 /* CCAnimation.m in Sources */,
				36748A1C15E0F560004EA119 /* CCAnimationCache.m in Sources */,
				36748A1D15E0F560004EA119 /* CCAtlasNode.m in Sources */,
				36748A1E15E0F560004EA119 /* CCBlockSupport.m in Sources */,
				36748A1F15E0F560004EA119 /* CCCamera.m in Sources */,
				36748A2015E0F560004EA119 /* CCConfiguration.m in Sources */,
				36748A2115E0F560004EA119 /* CCDirector.m in Sources */,
				36748A2215E0F560004EA119 /* CCDrawingPrimitives.m in Sources */,
				36748A2315E0F560004EA119 /* CCGrabber.m in Sources */,
				36748A2415E0F560004EA119 /* CCGrid.m in Sources */,
				36748A2515E0F560004EA119 /* CCLabelAtlas.m in Sources */,
				36748A2615E0F560004EA119 /* CCLabelBMFont.m in Sources */,
				36748A2715E0F560004EA119 /* CCLabelTTF.m in Sources */,
				36748A2815E0F560004EA119 /* CCLayer.m in Sources */,
				36748A2915E0F560004EA119 /* CCMenu.m in Sources */,
				36748A2A15E0F560004EA119 /* CCMenuItem.m in Sources */,
				36748A2B15E0F560004EA119 /* CCMotionStreak.m in Sources */,
				36748A2C15E0F560004EA119 /* CCNode.m in Sources */,
				36748A2D15E0F560004EA119 /* CCParallaxNode.m in Sources */,
				36748A2E15E0F560004EA119 /* CCParticleBatchNode.m in Sources */,
				36748A2F15E0F560004EA119 /* CCParticleExamples.m in Sources */,
				36748A3015E0F560004EA119 /* CCParticleSystem.m in Sources */,
				36748A3115E0F560004EA119 /* CCParticleSystemPoint.m in Sources */,
				36748A3215E0F560004EA119 /* CCParticleSystemQuad.m in Sources */,
				36748A3315E0F560004EA119 /* CCProgressTimer.m in Sources */,
				36748A3415E0F560004EA119 /* CCRenderTexture.m in Sources */,
				36748A3515E0F560004EA119 /* CCRibbon.m in Sources */,
				36748A3615E0F560004EA119 /* CCScene.m in Sources */,
				36748A3715E0F560004EA119 /* CCScheduler.m in Sources */,
				36748A3815E0F560004EA119 /* CCSprite.m in Sources */,
				36748A3915E0F560004EA119 /* CCSpriteBatchNode.m in Sources */,
				36748A3A15E0F560004EA119 /* CCSpriteFrame.m in Sources */,
				36748A3B15E0F560004EA119 /* CCSpriteFrameCache.m in Sources */,
				36748A3C15E0F560004EA119 /* CCTexture2D.m in Sources */,
				36748A3D15E0F560004EA119 /* CCTextureAtlas.m in Sources */,
				36748A3E15E0F560004EA119 /* CCTextureCache.m in Sources */,
				36748A3F15E0F560004EA119 /* CCTexturePVR.m in Sources */,
				36748A4015E0F560004EA119 /* CCTileMapAtlas.m in Sources */,
				36748A4115E0F560004EA119 /* CCTMXLayer.m in Sources */,
				36748A4215E0F560004EA119 /* CCTMXObjectGroup.m in Sources */,
				36748A4315E0F560004EA119 /* CCTMXTiledMap.m in Sources */,
				36748A4415E0F560004EA119 /* CCTMXXMLParser.m in Sources */,
				36748A4515E0F560004EA119 /* CCTransition.m in Sources */,
				36748A4615E0F560004EA119 /* CCTransitionPageTurn.m in Sources */,
				36748A4715E0F560004EA119 /* CCTransitionRadial.m in Sources */,
				36748A4815E0F560004EA119 /* cocos2d.m in Sources */,
				36748A4915E0F560004EA119 /* CCDirectorIOS.m in Sources */,
				36748A4A15E0F560004EA119 /* CCTouchDispatcher.m in Sources */,
				36748A4B15E0F560004EA119 /* CCTouchHandler.m in Sources */,
				36748A4C15E0F560004EA119 /* EAGLView.m in Sources */,
				36748A4D15E0F560004EA119 /* ES1Renderer.m in Sources */,
				36748A4E15E0F560004EA119 /* glu.c in Sources */,
				36748A4F15E0F560004EA119 /* CCDirectorMac.m in Sources */,
				36748A5015E0F560004EA119 /* CCEventDispatcher.m in Sources */,
				36748A5115E0F560004EA119 /* MacGLView.m in Sources */,
				36748A5215E0F560004EA119 /* MacWindow.m in Sources */,
				36748A5315E0F560004EA119 /* base64.c in Sources */,
				36748A5415E0F560004EA119 /* CCArray.m in Sources */,
				36748A5515E0F560004EA119 /* CCFileUtils.m in Sources */,
				36748A5615E0F560004EA119 /* CCProfiling.m in Sources */,
				36748A5715E0F560004EA119 /* ccUtils.c in Sources */,
				36748A5815E0F560004EA119 /* CGPointExtension.m in Sources */,
				36748A5915E0F560004EA119 /* TGAlib.m in Sources */,
				36748A5A15E0F560004EA119 /* TransformUtils.m in Sources */,
				36748A5B15E0F560004EA119 /* ZipUtils.m in Sources */,
				36748A5C15E0F560004EA119 /* CDAudioManager.m in Sources */,
				36748A5D15E0F560004EA119 /* CDOpenALSupport.m in Sources */,
				36748A5E15E0F560004EA119 /* CocosDenshion.m in Sources */,
				36748A5F15E0F560004EA119 /* SimpleAudioEngine.m in Sources */,
				36748A6015E0F560004EA119 /* CLScoreServerPost.m in Sources */,
				36748A6115E0F560004EA119 /* CLScoreServerRequest.m in Sources */,
				36748A6215E0F560004EA119 /* cocoslive.m in Sources */,
				36748A6315E0F560004EA119 /* FontLabel.m in Sources */,
				36748A6415E0F560004EA119 /* FontLabelStringDrawing.m in Sources */,
				36748A6515E0F560004EA119 /* FontManager.m in Sources */,
				36748A6615E0F560004EA119 /* ZAttributedString.m in Sources */,
				36748A6715E0F560004EA119 /* ZFont.m in Sources */,
				36748A6C15E0F560004EA119 /* CDataScanner.m in Sources */,
				36748A6D15E0F560004EA119 /* CDataScanner_Extensions.m in Sources */,
				36748A6E15E0F560004EA119 /* NSDictionary_JSONExtensions.m in Sources */,
				36748A6F15E0F560004EA119 /* CJSONDeserializer.m in Sources */,
				36748A7015E0F560004EA119 /* CJSONScanner.m in Sources */,
				36748A7115E0F560004EA119 /* CJSONSerializer.m in Sources */,
				36748A7215E0F560004EA119 /* AppDelegate.m in Sources */,
				36748A7315E0F560004EA119 /* main.m in Sources */,
				36748A7415E0F560004EA119 /* RootViewController.m in Sources */,
				36748A0415E0F560004EA119 /* Demo.m in Sources */,
			);
			runOnlyForDeploymentPostprocessing = 0;
		};
/* End PBXSourcesBuildPhase section */

/* Begin XCBuildConfiguration section */
		3674890515E0EF3F004EA119 /* Debug */ = {
			isa = XCBuildConfiguration;
			buildSettings = {
				ARCHS = "$(ARCHS_STANDARD_32_BIT)";
				"CODE_SIGN_IDENTITY[sdk=iphoneos*]" = "iPhone Developer";
				GCC_C_LANGUAGE_STANDARD = gnu99;
				GCC_OPTIMIZATION_LEVEL = 0;
				GCC_PREPROCESSOR_DEFINITIONS = (
					DEBUG,
					"COCOS2D_DEBUG=1",
				);
				GCC_SYMBOLS_PRIVATE_EXTERN = NO;
				GCC_VERSION = com.apple.compilers.llvmgcc42;
				GCC_WARN_ABOUT_RETURN_TYPE = YES;
				GCC_WARN_UNUSED_VARIABLE = YES;
				IPHONEOS_DEPLOYMENT_TARGET = 5.1;
				SDKROOT = iphoneos;
			};
			name = Debug;
		};
		3674890615E0EF3F004EA119 /* Release */ = {
			isa = XCBuildConfiguration;
			buildSettings = {
				ARCHS = "$(ARCHS_STANDARD_32_BIT)";
				"CODE_SIGN_IDENTITY[sdk=iphoneos*]" = "iPhone Developer";
				GCC_C_LANGUAGE_STANDARD = gnu99;
				GCC_PREPROCESSOR_DEFINITIONS = NDEBUG;
				GCC_VERSION = com.apple.compilers.llvmgcc42;
				GCC_WARN_ABOUT_RETURN_TYPE = YES;
				GCC_WARN_UNUSED_VARIABLE = YES;
				IPHONEOS_DEPLOYMENT_TARGET = 5.1;
				OTHER_CFLAGS = "-DNS_BLOCK_ASSERTIONS=1";
				SDKROOT = iphoneos;
			};
			name = Release;
		};
		3674890815E0EF3F004EA119 /* Debug */ = {
			isa = XCBuildConfiguration;
			buildSettings = {
				ALWAYS_SEARCH_USER_PATHS = NO;
				ARCHS = (
					armv6,
					"$(ARCHS_STANDARD_32_BIT)",
				);
				CLANG_ENABLE_OBJC_ARC = YES;
				COPY_PHASE_STRIP = NO;
				GCC_DYNAMIC_NO_PIC = NO;
				GCC_PRECOMPILE_PREFIX_HEADER = YES;
				GCC_PREFIX_HEADER = System/Prefix.pch;
				"GCC_THUMB_SUPPORT[arch=armv6]" = "";
				GCC_VERSION = com.apple.compilers.llvm.clang.1_0;
				INFOPLIST_FILE = Resources/Info.plist;
				IPHONEOS_DEPLOYMENT_TARGET = 5.1;
				OTHER_LDFLAGS = "-lz";
				PRODUCT_NAME = "$(TARGET_NAME)";
				TARGETED_DEVICE_FAMILY = "1,2";
				WRAPPER_EXTENSION = app;
			};
			name = Debug;
		};
		3674890915E0EF3F004EA119 /* Release */ = {
			isa = XCBuildConfiguration;
			buildSettings = {
				ALWAYS_SEARCH_USER_PATHS = NO;
				ARCHS = (
					armv6,
					"$(ARCHS_STANDARD_32_BIT)",
				);
				CLANG_ENABLE_OBJC_ARC = YES;
				COPY_PHASE_STRIP = YES;
				GCC_PRECOMPILE_PREFIX_HEADER = YES;
				GCC_PREFIX_HEADER = System/Prefix.pch;
				"GCC_THUMB_SUPPORT[arch=armv6]" = "";
				GCC_VERSION = com.apple.compilers.llvm.clang.1_0;
				INFOPLIST_FILE = Resources/Info.plist;
				IPHONEOS_DEPLOYMENT_TARGET = 5.1;
				OTHER_LDFLAGS = "-lz";
				PRODUCT_NAME = "$(TARGET_NAME)";
				TARGETED_DEVICE_FAMILY = "1,2";
				VALIDATE_PRODUCT = YES;
				WRAPPER_EXTENSION = app;
			};
			name = Release;
		};
/* End XCBuildConfiguration section */

/* Begin XCConfigurationList section */
		3674878C15E0EF3D004EA119 /* Build configuration list for PBXProject "ColorRush" */ = {
			isa = XCConfigurationList;
			buildConfigurations = (
				3674890515E0EF3F004EA119 /* Debug */,
				3674890615E0EF3F004EA119 /* Release */,
			);
			defaultConfigurationIsVisible = 0;
			defaultConfigurationName = Release;
		};
		3674890715E0EF3F004EA119 /* Build configuration list for PBXNativeTarget "ColorRush" */ = {
			isa = XCConfigurationList;
			buildConfigurations = (
				3674890815E0EF3F004EA119 /* Debug */,
				3674890915E0EF3F004EA119 /* Release */,
			);
			defaultConfigurationIsVisible = 0;
			defaultConfigurationName = Release;
		};
/* End XCConfigurationList section */
	};
	rootObject = 3674878915E0EF3D004EA119 /* Project object */;
}
